// !$*UTF8*$!
{
	archiveVersion = 1;
	classes = {
	};
	objectVersion = 50;
	objects = {

/* Begin PBXBuildFile section */
		3207A24425867586006C2665 /* backendClient.swift in Sources */ = {isa = PBXBuildFile; fileRef = 32F3742C25733D8000ADB7E6 /* backendClient.swift */; };
		320BEAA8258D40CE000CC1E2 /* IssueCreationUI.swift in Sources */ = {isa = PBXBuildFile; fileRef = 320BEAA7258D40CE000CC1E2 /* IssueCreationUI.swift */; };
		32291D3A25F565B300881B5F /* MessageEndpoint.swift in Sources */ = {isa = PBXBuildFile; fileRef = 32291D3925F565B300881B5F /* MessageEndpoint.swift */; };
		322AF50D26001C5700453BDD /* Main.storyboard in Resources */ = {isa = PBXBuildFile; fileRef = 322AF50C26001C5700453BDD /* Main.storyboard */; };
		3261381125FD576800DCAA51 /* Assets.xcassets in Resources */ = {isa = PBXBuildFile; fileRef = 3261381025FD576800DCAA51 /* Assets.xcassets */; };
		3261381425FD576800DCAA51 /* Preview Assets.xcassets in Resources */ = {isa = PBXBuildFile; fileRef = 3261381325FD576800DCAA51 /* Preview Assets.xcassets */; };
		3261384925FD57A200DCAA51 /* MyIssues.swift in Sources */ = {isa = PBXBuildFile; fileRef = 3261383525FD57A100DCAA51 /* MyIssues.swift */; };
		3261384B25FD57A200DCAA51 /* ProfileView.swift in Sources */ = {isa = PBXBuildFile; fileRef = 3261383725FD57A100DCAA51 /* ProfileView.swift */; };
		3261384D25FD57A200DCAA51 /* Structures.swift in Sources */ = {isa = PBXBuildFile; fileRef = 3261383A25FD57A100DCAA51 /* Structures.swift */; };
		3261384E25FD57A200DCAA51 /* MessageEndpoint.swift in Sources */ = {isa = PBXBuildFile; fileRef = 3261383B25FD57A100DCAA51 /* MessageEndpoint.swift */; };
		3261384F25FD57A200DCAA51 /* NetworkHandler.swift in Sources */ = {isa = PBXBuildFile; fileRef = 3261383C25FD57A100DCAA51 /* NetworkHandler.swift */; };
		3261385025FD57A200DCAA51 /* Snowflakes.swift in Sources */ = {isa = PBXBuildFile; fileRef = 3261383D25FD57A100DCAA51 /* Snowflakes.swift */; };
		3261385125FD57A200DCAA51 /* HomeView.swift in Sources */ = {isa = PBXBuildFile; fileRef = 3261383E25FD57A100DCAA51 /* HomeView.swift */; };
		3261385225FD57A200DCAA51 /* HelseliaiOSApp.swift in Sources */ = {isa = PBXBuildFile; fileRef = 3261383F25FD57A200DCAA51 /* HelseliaiOSApp.swift */; };
		3261385325FD57A200DCAA51 /* SettingsView.swift in Sources */ = {isa = PBXBuildFile; fileRef = 3261384025FD57A200DCAA51 /* SettingsView.swift */; };
		3261385425FD57A200DCAA51 /* IssueCreationUI.swift in Sources */ = {isa = PBXBuildFile; fileRef = 3261384225FD57A200DCAA51 /* IssueCreationUI.swift */; };
		3261385525FD57A200DCAA51 /* ClubView.swift in Sources */ = {isa = PBXBuildFile; fileRef = 3261384325FD57A200DCAA51 /* ClubView.swift */; };
		3261385725FD57A200DCAA51 /* backendClient.swift in Sources */ = {isa = PBXBuildFile; fileRef = 3261384525FD57A200DCAA51 /* backendClient.swift */; };
		3261385825FD57A200DCAA51 /* ContentView.swift in Sources */ = {isa = PBXBuildFile; fileRef = 3261384625FD57A200DCAA51 /* ContentView.swift */; };
		3278609F2590222B00EBEF23 /* HomeView.swift in Sources */ = {isa = PBXBuildFile; fileRef = 3278609E2590222B00EBEF23 /* HomeView.swift */; };
		32AA719125EAEEDA00550BA5 /* NetworkHandler.swift in Sources */ = {isa = PBXBuildFile; fileRef = 32AA719025EAEEDA00550BA5 /* NetworkHandler.swift */; };
		32AA719425EB279000550BA5 /* Snowflakes.swift in Sources */ = {isa = PBXBuildFile; fileRef = 32AA719325EB279000550BA5 /* Snowflakes.swift */; };
		32AA719625EBB17B00550BA5 /* Structures.swift in Sources */ = {isa = PBXBuildFile; fileRef = 32AA719525EBB17B00550BA5 /* Structures.swift */; };
		32DC838B257FA71B004520AE /* SettingsView.swift in Sources */ = {isa = PBXBuildFile; fileRef = 32DC838A257FA71B004520AE /* SettingsView.swift */; };
		32F2BB2B25FEC0230070C872 /* Info.plist in Resources */ = {isa = PBXBuildFile; fileRef = 32F4C963256D7D3500343BB3 /* Info.plist */; };
		32F37416257302C300ADB7E6 /* ProfileView.swift in Sources */ = {isa = PBXBuildFile; fileRef = 32F37415257302C300ADB7E6 /* ProfileView.swift */; };
		32F3742F25733D8100ADB7E6 /* ClubView.swift in Sources */ = {isa = PBXBuildFile; fileRef = 32F3742A25733D8000ADB7E6 /* ClubView.swift */; };
		32F3743025733D8100ADB7E6 /* MyIssues.swift in Sources */ = {isa = PBXBuildFile; fileRef = 32F3742B25733D8000ADB7E6 /* MyIssues.swift */; };
		32F4C95B256D7D3300343BB3 /* HelseliaApp.swift in Sources */ = {isa = PBXBuildFile; fileRef = 32F4C95A256D7D3300343BB3 /* HelseliaApp.swift */; };
		32F4C95D256D7D3300343BB3 /* ContentView.swift in Sources */ = {isa = PBXBuildFile; fileRef = 32F4C95C256D7D3300343BB3 /* ContentView.swift */; };
		32F4C95F256D7D3500343BB3 /* Assets.xcassets in Resources */ = {isa = PBXBuildFile; fileRef = 32F4C95E256D7D3500343BB3 /* Assets.xcassets */; };
		A88A3D15265B22C4003AE08F /* LoginView.swift in Sources */ = {isa = PBXBuildFile; fileRef = A88A3D14265B22C4003AE08F /* LoginView.swift */; };
/* End PBXBuildFile section */

/* Begin PBXCopyFilesBuildPhase section */
		32ADD59925839980008D1715 /* Embed App Extensions */ = {
			isa = PBXCopyFilesBuildPhase;
			buildActionMask = 2147483647;
			dstPath = "";
			dstSubfolderSpec = 13;
			files = (
			);
			name = "Embed App Extensions";
			runOnlyForDeploymentPostprocessing = 0;
		};
/* End PBXCopyFilesBuildPhase section */

/* Begin PBXFileReference section */
		320BEAA7258D40CE000CC1E2 /* IssueCreationUI.swift */ = {isa = PBXFileReference; lastKnownFileType = sourcecode.swift; path = IssueCreationUI.swift; sourceTree = "<group>"; };
		32291D3925F565B300881B5F /* MessageEndpoint.swift */ = {isa = PBXFileReference; lastKnownFileType = sourcecode.swift; path = MessageEndpoint.swift; sourceTree = "<group>"; };
		322AF50C26001C5700453BDD /* Main.storyboard */ = {isa = PBXFileReference; fileEncoding = 4; lastKnownFileType = file.storyboard; path = Main.storyboard; sourceTree = "<group>"; };
		3261380A25FD576500DCAA51 /* HelseliaiOS.app */ = {isa = PBXFileReference; explicitFileType = wrapper.application; includeInIndex = 0; path = HelseliaiOS.app; sourceTree = BUILT_PRODUCTS_DIR; };
		3261381025FD576800DCAA51 /* Assets.xcassets */ = {isa = PBXFileReference; lastKnownFileType = folder.assetcatalog; path = Assets.xcassets; sourceTree = "<group>"; };
		3261381325FD576800DCAA51 /* Preview Assets.xcassets */ = {isa = PBXFileReference; lastKnownFileType = folder.assetcatalog; path = "Preview Assets.xcassets"; sourceTree = "<group>"; };
		3261383525FD57A100DCAA51 /* MyIssues.swift */ = {isa = PBXFileReference; fileEncoding = 4; lastKnownFileType = sourcecode.swift; path = MyIssues.swift; sourceTree = "<group>"; };
		3261383625FD57A100DCAA51 /* Info.plist */ = {isa = PBXFileReference; fileEncoding = 4; lastKnownFileType = text.plist.xml; path = Info.plist; sourceTree = "<group>"; };
		3261383725FD57A100DCAA51 /* ProfileView.swift */ = {isa = PBXFileReference; fileEncoding = 4; lastKnownFileType = sourcecode.swift; path = ProfileView.swift; sourceTree = "<group>"; };
		3261383825FD57A100DCAA51 /* Assets.xcassets */ = {isa = PBXFileReference; lastKnownFileType = folder.assetcatalog; path = Assets.xcassets; sourceTree = "<group>"; };
		3261383A25FD57A100DCAA51 /* Structures.swift */ = {isa = PBXFileReference; fileEncoding = 4; lastKnownFileType = sourcecode.swift; path = Structures.swift; sourceTree = "<group>"; };
		3261383B25FD57A100DCAA51 /* MessageEndpoint.swift */ = {isa = PBXFileReference; fileEncoding = 4; lastKnownFileType = sourcecode.swift; path = MessageEndpoint.swift; sourceTree = "<group>"; };
		3261383C25FD57A100DCAA51 /* NetworkHandler.swift */ = {isa = PBXFileReference; fileEncoding = 4; lastKnownFileType = sourcecode.swift; path = NetworkHandler.swift; sourceTree = "<group>"; };
		3261383D25FD57A100DCAA51 /* Snowflakes.swift */ = {isa = PBXFileReference; fileEncoding = 4; lastKnownFileType = sourcecode.swift; path = Snowflakes.swift; sourceTree = "<group>"; };
		3261383E25FD57A100DCAA51 /* HomeView.swift */ = {isa = PBXFileReference; fileEncoding = 4; lastKnownFileType = sourcecode.swift; path = HomeView.swift; sourceTree = "<group>"; };
		3261383F25FD57A200DCAA51 /* HelseliaiOSApp.swift */ = {isa = PBXFileReference; fileEncoding = 4; lastKnownFileType = sourcecode.swift; path = HelseliaiOSApp.swift; sourceTree = "<group>"; };
		3261384025FD57A200DCAA51 /* SettingsView.swift */ = {isa = PBXFileReference; fileEncoding = 4; lastKnownFileType = sourcecode.swift; path = SettingsView.swift; sourceTree = "<group>"; };
		3261384125FD57A200DCAA51 /* Helselia.entitlements */ = {isa = PBXFileReference; fileEncoding = 4; lastKnownFileType = text.plist.entitlements; path = Helselia.entitlements; sourceTree = "<group>"; };
		3261384225FD57A200DCAA51 /* IssueCreationUI.swift */ = {isa = PBXFileReference; fileEncoding = 4; lastKnownFileType = sourcecode.swift; path = IssueCreationUI.swift; sourceTree = "<group>"; };
		3261384325FD57A200DCAA51 /* ClubView.swift */ = {isa = PBXFileReference; fileEncoding = 4; lastKnownFileType = sourcecode.swift; path = ClubView.swift; sourceTree = "<group>"; };
		3261384525FD57A200DCAA51 /* backendClient.swift */ = {isa = PBXFileReference; fileEncoding = 4; lastKnownFileType = sourcecode.swift; path = backendClient.swift; sourceTree = "<group>"; };
		3261384625FD57A200DCAA51 /* ContentView.swift */ = {isa = PBXFileReference; fileEncoding = 4; lastKnownFileType = sourcecode.swift; path = ContentView.swift; sourceTree = "<group>"; };
		3278609E2590222B00EBEF23 /* HomeView.swift */ = {isa = PBXFileReference; lastKnownFileType = sourcecode.swift; path = HomeView.swift; sourceTree = "<group>"; };
		32AA719025EAEEDA00550BA5 /* NetworkHandler.swift */ = {isa = PBXFileReference; lastKnownFileType = sourcecode.swift; path = NetworkHandler.swift; sourceTree = "<group>"; };
		32AA719325EB279000550BA5 /* Snowflakes.swift */ = {isa = PBXFileReference; lastKnownFileType = sourcecode.swift; path = Snowflakes.swift; sourceTree = "<group>"; };
		32AA719525EBB17B00550BA5 /* Structures.swift */ = {isa = PBXFileReference; lastKnownFileType = sourcecode.swift; path = Structures.swift; sourceTree = "<group>"; };
		32ADD5882583997F008D1715 /* WidgetKit.framework */ = {isa = PBXFileReference; lastKnownFileType = wrapper.framework; name = WidgetKit.framework; path = System/Library/Frameworks/WidgetKit.framework; sourceTree = SDKROOT; };
		32ADD58A2583997F008D1715 /* SwiftUI.framework */ = {isa = PBXFileReference; lastKnownFileType = wrapper.framework; name = SwiftUI.framework; path = System/Library/Frameworks/SwiftUI.framework; sourceTree = SDKROOT; };
		32DC838A257FA71B004520AE /* SettingsView.swift */ = {isa = PBXFileReference; lastKnownFileType = sourcecode.swift; path = SettingsView.swift; sourceTree = "<group>"; };
		32F37415257302C300ADB7E6 /* ProfileView.swift */ = {isa = PBXFileReference; lastKnownFileType = sourcecode.swift; path = ProfileView.swift; sourceTree = "<group>"; };
		32F3742A25733D8000ADB7E6 /* ClubView.swift */ = {isa = PBXFileReference; fileEncoding = 4; lastKnownFileType = sourcecode.swift; path = ClubView.swift; sourceTree = "<group>"; };
		32F3742B25733D8000ADB7E6 /* MyIssues.swift */ = {isa = PBXFileReference; fileEncoding = 4; lastKnownFileType = sourcecode.swift; path = MyIssues.swift; sourceTree = "<group>"; };
		32F3742C25733D8000ADB7E6 /* backendClient.swift */ = {isa = PBXFileReference; fileEncoding = 4; lastKnownFileType = sourcecode.swift; path = backendClient.swift; sourceTree = "<group>"; };
		32F4C957256D7D3300343BB3 /* Helselia.app */ = {isa = PBXFileReference; explicitFileType = wrapper.application; includeInIndex = 0; path = Helselia.app; sourceTree = BUILT_PRODUCTS_DIR; };
		32F4C95A256D7D3300343BB3 /* HelseliaApp.swift */ = {isa = PBXFileReference; lastKnownFileType = sourcecode.swift; path = HelseliaApp.swift; sourceTree = "<group>"; };
		32F4C95C256D7D3300343BB3 /* ContentView.swift */ = {isa = PBXFileReference; lastKnownFileType = sourcecode.swift; path = ContentView.swift; sourceTree = "<group>"; };
		32F4C95E256D7D3500343BB3 /* Assets.xcassets */ = {isa = PBXFileReference; lastKnownFileType = folder.assetcatalog; path = Assets.xcassets; sourceTree = "<group>"; };
		32F4C963256D7D3500343BB3 /* Info.plist */ = {isa = PBXFileReference; lastKnownFileType = text.plist.xml; path = Info.plist; sourceTree = "<group>"; };
		32F4C964256D7D3500343BB3 /* Helselia.entitlements */ = {isa = PBXFileReference; lastKnownFileType = text.plist.entitlements; path = Helselia.entitlements; sourceTree = "<group>"; };
		A88A3D14265B22C4003AE08F /* LoginView.swift */ = {isa = PBXFileReference; lastKnownFileType = sourcecode.swift; path = LoginView.swift; sourceTree = "<group>"; };
/* End PBXFileReference section */

/* Begin PBXFrameworksBuildPhase section */
		3261380725FD576500DCAA51 /* Frameworks */ = {
			isa = PBXFrameworksBuildPhase;
			buildActionMask = 2147483647;
			files = (
			);
			runOnlyForDeploymentPostprocessing = 0;
		};
		32F4C954256D7D3300343BB3 /* Frameworks */ = {
			isa = PBXFrameworksBuildPhase;
			buildActionMask = 2147483647;
			files = (
			);
			runOnlyForDeploymentPostprocessing = 0;
		};
/* End PBXFrameworksBuildPhase section */

/* Begin PBXGroup section */
		3261380B25FD576500DCAA51 /* HelseliaiOS */ = {
			isa = PBXGroup;
			children = (
				3261383825FD57A100DCAA51 /* Assets.xcassets */,
				3261384525FD57A200DCAA51 /* backendClient.swift */,
				3261384325FD57A200DCAA51 /* ClubView.swift */,
				3261384625FD57A200DCAA51 /* ContentView.swift */,
				3261384125FD57A200DCAA51 /* Helselia.entitlements */,
				3261383F25FD57A200DCAA51 /* HelseliaiOSApp.swift */,
				3261383E25FD57A100DCAA51 /* HomeView.swift */,
				3261383625FD57A100DCAA51 /* Info.plist */,
				3261384225FD57A200DCAA51 /* IssueCreationUI.swift */,
				3261383925FD57A100DCAA51 /* libHelselia */,
				3261383525FD57A100DCAA51 /* MyIssues.swift */,
				3261383725FD57A100DCAA51 /* ProfileView.swift */,
				3261384025FD57A200DCAA51 /* SettingsView.swift */,
				3261383D25FD57A100DCAA51 /* Snowflakes.swift */,
				3261381025FD576800DCAA51 /* Assets.xcassets */,
				3261381225FD576800DCAA51 /* Preview Content */,
			);
			path = HelseliaiOS;
			sourceTree = "<group>";
		};
		3261381225FD576800DCAA51 /* Preview Content */ = {
			isa = PBXGroup;
			children = (
				3261381325FD576800DCAA51 /* Preview Assets.xcassets */,
			);
			path = "Preview Content";
			sourceTree = "<group>";
		};
		3261383925FD57A100DCAA51 /* libHelselia */ = {
			isa = PBXGroup;
			children = (
				3261383A25FD57A100DCAA51 /* Structures.swift */,
				3261383B25FD57A100DCAA51 /* MessageEndpoint.swift */,
				3261383C25FD57A100DCAA51 /* NetworkHandler.swift */,
			);
			path = libHelselia;
			sourceTree = "<group>";
		};
		32AA719225EAEEF700550BA5 /* libHelselia */ = {
			isa = PBXGroup;
			children = (
				32AA719025EAEEDA00550BA5 /* NetworkHandler.swift */,
				32AA719525EBB17B00550BA5 /* Structures.swift */,
				32291D3925F565B300881B5F /* MessageEndpoint.swift */,
			);
			path = libHelselia;
			sourceTree = "<group>";
		};
		32ADD5872583997E008D1715 /* Frameworks */ = {
			isa = PBXGroup;
			children = (
				32ADD5882583997F008D1715 /* WidgetKit.framework */,
				32ADD58A2583997F008D1715 /* SwiftUI.framework */,
			);
			name = Frameworks;
			sourceTree = "<group>";
		};
		32F4C94E256D7D3300343BB3 = {
			isa = PBXGroup;
			children = (
				32F4C959256D7D3300343BB3 /* Helselia */,
				3261380B25FD576500DCAA51 /* HelseliaiOS */,
				32ADD5872583997E008D1715 /* Frameworks */,
				32F4C958256D7D3300343BB3 /* Products */,
			);
			sourceTree = "<group>";
		};
		32F4C958256D7D3300343BB3 /* Products */ = {
			isa = PBXGroup;
			children = (
				32F4C957256D7D3300343BB3 /* Helselia.app */,
				3261380A25FD576500DCAA51 /* HelseliaiOS.app */,
			);
			name = Products;
			sourceTree = "<group>";
		};
		32F4C959256D7D3300343BB3 /* Helselia */ = {
			isa = PBXGroup;
			children = (
				32AA719225EAEEF700550BA5 /* libHelselia */,
				32F3742A25733D8000ADB7E6 /* ClubView.swift */,
				A88A3D14265B22C4003AE08F /* LoginView.swift */,
				3278609E2590222B00EBEF23 /* HomeView.swift */,
				32F3742B25733D8000ADB7E6 /* MyIssues.swift */,
				320BEAA7258D40CE000CC1E2 /* IssueCreationUI.swift */,
				32F4C95A256D7D3300343BB3 /* HelseliaApp.swift */,
				32F4C95C256D7D3300343BB3 /* ContentView.swift */,
				32F37415257302C300ADB7E6 /* ProfileView.swift */,
				32DC838A257FA71B004520AE /* SettingsView.swift */,
				32F4C95E256D7D3500343BB3 /* Assets.xcassets */,
				32AA719325EB279000550BA5 /* Snowflakes.swift */,
				32F3742C25733D8000ADB7E6 /* backendClient.swift */,
				32F4C963256D7D3500343BB3 /* Info.plist */,
				32F4C964256D7D3500343BB3 /* Helselia.entitlements */,
				322AF50C26001C5700453BDD /* Main.storyboard */,
			);
			path = Helselia;
			sourceTree = "<group>";
		};
/* End PBXGroup section */

/* Begin PBXNativeTarget section */
		3261380925FD576500DCAA51 /* HelseliaiOS */ = {
			isa = PBXNativeTarget;
			buildConfigurationList = 3261382C25FD576800DCAA51 /* Build configuration list for PBXNativeTarget "HelseliaiOS" */;
			buildPhases = (
				3261380625FD576500DCAA51 /* Sources */,
				3261380725FD576500DCAA51 /* Frameworks */,
				3261380825FD576500DCAA51 /* Resources */,
			);
			buildRules = (
			);
			dependencies = (
			);
			name = HelseliaiOS;
			productName = HelseliaiOS;
			productReference = 3261380A25FD576500DCAA51 /* HelseliaiOS.app */;
			productType = "com.apple.product-type.application";
		};
		32F4C956256D7D3300343BB3 /* Helselia */ = {
			isa = PBXNativeTarget;
			buildConfigurationList = 32F4C97D256D7D3500343BB3 /* Build configuration list for PBXNativeTarget "Helselia" */;
			buildPhases = (
				32F4C953256D7D3300343BB3 /* Sources */,
				32F4C954256D7D3300343BB3 /* Frameworks */,
				32F4C955256D7D3300343BB3 /* Resources */,
				32ADD59925839980008D1715 /* Embed App Extensions */,
			);
			buildRules = (
			);
			dependencies = (
			);
			name = Helselia;
			productName = Helselia;
			productReference = 32F4C957256D7D3300343BB3 /* Helselia.app */;
			productType = "com.apple.product-type.application";
		};
/* End PBXNativeTarget section */

/* Begin PBXProject section */
		32F4C94F256D7D3300343BB3 /* Project object */ = {
			isa = PBXProject;
			attributes = {
				LastSwiftUpdateCheck = 1250;
				LastUpgradeCheck = 1230;
				TargetAttributes = {
					3261380925FD576500DCAA51 = {
						CreatedOnToolsVersion = 12.5;
					};
					32F4C956256D7D3300343BB3 = {
						CreatedOnToolsVersion = 12.2;
					};
				};
			};
			buildConfigurationList = 32F4C952256D7D3300343BB3 /* Build configuration list for PBXProject "Helselia" */;
			compatibilityVersion = "Xcode 9.3";
			developmentRegion = en;
			hasScannedForEncodings = 0;
			knownRegions = (
				en,
				Base,
			);
			mainGroup = 32F4C94E256D7D3300343BB3;
			productRefGroup = 32F4C958256D7D3300343BB3 /* Products */;
			projectDirPath = "";
			projectRoot = "";
			targets = (
				32F4C956256D7D3300343BB3 /* Helselia */,
				3261380925FD576500DCAA51 /* HelseliaiOS */,
			);
		};
/* End PBXProject section */

/* Begin PBXResourcesBuildPhase section */
		3261380825FD576500DCAA51 /* Resources */ = {
			isa = PBXResourcesBuildPhase;
			buildActionMask = 2147483647;
			files = (
				3261381425FD576800DCAA51 /* Preview Assets.xcassets in Resources */,
				3261381125FD576800DCAA51 /* Assets.xcassets in Resources */,
			);
			runOnlyForDeploymentPostprocessing = 0;
		};
		32F4C955256D7D3300343BB3 /* Resources */ = {
			isa = PBXResourcesBuildPhase;
			buildActionMask = 2147483647;
			files = (
				322AF50D26001C5700453BDD /* Main.storyboard in Resources */,
				32F2BB2B25FEC0230070C872 /* Info.plist in Resources */,
				32F4C95F256D7D3500343BB3 /* Assets.xcassets in Resources */,
			);
			runOnlyForDeploymentPostprocessing = 0;
		};
/* End PBXResourcesBuildPhase section */

/* Begin PBXSourcesBuildPhase section */
		3261380625FD576500DCAA51 /* Sources */ = {
			isa = PBXSourcesBuildPhase;
			buildActionMask = 2147483647;
			files = (
				3261385425FD57A200DCAA51 /* IssueCreationUI.swift in Sources */,
				3261385125FD57A200DCAA51 /* HomeView.swift in Sources */,
				3261385825FD57A200DCAA51 /* ContentView.swift in Sources */,
				3261385025FD57A200DCAA51 /* Snowflakes.swift in Sources */,
				3261384D25FD57A200DCAA51 /* Structures.swift in Sources */,
				3261385525FD57A200DCAA51 /* ClubView.swift in Sources */,
				3261384B25FD57A200DCAA51 /* ProfileView.swift in Sources */,
				3261384E25FD57A200DCAA51 /* MessageEndpoint.swift in Sources */,
				3261385725FD57A200DCAA51 /* backendClient.swift in Sources */,
				3261384925FD57A200DCAA51 /* MyIssues.swift in Sources */,
				3261385225FD57A200DCAA51 /* HelseliaiOSApp.swift in Sources */,
				3261384F25FD57A200DCAA51 /* NetworkHandler.swift in Sources */,
				3261385325FD57A200DCAA51 /* SettingsView.swift in Sources */,
			);
			runOnlyForDeploymentPostprocessing = 0;
		};
		32F4C953256D7D3300343BB3 /* Sources */ = {
			isa = PBXSourcesBuildPhase;
			buildActionMask = 2147483647;
			files = (
				32F3743025733D8100ADB7E6 /* MyIssues.swift in Sources */,
				32291D3A25F565B300881B5F /* MessageEndpoint.swift in Sources */,
				32AA719125EAEEDA00550BA5 /* NetworkHandler.swift in Sources */,
				32DC838B257FA71B004520AE /* SettingsView.swift in Sources */,
				32F3742F25733D8100ADB7E6 /* ClubView.swift in Sources */,
				32AA719425EB279000550BA5 /* Snowflakes.swift in Sources */,
				32F37416257302C300ADB7E6 /* ProfileView.swift in Sources */,
				3278609F2590222B00EBEF23 /* HomeView.swift in Sources */,
				A88A3D15265B22C4003AE08F /* LoginView.swift in Sources */,
				32AA719625EBB17B00550BA5 /* Structures.swift in Sources */,
				3207A24425867586006C2665 /* backendClient.swift in Sources */,
				32F4C95D256D7D3300343BB3 /* ContentView.swift in Sources */,
				320BEAA8258D40CE000CC1E2 /* IssueCreationUI.swift in Sources */,
				32F4C95B256D7D3300343BB3 /* HelseliaApp.swift in Sources */,
			);
			runOnlyForDeploymentPostprocessing = 0;
		};
/* End PBXSourcesBuildPhase section */

/* Begin XCBuildConfiguration section */
		3261382D25FD576800DCAA51 /* Debug */ = {
			isa = XCBuildConfiguration;
			buildSettings = {
				ASSETCATALOG_COMPILER_APPICON_NAME = AppIcon;
				ASSETCATALOG_COMPILER_GLOBAL_ACCENT_COLOR_NAME = AccentColor;
				CODE_SIGN_STYLE = Automatic;
				DEVELOPMENT_ASSET_PATHS = "\"HelseliaiOS/Preview Content\"";
				DEVELOPMENT_TEAM = UUGF4RZ8S8;
				ENABLE_PREVIEWS = YES;
				INFOPLIST_FILE = HelseliaiOS/Info.plist;
				IPHONEOS_DEPLOYMENT_TARGET = 14.1;
				LD_RUNPATH_SEARCH_PATHS = (
					"$(inherited)",
					"@executable_path/Frameworks",
				);
				PRODUCT_BUNDLE_IDENTIFIER = althio.HelseliaiOS;
				PRODUCT_NAME = "$(TARGET_NAME)";
				SDKROOT = iphoneos;
				SWIFT_VERSION = 5.0;
				TARGETED_DEVICE_FAMILY = "1,2";
			};
			name = Debug;
		};
		3261382E25FD576800DCAA51 /* Release */ = {
			isa = XCBuildConfiguration;
			buildSettings = {
				ASSETCATALOG_COMPILER_APPICON_NAME = AppIcon;
				ASSETCATALOG_COMPILER_GLOBAL_ACCENT_COLOR_NAME = AccentColor;
				CODE_SIGN_STYLE = Automatic;
				DEVELOPMENT_ASSET_PATHS = "\"HelseliaiOS/Preview Content\"";
				DEVELOPMENT_TEAM = UUGF4RZ8S8;
				ENABLE_PREVIEWS = YES;
				INFOPLIST_FILE = HelseliaiOS/Info.plist;
				IPHONEOS_DEPLOYMENT_TARGET = 14.1;
				LD_RUNPATH_SEARCH_PATHS = (
					"$(inherited)",
					"@executable_path/Frameworks",
				);
				PRODUCT_BUNDLE_IDENTIFIER = althio.HelseliaiOS;
				PRODUCT_NAME = "$(TARGET_NAME)";
				SDKROOT = iphoneos;
				SWIFT_VERSION = 5.0;
				TARGETED_DEVICE_FAMILY = "1,2";
				VALIDATE_PRODUCT = YES;
			};
			name = Release;
		};
		32F4C97B256D7D3500343BB3 /* Debug */ = {
			isa = XCBuildConfiguration;
			buildSettings = {
				ALWAYS_SEARCH_USER_PATHS = NO;
				CLANG_ANALYZER_NONNULL = YES;
				CLANG_ANALYZER_NUMBER_OBJECT_CONVERSION = YES_AGGRESSIVE;
				CLANG_CXX_LANGUAGE_STANDARD = "gnu++14";
				CLANG_CXX_LIBRARY = "libc++";
				CLANG_ENABLE_MODULES = YES;
				CLANG_ENABLE_OBJC_ARC = YES;
				CLANG_ENABLE_OBJC_WEAK = YES;
				CLANG_WARN_BLOCK_CAPTURE_AUTORELEASING = YES;
				CLANG_WARN_BOOL_CONVERSION = YES;
				CLANG_WARN_COMMA = YES;
				CLANG_WARN_CONSTANT_CONVERSION = YES;
				CLANG_WARN_DEPRECATED_OBJC_IMPLEMENTATIONS = YES;
				CLANG_WARN_DIRECT_OBJC_ISA_USAGE = YES_ERROR;
				CLANG_WARN_DOCUMENTATION_COMMENTS = YES;
				CLANG_WARN_EMPTY_BODY = YES;
				CLANG_WARN_ENUM_CONVERSION = YES;
				CLANG_WARN_INFINITE_RECURSION = YES;
				CLANG_WARN_INT_CONVERSION = YES;
				CLANG_WARN_NON_LITERAL_NULL_CONVERSION = YES;
				CLANG_WARN_OBJC_IMPLICIT_RETAIN_SELF = YES;
				CLANG_WARN_OBJC_LITERAL_CONVERSION = YES;
				CLANG_WARN_OBJC_ROOT_CLASS = YES_ERROR;
				CLANG_WARN_QUOTED_INCLUDE_IN_FRAMEWORK_HEADER = YES;
				CLANG_WARN_RANGE_LOOP_ANALYSIS = YES;
				CLANG_WARN_STRICT_PROTOTYPES = YES;
				CLANG_WARN_SUSPICIOUS_MOVE = YES;
				CLANG_WARN_UNGUARDED_AVAILABILITY = YES_AGGRESSIVE;
				CLANG_WARN_UNREACHABLE_CODE = YES;
				CLANG_WARN__DUPLICATE_METHOD_MATCH = YES;
				COPY_PHASE_STRIP = NO;
				DEBUG_INFORMATION_FORMAT = dwarf;
				ENABLE_STRICT_OBJC_MSGSEND = YES;
				ENABLE_TESTABILITY = YES;
				GCC_C_LANGUAGE_STANDARD = gnu11;
				GCC_DYNAMIC_NO_PIC = NO;
				GCC_NO_COMMON_BLOCKS = YES;
				GCC_OPTIMIZATION_LEVEL = 0;
				GCC_PREPROCESSOR_DEFINITIONS = (
					"DEBUG=1",
					"$(inherited)",
				);
				GCC_WARN_64_TO_32_BIT_CONVERSION = YES;
				GCC_WARN_ABOUT_RETURN_TYPE = YES_ERROR;
				GCC_WARN_UNDECLARED_SELECTOR = YES;
				GCC_WARN_UNINITIALIZED_AUTOS = YES_AGGRESSIVE;
				GCC_WARN_UNUSED_FUNCTION = YES;
				GCC_WARN_UNUSED_VARIABLE = YES;
				MACOSX_DEPLOYMENT_TARGET = 11.0;
				MTL_ENABLE_DEBUG_INFO = INCLUDE_SOURCE;
				MTL_FAST_MATH = YES;
				ONLY_ACTIVE_ARCH = NO;
				SDKROOT = macosx;
				SWIFT_ACTIVE_COMPILATION_CONDITIONS = DEBUG;
				SWIFT_OPTIMIZATION_LEVEL = "-Onone";
			};
			name = Debug;
		};
		32F4C97C256D7D3500343BB3 /* Release */ = {
			isa = XCBuildConfiguration;
			buildSettings = {
				ALWAYS_SEARCH_USER_PATHS = NO;
				CLANG_ANALYZER_NONNULL = YES;
				CLANG_ANALYZER_NUMBER_OBJECT_CONVERSION = YES_AGGRESSIVE;
				CLANG_CXX_LANGUAGE_STANDARD = "gnu++14";
				CLANG_CXX_LIBRARY = "libc++";
				CLANG_ENABLE_MODULES = YES;
				CLANG_ENABLE_OBJC_ARC = YES;
				CLANG_ENABLE_OBJC_WEAK = YES;
				CLANG_WARN_BLOCK_CAPTURE_AUTORELEASING = YES;
				CLANG_WARN_BOOL_CONVERSION = YES;
				CLANG_WARN_COMMA = YES;
				CLANG_WARN_CONSTANT_CONVERSION = YES;
				CLANG_WARN_DEPRECATED_OBJC_IMPLEMENTATIONS = YES;
				CLANG_WARN_DIRECT_OBJC_ISA_USAGE = YES_ERROR;
				CLANG_WARN_DOCUMENTATION_COMMENTS = YES;
				CLANG_WARN_EMPTY_BODY = YES;
				CLANG_WARN_ENUM_CONVERSION = YES;
				CLANG_WARN_INFINITE_RECURSION = YES;
				CLANG_WARN_INT_CONVERSION = YES;
				CLANG_WARN_NON_LITERAL_NULL_CONVERSION = YES;
				CLANG_WARN_OBJC_IMPLICIT_RETAIN_SELF = YES;
				CLANG_WARN_OBJC_LITERAL_CONVERSION = YES;
				CLANG_WARN_OBJC_ROOT_CLASS = YES_ERROR;
				CLANG_WARN_QUOTED_INCLUDE_IN_FRAMEWORK_HEADER = YES;
				CLANG_WARN_RANGE_LOOP_ANALYSIS = YES;
				CLANG_WARN_STRICT_PROTOTYPES = YES;
				CLANG_WARN_SUSPICIOUS_MOVE = YES;
				CLANG_WARN_UNGUARDED_AVAILABILITY = YES_AGGRESSIVE;
				CLANG_WARN_UNREACHABLE_CODE = YES;
				CLANG_WARN__DUPLICATE_METHOD_MATCH = YES;
				COPY_PHASE_STRIP = NO;
				DEBUG_INFORMATION_FORMAT = "dwarf-with-dsym";
				ENABLE_NS_ASSERTIONS = NO;
				ENABLE_STRICT_OBJC_MSGSEND = YES;
				GCC_C_LANGUAGE_STANDARD = gnu11;
				GCC_NO_COMMON_BLOCKS = YES;
				GCC_WARN_64_TO_32_BIT_CONVERSION = YES;
				GCC_WARN_ABOUT_RETURN_TYPE = YES_ERROR;
				GCC_WARN_UNDECLARED_SELECTOR = YES;
				GCC_WARN_UNINITIALIZED_AUTOS = YES_AGGRESSIVE;
				GCC_WARN_UNUSED_FUNCTION = YES;
				GCC_WARN_UNUSED_VARIABLE = YES;
				MACOSX_DEPLOYMENT_TARGET = 11.0;
				MTL_ENABLE_DEBUG_INFO = NO;
				MTL_FAST_MATH = YES;
				ONLY_ACTIVE_ARCH = NO;
				SDKROOT = macosx;
				SWIFT_COMPILATION_MODE = wholemodule;
				SWIFT_OPTIMIZATION_LEVEL = "-O";
			};
			name = Release;
		};
		32F4C97E256D7D3500343BB3 /* Debug */ = {
			isa = XCBuildConfiguration;
			buildSettings = {
				ASSETCATALOG_COMPILER_APPICON_NAME = AppIcon;
				ASSETCATALOG_COMPILER_GLOBAL_ACCENT_COLOR_NAME = AccentColor;
				CODE_SIGN_ENTITLEMENTS = Helselia/Helselia.entitlements;
				CODE_SIGN_IDENTITY = "-";
				CODE_SIGN_STYLE = Automatic;
				COMBINE_HIDPI_IMAGES = YES;
				ENABLE_PREVIEWS = YES;
				INFOPLIST_FILE = Helselia/Info.plist;
				LD_RUNPATH_SEARCH_PATHS = (
					"$(inherited)",
					"@executable_path/../Frameworks",
				);
				MACOSX_DEPLOYMENT_TARGET = 11.0;
				PRODUCT_BUNDLE_IDENTIFIER = althio.Helselia;
				PRODUCT_NAME = "$(TARGET_NAME)";
				SWIFT_VERSION = 5.0;
			};
			name = Debug;
		};
		32F4C97F256D7D3500343BB3 /* Release */ = {
			isa = XCBuildConfiguration;
			buildSettings = {
				ASSETCATALOG_COMPILER_APPICON_NAME = AppIcon;
				ASSETCATALOG_COMPILER_GLOBAL_ACCENT_COLOR_NAME = AccentColor;
				CODE_SIGN_ENTITLEMENTS = Helselia/Helselia.entitlements;
				CODE_SIGN_IDENTITY = "-";
				CODE_SIGN_STYLE = Automatic;
				COMBINE_HIDPI_IMAGES = YES;
				ENABLE_PREVIEWS = YES;
				INFOPLIST_FILE = Helselia/Info.plist;
				LD_RUNPATH_SEARCH_PATHS = (
					"$(inherited)",
					"@executable_path/../Frameworks",
				);
				MACOSX_DEPLOYMENT_TARGET = 11.0;
				PRODUCT_BUNDLE_IDENTIFIER = althio.Helselia;
				PRODUCT_NAME = "$(TARGET_NAME)";
				SWIFT_VERSION = 5.0;
			};
			name = Release;
		};
/* End XCBuildConfiguration section */

/* Begin XCConfigurationList section */
		3261382C25FD576800DCAA51 /* Build configuration list for PBXNativeTarget "HelseliaiOS" */ = {
			isa = XCConfigurationList;
			buildConfigurations = (
				3261382D25FD576800DCAA51 /* Debug */,
				3261382E25FD576800DCAA51 /* Release */,
			);
			defaultConfigurationIsVisible = 0;
			defaultConfigurationName = Release;
		};
		32F4C952256D7D3300343BB3 /* Build configuration list for PBXProject "Helselia" */ = {
			isa = XCConfigurationList;
			buildConfigurations = (
				32F4C97B256D7D3500343BB3 /* Debug */,
				32F4C97C256D7D3500343BB3 /* Release */,
			);
			defaultConfigurationIsVisible = 0;
			defaultConfigurationName = Release;
		};
		32F4C97D256D7D3500343BB3 /* Build configuration list for PBXNativeTarget "Helselia" */ = {
			isa = XCConfigurationList;
			buildConfigurations = (
				32F4C97E256D7D3500343BB3 /* Debug */,
				32F4C97F256D7D3500343BB3 /* Release */,
			);
			defaultConfigurationIsVisible = 0;
			defaultConfigurationName = Release;
		};
/* End XCConfigurationList section */
	};
	rootObject = 32F4C94F256D7D3300343BB3 /* Project object */;
}
