// !$*UTF8*$!
{
	archiveVersion = 1;
	classes = {
	};
	objectVersion = 50;
	objects = {

/* Begin PBXBuildFile section */
		3207A24425867586006C2665 /* DiscordCoreVars.swift in Sources */ = {isa = PBXBuildFile; fileRef = 32F3742C25733D8000ADB7E6 /* DiscordCoreVars.swift */; };
		32AA719125EAEEDA00550BA5 /* NetworkHandler.swift in Sources */ = {isa = PBXBuildFile; fileRef = 32AA719025EAEEDA00550BA5 /* NetworkHandler.swift */; };
		32F3742F25733D8100ADB7E6 /* GuildView.swift in Sources */ = {isa = PBXBuildFile; fileRef = 32F3742A25733D8000ADB7E6 /* GuildView.swift */; };
		32F4C95B256D7D3300343BB3 /* AccordApp.swift in Sources */ = {isa = PBXBuildFile; fileRef = 32F4C95A256D7D3300343BB3 /* AccordApp.swift */; };
		32F4C95D256D7D3300343BB3 /* ContentView.swift in Sources */ = {isa = PBXBuildFile; fileRef = 32F4C95C256D7D3300343BB3 /* ContentView.swift */; };
		32F4C95F256D7D3500343BB3 /* Assets.xcassets in Resources */ = {isa = PBXBuildFile; fileRef = 32F4C95E256D7D3500343BB3 /* Assets.xcassets */; };
		49F29FAD26A0A47300C1205A /* control in Resources */ = {isa = PBXBuildFile; fileRef = 49F29FAC26A0A47300C1205A /* control */; };
		A8113118268EA0B3002EA665 /* AVKit.framework in Frameworks */ = {isa = PBXBuildFile; fileRef = A8113117268EA0B3002EA665 /* AVKit.framework */; };
		A811311A268EA18F002EA665 /* WebKit.framework in Frameworks */ = {isa = PBXBuildFile; fileRef = A8113119268EA18E002EA665 /* WebKit.framework */; settings = {ATTRIBUTES = (Required, ); }; };
		A82A05F526D12411007B9B27 /* MessageProtocol.swift in Sources */ = {isa = PBXBuildFile; fileRef = A82A05F426D12411007B9B27 /* MessageProtocol.swift */; };
		A82A05F826D3F2D2007B9B27 /* GuildView+MsgSend.swift in Sources */ = {isa = PBXBuildFile; fileRef = A82A05F726D3F2D2007B9B27 /* GuildView+MsgSend.swift */; };
		A82A05FA26D3F38B007B9B27 /* GuildView+MessageProtocol.swift in Sources */ = {isa = PBXBuildFile; fileRef = A82A05F926D3F38B007B9B27 /* GuildView+MessageProtocol.swift */; };
		A82A05FF26D3F4D2007B9B27 /* GuildView+TextField.swift in Sources */ = {isa = PBXBuildFile; fileRef = A82A05FE26D3F4D2007B9B27 /* GuildView+TextField.swift */; };
		A82A060126D3F5A4007B9B27 /* ChatControlsView.swift in Sources */ = {isa = PBXBuildFile; fileRef = A82A060026D3F5A4007B9B27 /* ChatControlsView.swift */; };
		A82A060526D3F6DA007B9B27 /* GuildView+HeaderView.swift in Sources */ = {isa = PBXBuildFile; fileRef = A82A060426D3F6DA007B9B27 /* GuildView+HeaderView.swift */; };
		A82A060726D3FBE5007B9B27 /* GuildView+SecondLoad.swift in Sources */ = {isa = PBXBuildFile; fileRef = A82A060626D3FBE5007B9B27 /* GuildView+SecondLoad.swift */; };
		A82A061E26D97D5C007B9B27 /* GatewayStructure.swift in Sources */ = {isa = PBXBuildFile; fileRef = A82A061D26D97D5C007B9B27 /* GatewayStructure.swift */; };
		A82A062026D98193007B9B27 /* Settings.swift in Sources */ = {isa = PBXBuildFile; fileRef = A82A061F26D98193007B9B27 /* Settings.swift */; };
		A82A062226D981B4007B9B27 /* Status.swift in Sources */ = {isa = PBXBuildFile; fileRef = A82A062126D981B4007B9B27 /* Status.swift */; };
		A82A062426D98259007B9B27 /* ReadState.swift in Sources */ = {isa = PBXBuildFile; fileRef = A82A062326D98259007B9B27 /* ReadState.swift */; };
		A832557826EEEC1D00F18A55 /* ServerListView+Misc.swift in Sources */ = {isa = PBXBuildFile; fileRef = A832557726EEEC1D00F18A55 /* ServerListView+Misc.swift */; };
		A85C02B8268158D300A40114 /* FancyTextView.swift in Sources */ = {isa = PBXBuildFile; fileRef = A85C02B7268158D300A40114 /* FancyTextView.swift */; };
		A85D3FDE2677A681002327AD /* Images.swift in Sources */ = {isa = PBXBuildFile; fileRef = A85D3FDD2677A681002327AD /* Images.swift */; };
		A864BE612686700300B244BE /* MainView.swift in Sources */ = {isa = PBXBuildFile; fileRef = A864BE5D2686700300B244BE /* MainView.swift */; };
		A869085D269DDCE500F13CAD /* PopoverProfileView.swift in Sources */ = {isa = PBXBuildFile; fileRef = A869085C269DDCE400F13CAD /* PopoverProfileView.swift */; };
		A869085F269F2A0A00F13CAD /* SettingsView.swift in Sources */ = {isa = PBXBuildFile; fileRef = A869085E269F2A0A00F13CAD /* SettingsView.swift */; };
		A88A3D15265B22C4003AE08F /* LoginView.swift in Sources */ = {isa = PBXBuildFile; fileRef = A88A3D14265B22C4003AE08F /* LoginView.swift */; };
		A88CD70C26E05900007D979B /* prerm in Resources */ = {isa = PBXBuildFile; fileRef = A88CD70A26E05900007D979B /* prerm */; };
		A88CD70D26E05900007D979B /* postinst in Resources */ = {isa = PBXBuildFile; fileRef = A88CD70B26E05900007D979B /* postinst */; };
		A88CD70F26E065F3007D979B /* MentionProtocol.swift in Sources */ = {isa = PBXBuildFile; fileRef = A88CD70E26E065F3007D979B /* MentionProtocol.swift */; };
		A88CD71126E066A0007D979B /* ServerListView+Mentions.swift in Sources */ = {isa = PBXBuildFile; fileRef = A88CD71026E066A0007D979B /* ServerListView+Mentions.swift */; };
		A8922501266ED88B00FEA21C /* Extensions.swift in Sources */ = {isa = PBXBuildFile; fileRef = A8922500266ED88B00FEA21C /* Extensions.swift */; };
		A898453E26978EBA00B1C9DB /* EmotesView.swift in Sources */ = {isa = PBXBuildFile; fileRef = A898453D26978EBA00B1C9DB /* EmotesView.swift */; };
		A89845412698C3FD00B1C9DB /* EmoteGetter.swift in Sources */ = {isa = PBXBuildFile; fileRef = A898453F2698C3FD00B1C9DB /* EmoteGetter.swift */; };
		A89845422698C3FD00B1C9DB /* GifManager.swift in Sources */ = {isa = PBXBuildFile; fileRef = A89845402698C3FD00B1C9DB /* GifManager.swift */; };
		A89BE786266BDFB3007B0CBF /* Sockets.swift in Sources */ = {isa = PBXBuildFile; fileRef = A89BE785266BDFB3007B0CBF /* Sockets.swift */; };
		A8A14CC326CE9A29006C4AEC /* Roles.swift in Sources */ = {isa = PBXBuildFile; fileRef = A8A14CC226CE9A29006C4AEC /* Roles.swift */; };
		A8B1F29626CB163B00E8FDC5 /* User.swift in Sources */ = {isa = PBXBuildFile; fileRef = A8B1F29526CB163B00E8FDC5 /* User.swift */; };
		A8B1F29826CB166C00E8FDC5 /* Events.swift in Sources */ = {isa = PBXBuildFile; fileRef = A8B1F29726CB166C00E8FDC5 /* Events.swift */; };
		A8B1F29A26CB169800E8FDC5 /* Message.swift in Sources */ = {isa = PBXBuildFile; fileRef = A8B1F29926CB169800E8FDC5 /* Message.swift */; };
		A8B1F29C26CB16C400E8FDC5 /* Attachment.swift in Sources */ = {isa = PBXBuildFile; fileRef = A8B1F29B26CB16C400E8FDC5 /* Attachment.swift */; };
		A8B1F29E26CB16DE00E8FDC5 /* Emote.swift in Sources */ = {isa = PBXBuildFile; fileRef = A8B1F29D26CB16DE00E8FDC5 /* Emote.swift */; };
		A8B1F2A026CB16F500E8FDC5 /* Guild.swift in Sources */ = {isa = PBXBuildFile; fileRef = A8B1F29F26CB16F500E8FDC5 /* Guild.swift */; };
		A8B1F2A226CB171600E8FDC5 /* Enums.swift in Sources */ = {isa = PBXBuildFile; fileRef = A8B1F2A126CB171600E8FDC5 /* Enums.swift */; };
		A8B1F2A426CB176900E8FDC5 /* Channel.swift in Sources */ = {isa = PBXBuildFile; fileRef = A8B1F2A326CB176900E8FDC5 /* Channel.swift */; };
		A8BC5254268DF5AD00B7823E /* AttachmentView.swift in Sources */ = {isa = PBXBuildFile; fileRef = A8BC5253268DF5AD00B7823E /* AttachmentView.swift */; };
		A8C73D1226F5812D00CF0350 /* Songlink.swift in Sources */ = {isa = PBXBuildFile; fileRef = A8C73D1126F5812D00CF0350 /* Songlink.swift */; };
		A8C73D1426F583A000CF0350 /* SongLink.swift in Sources */ = {isa = PBXBuildFile; fileRef = A8C73D1326F583A000CF0350 /* SongLink.swift */; };
		A8CD4C9F267CF9EB00E2C4F1 /* Keychain.swift in Sources */ = {isa = PBXBuildFile; fileRef = A8CD4C9E267CF9EB00E2C4F1 /* Keychain.swift */; };
		A8CD4CA5267D27F300E2C4F1 /* ServerListView.swift in Sources */ = {isa = PBXBuildFile; fileRef = A8CD4CA4267D27F300E2C4F1 /* ServerListView.swift */; };
		A8DE781A26BF1532004AC30C /* AccountManagerView.swift in Sources */ = {isa = PBXBuildFile; fileRef = A8DE781926BF1532004AC30C /* AccountManagerView.swift */; };
		A8ECC4C3271C88E400382E53 /* IncrementNumbers.swift in Sources */ = {isa = PBXBuildFile; fileRef = A8ECC4C2271C88E400382E53 /* IncrementNumbers.swift */; };
		A8ECC4C5271C893C00382E53 /* ImageProcessing.swift in Sources */ = {isa = PBXBuildFile; fileRef = A8ECC4C4271C893C00382E53 /* ImageProcessing.swift */; };
		A8ECC4C7271C898300382E53 /* NetworkingExtensions.swift in Sources */ = {isa = PBXBuildFile; fileRef = A8ECC4C6271C898300382E53 /* NetworkingExtensions.swift */; };
		A8ECC4C9271C8A0C00382E53 /* NSColor+Hex.swift in Sources */ = {isa = PBXBuildFile; fileRef = A8ECC4C8271C8A0C00382E53 /* NSColor+Hex.swift */; };
		A8ECC4CB271C8A9A00382E53 /* UserNotifications.swift in Sources */ = {isa = PBXBuildFile; fileRef = A8ECC4CA271C8A9A00382E53 /* UserNotifications.swift */; };
		A8ECC4D0271C8C2400382E53 /* NitrolessBackend.swift in Sources */ = {isa = PBXBuildFile; fileRef = A8ECC4CF271C8C2400382E53 /* NitrolessBackend.swift */; };
		A8F84D6326DF19E5007A8625 /* Sticker.swift in Sources */ = {isa = PBXBuildFile; fileRef = A8F84D6226DF19E5007A8625 /* Sticker.swift */; };
		A8FC3C7626E956010008A2CE /* GuildView+Misc.swift in Sources */ = {isa = PBXBuildFile; fileRef = A8FC3C7526E956010008A2CE /* GuildView+Misc.swift */; };
/* End PBXBuildFile section */

/* Begin PBXCopyFilesBuildPhase section */
		32ADD59925839980008D1715 /* Embed App Extensions */ = {
			isa = PBXCopyFilesBuildPhase;
			buildActionMask = 2147483647;
			dstPath = "";
			dstSubfolderSpec = 13;
			files = (
			);
			name = "Embed App Extensions";
			runOnlyForDeploymentPostprocessing = 0;
		};
/* End PBXCopyFilesBuildPhase section */

/* Begin PBXFileReference section */
		32AA719025EAEEDA00550BA5 /* NetworkHandler.swift */ = {isa = PBXFileReference; lastKnownFileType = sourcecode.swift; path = NetworkHandler.swift; sourceTree = "<group>"; };
		32ADD58A2583997F008D1715 /* SwiftUI.framework */ = {isa = PBXFileReference; lastKnownFileType = wrapper.framework; name = SwiftUI.framework; path = System/Library/Frameworks/SwiftUI.framework; sourceTree = SDKROOT; };
		32F3742A25733D8000ADB7E6 /* GuildView.swift */ = {isa = PBXFileReference; fileEncoding = 4; lastKnownFileType = sourcecode.swift; path = GuildView.swift; sourceTree = "<group>"; };
		32F3742C25733D8000ADB7E6 /* DiscordCoreVars.swift */ = {isa = PBXFileReference; fileEncoding = 4; lastKnownFileType = sourcecode.swift; path = DiscordCoreVars.swift; sourceTree = "<group>"; };
		32F4C957256D7D3300343BB3 /* Accord.app */ = {isa = PBXFileReference; explicitFileType = wrapper.application; includeInIndex = 0; path = Accord.app; sourceTree = BUILT_PRODUCTS_DIR; };
		32F4C95A256D7D3300343BB3 /* AccordApp.swift */ = {isa = PBXFileReference; lastKnownFileType = sourcecode.swift; path = AccordApp.swift; sourceTree = "<group>"; };
		32F4C95C256D7D3300343BB3 /* ContentView.swift */ = {isa = PBXFileReference; lastKnownFileType = sourcecode.swift; path = ContentView.swift; sourceTree = "<group>"; };
		32F4C95E256D7D3500343BB3 /* Assets.xcassets */ = {isa = PBXFileReference; lastKnownFileType = folder.assetcatalog; path = Assets.xcassets; sourceTree = "<group>"; };
		32F4C963256D7D3500343BB3 /* Info.plist */ = {isa = PBXFileReference; lastKnownFileType = text.plist.xml; path = Info.plist; sourceTree = "<group>"; };
		32F4C964256D7D3500343BB3 /* Accord.entitlements */ = {isa = PBXFileReference; lastKnownFileType = text.plist.entitlements; path = Accord.entitlements; sourceTree = "<group>"; };
		49F29FAC26A0A47300C1205A /* control */ = {isa = PBXFileReference; lastKnownFileType = text; path = control; sourceTree = "<group>"; };
		49F29FAE26A0A52900C1205A /* Accord */ = {isa = PBXFileReference; explicitFileType = "compiled.mach-o.executable"; includeInIndex = 0; name = Accord; path = Accord.app/Contents/MacOS/Accord; sourceTree = BUILT_PRODUCTS_DIR; };
		49F29FAF26A0A53B00C1205A /* Accord.deb */ = {isa = PBXFileReference; explicitFileType = archive.ar; includeInIndex = 0; path = Accord.deb; sourceTree = BUILT_PRODUCTS_DIR; };
		A8113117268EA0B3002EA665 /* AVKit.framework */ = {isa = PBXFileReference; lastKnownFileType = wrapper.framework; name = AVKit.framework; path = System/Library/Frameworks/AVKit.framework; sourceTree = SDKROOT; };
		A8113119268EA18E002EA665 /* WebKit.framework */ = {isa = PBXFileReference; lastKnownFileType = wrapper.framework; name = WebKit.framework; path = System/Library/Frameworks/WebKit.framework; sourceTree = SDKROOT; };
		A82A05F426D12411007B9B27 /* MessageProtocol.swift */ = {isa = PBXFileReference; lastKnownFileType = sourcecode.swift; path = MessageProtocol.swift; sourceTree = "<group>"; };
		A82A05F726D3F2D2007B9B27 /* GuildView+MsgSend.swift */ = {isa = PBXFileReference; lastKnownFileType = sourcecode.swift; path = "GuildView+MsgSend.swift"; sourceTree = "<group>"; };
		A82A05F926D3F38B007B9B27 /* GuildView+MessageProtocol.swift */ = {isa = PBXFileReference; lastKnownFileType = sourcecode.swift; path = "GuildView+MessageProtocol.swift"; sourceTree = "<group>"; };
		A82A05FE26D3F4D2007B9B27 /* GuildView+TextField.swift */ = {isa = PBXFileReference; lastKnownFileType = sourcecode.swift; path = "GuildView+TextField.swift"; sourceTree = "<group>"; };
		A82A060026D3F5A4007B9B27 /* ChatControlsView.swift */ = {isa = PBXFileReference; lastKnownFileType = sourcecode.swift; path = ChatControlsView.swift; sourceTree = "<group>"; };
		A82A060426D3F6DA007B9B27 /* GuildView+HeaderView.swift */ = {isa = PBXFileReference; lastKnownFileType = sourcecode.swift; path = "GuildView+HeaderView.swift"; sourceTree = "<group>"; };
		A82A060626D3FBE5007B9B27 /* GuildView+SecondLoad.swift */ = {isa = PBXFileReference; lastKnownFileType = sourcecode.swift; path = "GuildView+SecondLoad.swift"; sourceTree = "<group>"; };
		A82A061D26D97D5C007B9B27 /* GatewayStructure.swift */ = {isa = PBXFileReference; lastKnownFileType = sourcecode.swift; path = GatewayStructure.swift; sourceTree = "<group>"; };
		A82A061F26D98193007B9B27 /* Settings.swift */ = {isa = PBXFileReference; lastKnownFileType = sourcecode.swift; path = Settings.swift; sourceTree = "<group>"; };
		A82A062126D981B4007B9B27 /* Status.swift */ = {isa = PBXFileReference; lastKnownFileType = sourcecode.swift; path = Status.swift; sourceTree = "<group>"; };
		A82A062326D98259007B9B27 /* ReadState.swift */ = {isa = PBXFileReference; lastKnownFileType = sourcecode.swift; path = ReadState.swift; sourceTree = "<group>"; };
		A832557726EEEC1D00F18A55 /* ServerListView+Misc.swift */ = {isa = PBXFileReference; lastKnownFileType = sourcecode.swift; path = "ServerListView+Misc.swift"; sourceTree = "<group>"; };
		A83B2119271C4EAF0033629A /* Accord_UIKitApp.swift */ = {isa = PBXFileReference; lastKnownFileType = sourcecode.swift; path = Accord_UIKitApp.swift; sourceTree = "<group>"; };
		A83B211B271C4EAF0033629A /* ContentView.swift */ = {isa = PBXFileReference; lastKnownFileType = sourcecode.swift; path = ContentView.swift; sourceTree = "<group>"; };
		A83B211D271C4EB00033629A /* Assets.xcassets */ = {isa = PBXFileReference; lastKnownFileType = folder.assetcatalog; path = Assets.xcassets; sourceTree = "<group>"; };
		A83B2120271C4EB00033629A /* Preview Assets.xcassets */ = {isa = PBXFileReference; lastKnownFileType = folder.assetcatalog; path = "Preview Assets.xcassets"; sourceTree = "<group>"; };
		A85C02B7268158D300A40114 /* FancyTextView.swift */ = {isa = PBXFileReference; lastKnownFileType = sourcecode.swift; name = FancyTextView.swift; path = Accord/UI/Chat/FancyTextView.swift; sourceTree = SOURCE_ROOT; };
		A85D3FDD2677A681002327AD /* Images.swift */ = {isa = PBXFileReference; lastKnownFileType = sourcecode.swift; path = Images.swift; sourceTree = "<group>"; };
		A864BE5D2686700300B244BE /* MainView.swift */ = {isa = PBXFileReference; fileEncoding = 4; lastKnownFileType = sourcecode.swift; path = MainView.swift; sourceTree = "<group>"; };
		A869085C269DDCE400F13CAD /* PopoverProfileView.swift */ = {isa = PBXFileReference; lastKnownFileType = sourcecode.swift; name = PopoverProfileView.swift; path = Accord/UI/Profile/PopoverProfileView.swift; sourceTree = SOURCE_ROOT; };
		A869085E269F2A0A00F13CAD /* SettingsView.swift */ = {isa = PBXFileReference; lastKnownFileType = sourcecode.swift; path = SettingsView.swift; sourceTree = "<group>"; };
		A88A3D14265B22C4003AE08F /* LoginView.swift */ = {isa = PBXFileReference; lastKnownFileType = sourcecode.swift; path = LoginView.swift; sourceTree = "<group>"; };
		A88CD70A26E05900007D979B /* prerm */ = {isa = PBXFileReference; fileEncoding = 4; lastKnownFileType = text; path = prerm; sourceTree = "<group>"; };
		A88CD70B26E05900007D979B /* postinst */ = {isa = PBXFileReference; fileEncoding = 4; lastKnownFileType = text; path = postinst; sourceTree = "<group>"; };
		A88CD70E26E065F3007D979B /* MentionProtocol.swift */ = {isa = PBXFileReference; lastKnownFileType = sourcecode.swift; name = MentionProtocol.swift; path = Accord/Backend/Networking/MentionProtocol.swift; sourceTree = SOURCE_ROOT; };
		A88CD71026E066A0007D979B /* ServerListView+Mentions.swift */ = {isa = PBXFileReference; lastKnownFileType = sourcecode.swift; path = "ServerListView+Mentions.swift"; sourceTree = "<group>"; };
		A8922500266ED88B00FEA21C /* Extensions.swift */ = {isa = PBXFileReference; lastKnownFileType = sourcecode.swift; name = Extensions.swift; path = Accord/Misc/Extensions.swift; sourceTree = SOURCE_ROOT; };
		A898453D26978EBA00B1C9DB /* EmotesView.swift */ = {isa = PBXFileReference; lastKnownFileType = sourcecode.swift; path = EmotesView.swift; sourceTree = "<group>"; };
		A898453F2698C3FD00B1C9DB /* EmoteGetter.swift */ = {isa = PBXFileReference; fileEncoding = 4; lastKnownFileType = sourcecode.swift; path = EmoteGetter.swift; sourceTree = "<group>"; };
		A89845402698C3FD00B1C9DB /* GifManager.swift */ = {isa = PBXFileReference; fileEncoding = 4; lastKnownFileType = sourcecode.swift; path = GifManager.swift; sourceTree = "<group>"; };
		A89BE785266BDFB3007B0CBF /* Sockets.swift */ = {isa = PBXFileReference; lastKnownFileType = sourcecode.swift; path = Sockets.swift; sourceTree = "<group>"; };
		A8A14CC226CE9A29006C4AEC /* Roles.swift */ = {isa = PBXFileReference; fileEncoding = 4; lastKnownFileType = sourcecode.swift; path = Roles.swift; sourceTree = "<group>"; };
		A8B1F29526CB163B00E8FDC5 /* User.swift */ = {isa = PBXFileReference; lastKnownFileType = sourcecode.swift; path = User.swift; sourceTree = "<group>"; };
		A8B1F29726CB166C00E8FDC5 /* Events.swift */ = {isa = PBXFileReference; lastKnownFileType = sourcecode.swift; path = Events.swift; sourceTree = "<group>"; };
		A8B1F29926CB169800E8FDC5 /* Message.swift */ = {isa = PBXFileReference; lastKnownFileType = sourcecode.swift; path = Message.swift; sourceTree = "<group>"; };
		A8B1F29B26CB16C400E8FDC5 /* Attachment.swift */ = {isa = PBXFileReference; lastKnownFileType = sourcecode.swift; path = Attachment.swift; sourceTree = "<group>"; };
		A8B1F29D26CB16DE00E8FDC5 /* Emote.swift */ = {isa = PBXFileReference; lastKnownFileType = sourcecode.swift; path = Emote.swift; sourceTree = "<group>"; };
		A8B1F29F26CB16F500E8FDC5 /* Guild.swift */ = {isa = PBXFileReference; lastKnownFileType = sourcecode.swift; path = Guild.swift; sourceTree = "<group>"; };
		A8B1F2A126CB171600E8FDC5 /* Enums.swift */ = {isa = PBXFileReference; lastKnownFileType = sourcecode.swift; path = Enums.swift; sourceTree = "<group>"; };
		A8B1F2A326CB176900E8FDC5 /* Channel.swift */ = {isa = PBXFileReference; lastKnownFileType = sourcecode.swift; path = Channel.swift; sourceTree = "<group>"; };
		A8BC5253268DF5AD00B7823E /* AttachmentView.swift */ = {isa = PBXFileReference; lastKnownFileType = sourcecode.swift; path = AttachmentView.swift; sourceTree = "<group>"; };
		A8C73D1126F5812D00CF0350 /* Songlink.swift */ = {isa = PBXFileReference; lastKnownFileType = sourcecode.swift; name = Songlink.swift; path = Accord/UI/Chat/GuildView/Songlink.swift; sourceTree = SOURCE_ROOT; };
		A8C73D1326F583A000CF0350 /* SongLink.swift */ = {isa = PBXFileReference; lastKnownFileType = sourcecode.swift; path = SongLink.swift; sourceTree = "<group>"; };
		A8CD4C9E267CF9EB00E2C4F1 /* Keychain.swift */ = {isa = PBXFileReference; lastKnownFileType = sourcecode.swift; name = Keychain.swift; path = Accord/Backend/Misc/Keychain.swift; sourceTree = SOURCE_ROOT; };
		A8CD4CA4267D27F300E2C4F1 /* ServerListView.swift */ = {isa = PBXFileReference; lastKnownFileType = sourcecode.swift; name = ServerListView.swift; path = Accord/UI/Base/ServerListView.swift; sourceTree = SOURCE_ROOT; };
		A8DE781926BF1532004AC30C /* AccountManagerView.swift */ = {isa = PBXFileReference; lastKnownFileType = sourcecode.swift; path = AccountManagerView.swift; sourceTree = "<group>"; };
		A8ECC4C2271C88E400382E53 /* IncrementNumbers.swift */ = {isa = PBXFileReference; lastKnownFileType = sourcecode.swift; name = IncrementNumbers.swift; path = ../../../../IncrementNumbers.swift; sourceTree = "<group>"; };
		A8ECC4C4271C893C00382E53 /* ImageProcessing.swift */ = {isa = PBXFileReference; lastKnownFileType = sourcecode.swift; name = ImageProcessing.swift; path = ../../../../ImageProcessing.swift; sourceTree = "<group>"; };
		A8ECC4C6271C898300382E53 /* NetworkingExtensions.swift */ = {isa = PBXFileReference; lastKnownFileType = sourcecode.swift; name = NetworkingExtensions.swift; path = ../../../../NetworkingExtensions.swift; sourceTree = "<group>"; };
		A8ECC4C8271C8A0C00382E53 /* NSColor+Hex.swift */ = {isa = PBXFileReference; lastKnownFileType = sourcecode.swift; name = "NSColor+Hex.swift"; path = "../../../../NSColor+Hex.swift"; sourceTree = "<group>"; };
		A8ECC4CA271C8A9A00382E53 /* UserNotifications.swift */ = {isa = PBXFileReference; lastKnownFileType = sourcecode.swift; name = UserNotifications.swift; path = ../../../../UserNotifications.swift; sourceTree = "<group>"; };
		A8ECC4CF271C8C2400382E53 /* NitrolessBackend.swift */ = {isa = PBXFileReference; fileEncoding = 4; lastKnownFileType = sourcecode.swift; path = NitrolessBackend.swift; sourceTree = "<group>"; };
		A8F84D6226DF19E5007A8625 /* Sticker.swift */ = {isa = PBXFileReference; lastKnownFileType = sourcecode.swift; path = Sticker.swift; sourceTree = "<group>"; };
		A8FC3C7526E956010008A2CE /* GuildView+Misc.swift */ = {isa = PBXFileReference; lastKnownFileType = sourcecode.swift; path = "GuildView+Misc.swift"; sourceTree = "<group>"; };
/* End PBXFileReference section */

/* Begin PBXFrameworksBuildPhase section */
		32F4C954256D7D3300343BB3 /* Frameworks */ = {
			isa = PBXFrameworksBuildPhase;
			buildActionMask = 2147483647;
			files = (
				A811311A268EA18F002EA665 /* WebKit.framework in Frameworks */,
				A8113118268EA0B3002EA665 /* AVKit.framework in Frameworks */,
			);
			runOnlyForDeploymentPostprocessing = 0;
		};
/* End PBXFrameworksBuildPhase section */

/* Begin PBXGroup section */
		32AA719225EAEEF700550BA5 /* Backend */ = {
			isa = PBXGroup;
			children = (
				A82521392687ABD40073F640 /* Objects */,
				A82521382687ABC50073F640 /* Networking */,
				A825213A2687ABE40073F640 /* Misc */,
			);
			path = Backend;
			sourceTree = "<group>";
		};
		32ADD5872583997E008D1715 /* Frameworks */ = {
			isa = PBXGroup;
			children = (
				A8113119268EA18E002EA665 /* WebKit.framework */,
				A8113117268EA0B3002EA665 /* AVKit.framework */,
				32ADD58A2583997F008D1715 /* SwiftUI.framework */,
			);
			name = Frameworks;
			sourceTree = "<group>";
		};
		32F4C94E256D7D3300343BB3 = {
			isa = PBXGroup;
			children = (
				32F4C959256D7D3300343BB3 /* Accord */,
				A83B2118271C4EAF0033629A /* Accord-UIKit */,
				32ADD5872583997E008D1715 /* Frameworks */,
				32F4C958256D7D3300343BB3 /* Products */,
			);
			sourceTree = "<group>";
		};
		32F4C958256D7D3300343BB3 /* Products */ = {
			isa = PBXGroup;
			children = (
				32F4C957256D7D3300343BB3 /* Accord.app */,
				49F29FAE26A0A52900C1205A /* Accord */,
				49F29FAF26A0A53B00C1205A /* Accord.deb */,
			);
			name = Products;
			sourceTree = "<group>";
		};
		32F4C959256D7D3300343BB3 /* Accord */ = {
			isa = PBXGroup;
			children = (
				32F4C95A256D7D3300343BB3 /* AccordApp.swift */,
				32F4C95C256D7D3300343BB3 /* ContentView.swift */,
				A8ECC4C1271C88CD00382E53 /* Misc */,
				32F3742C25733D8000ADB7E6 /* DiscordCoreVars.swift */,
				A864BE5926866FDF00B244BE /* Nitroless */,
				32AA719225EAEEF700550BA5 /* Backend */,
				A8FA9A9B266823B4003710A4 /* UI */,
				32F4C95E256D7D3500343BB3 /* Assets.xcassets */,
				32F4C963256D7D3500343BB3 /* Info.plist */,
				32F4C964256D7D3500343BB3 /* Accord.entitlements */,
				49F29FAC26A0A47300C1205A /* control */,
				A88CD70B26E05900007D979B /* postinst */,
				A88CD70A26E05900007D979B /* prerm */,
			);
			path = Accord;
			sourceTree = "<group>";
		};
		A82521352687AB250073F640 /* Chat */ = {
			isa = PBXGroup;
			children = (
				A82A05FB26D3F3AC007B9B27 /* GuildView */,
				A898453D26978EBA00B1C9DB /* EmotesView.swift */,
				A85C02B7268158D300A40114 /* FancyTextView.swift */,
				A8BC5253268DF5AD00B7823E /* AttachmentView.swift */,
			);
			path = Chat;
			sourceTree = "<group>";
		};
		A82521362687AB390073F640 /* Base */ = {
			isa = PBXGroup;
			children = (
				A8CD4CA4267D27F300E2C4F1 /* ServerListView.swift */,
				A832557726EEEC1D00F18A55 /* ServerListView+Misc.swift */,
				A88CD71026E066A0007D979B /* ServerListView+Mentions.swift */,
				A88A3D14265B22C4003AE08F /* LoginView.swift */,
			);
			path = Base;
			sourceTree = "<group>";
		};
		A82521372687AB780073F640 /* Profile */ = {
			isa = PBXGroup;
			children = (
				A8DE781926BF1532004AC30C /* AccountManagerView.swift */,
				A869085E269F2A0A00F13CAD /* SettingsView.swift */,
				A869085C269DDCE400F13CAD /* PopoverProfileView.swift */,
			);
			path = Profile;
			sourceTree = "<group>";
		};
		A82521382687ABC50073F640 /* Networking */ = {
			isa = PBXGroup;
			children = (
				A8C73D1126F5812D00CF0350 /* Songlink.swift */,
				32AA719025EAEEDA00550BA5 /* NetworkHandler.swift */,
				A89BE785266BDFB3007B0CBF /* Sockets.swift */,
				A85D3FDD2677A681002327AD /* Images.swift */,
				A82A05F426D12411007B9B27 /* MessageProtocol.swift */,
				A88CD70E26E065F3007D979B /* MentionProtocol.swift */,
			);
			path = Networking;
			sourceTree = "<group>";
		};
		A82521392687ABD40073F640 /* Objects */ = {
			isa = PBXGroup;
			children = (
				A8C73D1326F583A000CF0350 /* SongLink.swift */,
				A82A061D26D97D5C007B9B27 /* GatewayStructure.swift */,
				A82A061F26D98193007B9B27 /* Settings.swift */,
				A82A062326D98259007B9B27 /* ReadState.swift */,
				A82A062126D981B4007B9B27 /* Status.swift */,
				A8A14CC226CE9A29006C4AEC /* Roles.swift */,
				A8B1F2A126CB171600E8FDC5 /* Enums.swift */,
				A8B1F29F26CB16F500E8FDC5 /* Guild.swift */,
				A8F84D6226DF19E5007A8625 /* Sticker.swift */,
				A8B1F2A326CB176900E8FDC5 /* Channel.swift */,
				A8B1F29D26CB16DE00E8FDC5 /* Emote.swift */,
				A8B1F29B26CB16C400E8FDC5 /* Attachment.swift */,
				A8B1F29926CB169800E8FDC5 /* Message.swift */,
				A8B1F29726CB166C00E8FDC5 /* Events.swift */,
				A8B1F29526CB163B00E8FDC5 /* User.swift */,
			);
			path = Objects;
			sourceTree = "<group>";
		};
		A825213A2687ABE40073F640 /* Misc */ = {
			isa = PBXGroup;
			children = (
				A898453F2698C3FD00B1C9DB /* EmoteGetter.swift */,
				A89845402698C3FD00B1C9DB /* GifManager.swift */,
				A8CD4C9E267CF9EB00E2C4F1 /* Keychain.swift */,
			);
			path = Misc;
			sourceTree = "<group>";
		};
		A82A05FB26D3F3AC007B9B27 /* GuildView */ = {
			isa = PBXGroup;
			children = (
				32F3742A25733D8000ADB7E6 /* GuildView.swift */,
				A8FC3C7526E956010008A2CE /* GuildView+Misc.swift */,
				A82A060626D3FBE5007B9B27 /* GuildView+SecondLoad.swift */,
				A82A060426D3F6DA007B9B27 /* GuildView+HeaderView.swift */,
				A82A060026D3F5A4007B9B27 /* ChatControlsView.swift */,
				A82A05FE26D3F4D2007B9B27 /* GuildView+TextField.swift */,
				A82A05F926D3F38B007B9B27 /* GuildView+MessageProtocol.swift */,
				A82A05F726D3F2D2007B9B27 /* GuildView+MsgSend.swift */,
			);
			path = GuildView;
			sourceTree = "<group>";
		};
		A83B2118271C4EAF0033629A /* Accord-UIKit */ = {
			isa = PBXGroup;
			children = (
				A83B2119271C4EAF0033629A /* Accord_UIKitApp.swift */,
				A83B211B271C4EAF0033629A /* ContentView.swift */,
				A83B211D271C4EB00033629A /* Assets.xcassets */,
				A83B211F271C4EB00033629A /* Preview Content */,
			);
			path = "Accord-UIKit";
			sourceTree = "<group>";
		};
		A83B211F271C4EB00033629A /* Preview Content */ = {
			isa = PBXGroup;
			children = (
				A83B2120271C4EB00033629A /* Preview Assets.xcassets */,
			);
			path = "Preview Content";
			sourceTree = "<group>";
		};
		A864BE5926866FDF00B244BE /* Nitroless */ = {
			isa = PBXGroup;
			children = (
				A864BE5D2686700300B244BE /* MainView.swift */,
				A8ECC4CF271C8C2400382E53 /* NitrolessBackend.swift */,
			);
			path = Nitroless;
			sourceTree = "<group>";
		};
		A8ECC4C1271C88CD00382E53 /* Misc */ = {
			isa = PBXGroup;
			children = (
				A8922500266ED88B00FEA21C /* Extensions.swift */,
				A8ECC4CA271C8A9A00382E53 /* UserNotifications.swift */,
				A8ECC4C8271C8A0C00382E53 /* NSColor+Hex.swift */,
				A8ECC4C6271C898300382E53 /* NetworkingExtensions.swift */,
				A8ECC4C2271C88E400382E53 /* IncrementNumbers.swift */,
				A8ECC4C4271C893C00382E53 /* ImageProcessing.swift */,
			);
			path = Misc;
			sourceTree = "<group>";
		};
		A8FA9A9B266823B4003710A4 /* UI */ = {
			isa = PBXGroup;
			children = (
				A82521372687AB780073F640 /* Profile */,
				A82521362687AB390073F640 /* Base */,
				A82521352687AB250073F640 /* Chat */,
			);
			path = UI;
			sourceTree = "<group>";
		};
/* End PBXGroup section */

/* Begin PBXNativeTarget section */
		32F4C956256D7D3300343BB3 /* Accord */ = {
			isa = PBXNativeTarget;
			buildConfigurationList = 32F4C97D256D7D3500343BB3 /* Build configuration list for PBXNativeTarget "Accord" */;
			buildPhases = (
				32F4C953256D7D3300343BB3 /* Sources */,
				32F4C954256D7D3300343BB3 /* Frameworks */,
				32F4C955256D7D3300343BB3 /* Resources */,
				32ADD59925839980008D1715 /* Embed App Extensions */,
				49F29FAB26A0A44900C1205A /* ShellScript */,
			);
			buildRules = (
			);
			dependencies = (
			);
			name = Accord;
			packageProductDependencies = (
			);
			productName = Helselia;
			productReference = 32F4C957256D7D3300343BB3 /* Accord.app */;
			productType = "com.apple.product-type.application";
		};
/* End PBXNativeTarget section */

/* Begin PBXProject section */
		32F4C94F256D7D3300343BB3 /* Project object */ = {
			isa = PBXProject;
			attributes = {
				LastSwiftUpdateCheck = 1300;
				LastUpgradeCheck = 1300;
				TargetAttributes = {
					32F4C956256D7D3300343BB3 = {
						CreatedOnToolsVersion = 12.2;
					};
				};
			};
			buildConfigurationList = 32F4C952256D7D3300343BB3 /* Build configuration list for PBXProject "Accord" */;
			compatibilityVersion = "Xcode 9.3";
			developmentRegion = en;
			hasScannedForEncodings = 0;
			knownRegions = (
				en,
				Base,
			);
			mainGroup = 32F4C94E256D7D3300343BB3;
			packageReferences = (
			);
			productRefGroup = 32F4C958256D7D3300343BB3 /* Products */;
			projectDirPath = "";
			projectRoot = "";
			targets = (
				32F4C956256D7D3300343BB3 /* Accord */,
			);
		};
/* End PBXProject section */

/* Begin PBXResourcesBuildPhase section */
		32F4C955256D7D3300343BB3 /* Resources */ = {
			isa = PBXResourcesBuildPhase;
			buildActionMask = 2147483647;
			files = (
				A88CD70D26E05900007D979B /* postinst in Resources */,
				A88CD70C26E05900007D979B /* prerm in Resources */,
				49F29FAD26A0A47300C1205A /* control in Resources */,
				32F4C95F256D7D3500343BB3 /* Assets.xcassets in Resources */,
			);
			runOnlyForDeploymentPostprocessing = 0;
		};
/* End PBXResourcesBuildPhase section */

/* Begin PBXShellScriptBuildPhase section */
		49F29FAB26A0A44900C1205A /* ShellScript */ = {
			isa = PBXShellScriptBuildPhase;
			buildActionMask = 2147483647;
			files = (
			);
			inputFileListPaths = (
			);
			inputPaths = (
				"$(BUILT_PRODUCTS_DIR)/$(FULL_PRODUCT_NAME)",
			);
			outputFileListPaths = (
			);
			outputPaths = (
			);
			runOnlyForDeploymentPostprocessing = 0;
			shellPath = "/bin/zsh --login";
			shellScript = "FULL_PRODUCT_NAME_NO_EXTENSION=\"$(basename \"${FULL_PRODUCT_NAME}\" \"${WRAPPER_SUFFIX}\")\"\n\ncd \"${BUILT_PRODUCTS_DIR}\"\nmkdir -p \"./layout\"\nmkdir -p \"./layout/DEBIAN\"\nrm -rf \"${FULL_PRODUCT_NAME}/Contents/PkgInfo\"\ncp -a \"${SRCROOT}/${TARGET_NAME}/control\" \"./layout/DEBIAN\"\ncp -a \"${SRCROOT}/${TARGET_NAME}/postinst\" \"./layout/DEBIAN\"\ncp -a \"${SRCROOT}/${TARGET_NAME}/prerm\" \"./layout/DEBIAN\"\n\nmkdir -p \"./layout/opt/procursus/${INSTALL_PATH}\"\ncp -a \"${FULL_PRODUCT_NAME}\" \"./layout/opt/procursus/${INSTALL_PATH}\"\ndpkg-deb --build \"./layout\" \"me.evelyn.accord_1.0.0_darwin-amd64.deb\"\nrm -rf \"./layout\"\n\ncd \"${BUILT_PRODUCTS_DIR}\"\nmkdir -p \"./layout-arm64\"\nmkdir -p \"./layout-arm64/DEBIAN\"\ncp -a \"${SRCROOT}/${TARGET_NAME}/control-arm64\" \"./layout-arm64/DEBIAN/control\"\n\ncp -a \"${SRCROOT}/${TARGET_NAME}/postinst\" \"./layout-arm64/DEBIAN\"\ncp -a \"${SRCROOT}/${TARGET_NAME}/prerm\" \"./layout-arm64/DEBIAN\"\n\nmkdir -p \"./layout-arm64/opt/procursus/${INSTALL_PATH}\"\ncp -a \"${FULL_PRODUCT_NAME}\" \"./layout-arm64/opt/procursus/${INSTALL_PATH}\"\ndpkg-deb --build \"./layout-arm64\" \"me.evelyn.accord_1.0.0_darwin-arm64.deb\"\nrm -rf \"./layout-arm64\"\n\nzip -vr Accord_1.0.0_Universal.zip Accord.app/ -x \"*.DS_Store\"\n";
			showEnvVarsInLog = 0;
		};
/* End PBXShellScriptBuildPhase section */

/* Begin PBXSourcesBuildPhase section */
		32F4C953256D7D3300343BB3 /* Sources */ = {
			isa = PBXSourcesBuildPhase;
			buildActionMask = 2147483647;
			files = (
				A82A060126D3F5A4007B9B27 /* ChatControlsView.swift in Sources */,
				A82A062226D981B4007B9B27 /* Status.swift in Sources */,
				A82A05F826D3F2D2007B9B27 /* GuildView+MsgSend.swift in Sources */,
				A8B1F29626CB163B00E8FDC5 /* User.swift in Sources */,
				A8B1F2A426CB176900E8FDC5 /* Channel.swift in Sources */,
				A85D3FDE2677A681002327AD /* Images.swift in Sources */,
				32AA719125EAEEDA00550BA5 /* NetworkHandler.swift in Sources */,
				A8CD4C9F267CF9EB00E2C4F1 /* Keychain.swift in Sources */,
				A8BC5254268DF5AD00B7823E /* AttachmentView.swift in Sources */,
				A82A062426D98259007B9B27 /* ReadState.swift in Sources */,
				A8B1F29826CB166C00E8FDC5 /* Events.swift in Sources */,
				A89BE786266BDFB3007B0CBF /* Sockets.swift in Sources */,
				A8C73D1226F5812D00CF0350 /* Songlink.swift in Sources */,
				A8ECC4C5271C893C00382E53 /* ImageProcessing.swift in Sources */,
				32F3742F25733D8100ADB7E6 /* GuildView.swift in Sources */,
				A8ECC4CB271C8A9A00382E53 /* UserNotifications.swift in Sources */,
				A8C73D1426F583A000CF0350 /* SongLink.swift in Sources */,
				A8ECC4C9271C8A0C00382E53 /* NSColor+Hex.swift in Sources */,
				A869085D269DDCE500F13CAD /* PopoverProfileView.swift in Sources */,
				A8FC3C7626E956010008A2CE /* GuildView+Misc.swift in Sources */,
				A82A060726D3FBE5007B9B27 /* GuildView+SecondLoad.swift in Sources */,
				A8A14CC326CE9A29006C4AEC /* Roles.swift in Sources */,
				A89845412698C3FD00B1C9DB /* EmoteGetter.swift in Sources */,
				A8B1F29C26CB16C400E8FDC5 /* Attachment.swift in Sources */,
				A832557826EEEC1D00F18A55 /* ServerListView+Misc.swift in Sources */,
				A8B1F2A226CB171600E8FDC5 /* Enums.swift in Sources */,
				A82A060526D3F6DA007B9B27 /* GuildView+HeaderView.swift in Sources */,
				A8B1F29A26CB169800E8FDC5 /* Message.swift in Sources */,
				A89845422698C3FD00B1C9DB /* GifManager.swift in Sources */,
				A82A05FA26D3F38B007B9B27 /* GuildView+MessageProtocol.swift in Sources */,
				A85C02B8268158D300A40114 /* FancyTextView.swift in Sources */,
				A82A05F526D12411007B9B27 /* MessageProtocol.swift in Sources */,
				A88A3D15265B22C4003AE08F /* LoginView.swift in Sources */,
				A8922501266ED88B00FEA21C /* Extensions.swift in Sources */,
				A8F84D6326DF19E5007A8625 /* Sticker.swift in Sources */,
				A8B1F29E26CB16DE00E8FDC5 /* Emote.swift in Sources */,
				3207A24425867586006C2665 /* DiscordCoreVars.swift in Sources */,
				A88CD71126E066A0007D979B /* ServerListView+Mentions.swift in Sources */,
				A82A061E26D97D5C007B9B27 /* GatewayStructure.swift in Sources */,
				A869085F269F2A0A00F13CAD /* SettingsView.swift in Sources */,
				A8DE781A26BF1532004AC30C /* AccountManagerView.swift in Sources */,
				A8ECC4C7271C898300382E53 /* NetworkingExtensions.swift in Sources */,
				A898453E26978EBA00B1C9DB /* EmotesView.swift in Sources */,
				A88CD70F26E065F3007D979B /* MentionProtocol.swift in Sources */,
				A864BE612686700300B244BE /* MainView.swift in Sources */,
				A82A062026D98193007B9B27 /* Settings.swift in Sources */,
				32F4C95D256D7D3300343BB3 /* ContentView.swift in Sources */,
				A82A05FF26D3F4D2007B9B27 /* GuildView+TextField.swift in Sources */,
				A8ECC4C3271C88E400382E53 /* IncrementNumbers.swift in Sources */,
				A8B1F2A026CB16F500E8FDC5 /* Guild.swift in Sources */,
				A8ECC4D0271C8C2400382E53 /* NitrolessBackend.swift in Sources */,
				32F4C95B256D7D3300343BB3 /* AccordApp.swift in Sources */,
				A8CD4CA5267D27F300E2C4F1 /* ServerListView.swift in Sources */,
			);
			runOnlyForDeploymentPostprocessing = 0;
		};
/* End PBXSourcesBuildPhase section */

/* Begin XCBuildConfiguration section */
		32F4C97B256D7D3500343BB3 /* Debug */ = {
			isa = XCBuildConfiguration;
			buildSettings = {
				ALWAYS_SEARCH_USER_PATHS = NO;
				CLANG_ANALYZER_NONNULL = YES;
				CLANG_ANALYZER_NUMBER_OBJECT_CONVERSION = YES_AGGRESSIVE;
				CLANG_CXX_LANGUAGE_STANDARD = "gnu++14";
				CLANG_CXX_LIBRARY = "libc++";
				CLANG_ENABLE_MODULES = YES;
				CLANG_ENABLE_OBJC_ARC = YES;
				CLANG_ENABLE_OBJC_WEAK = YES;
				CLANG_WARN_BLOCK_CAPTURE_AUTORELEASING = YES;
				CLANG_WARN_BOOL_CONVERSION = YES;
				CLANG_WARN_COMMA = YES;
				CLANG_WARN_CONSTANT_CONVERSION = YES;
				CLANG_WARN_DEPRECATED_OBJC_IMPLEMENTATIONS = YES;
				CLANG_WARN_DIRECT_OBJC_ISA_USAGE = YES_ERROR;
				CLANG_WARN_DOCUMENTATION_COMMENTS = YES;
				CLANG_WARN_EMPTY_BODY = YES;
				CLANG_WARN_ENUM_CONVERSION = YES;
				CLANG_WARN_INFINITE_RECURSION = YES;
				CLANG_WARN_INT_CONVERSION = YES;
				CLANG_WARN_NON_LITERAL_NULL_CONVERSION = YES;
				CLANG_WARN_OBJC_IMPLICIT_RETAIN_SELF = YES;
				CLANG_WARN_OBJC_LITERAL_CONVERSION = YES;
				CLANG_WARN_OBJC_ROOT_CLASS = YES_ERROR;
				CLANG_WARN_QUOTED_INCLUDE_IN_FRAMEWORK_HEADER = YES;
				CLANG_WARN_RANGE_LOOP_ANALYSIS = YES;
				CLANG_WARN_STRICT_PROTOTYPES = YES;
				CLANG_WARN_SUSPICIOUS_MOVE = YES;
				CLANG_WARN_UNGUARDED_AVAILABILITY = YES_AGGRESSIVE;
				CLANG_WARN_UNREACHABLE_CODE = YES;
				CLANG_WARN__DUPLICATE_METHOD_MATCH = YES;
				COPY_PHASE_STRIP = NO;
				DEBUG_INFORMATION_FORMAT = dwarf;
				ENABLE_STRICT_OBJC_MSGSEND = YES;
				ENABLE_TESTABILITY = YES;
				GCC_C_LANGUAGE_STANDARD = gnu11;
				GCC_DYNAMIC_NO_PIC = NO;
				GCC_NO_COMMON_BLOCKS = YES;
				GCC_OPTIMIZATION_LEVEL = 0;
				GCC_PREPROCESSOR_DEFINITIONS = (
					"DEBUG=1",
					"$(inherited)",
				);
				GCC_WARN_64_TO_32_BIT_CONVERSION = YES;
				GCC_WARN_ABOUT_RETURN_TYPE = YES_ERROR;
				GCC_WARN_UNDECLARED_SELECTOR = YES;
				GCC_WARN_UNINITIALIZED_AUTOS = YES_AGGRESSIVE;
				GCC_WARN_UNUSED_FUNCTION = YES;
				GCC_WARN_UNUSED_VARIABLE = YES;
				MACOSX_DEPLOYMENT_TARGET = 11.0;
				MTL_ENABLE_DEBUG_INFO = INCLUDE_SOURCE;
				MTL_FAST_MATH = YES;
				ONLY_ACTIVE_ARCH = YES;
				SDKROOT = macosx;
				SWIFT_ACTIVE_COMPILATION_CONDITIONS = DEBUG;
				SWIFT_OPTIMIZATION_LEVEL = "-Onone";
			};
			name = Debug;
		};
		32F4C97C256D7D3500343BB3 /* Release */ = {
			isa = XCBuildConfiguration;
			buildSettings = {
				ALWAYS_SEARCH_USER_PATHS = NO;
				CLANG_ANALYZER_NONNULL = YES;
				CLANG_ANALYZER_NUMBER_OBJECT_CONVERSION = YES_AGGRESSIVE;
				CLANG_CXX_LANGUAGE_STANDARD = "gnu++14";
				CLANG_CXX_LIBRARY = "libc++";
				CLANG_ENABLE_MODULES = YES;
				CLANG_ENABLE_OBJC_ARC = YES;
				CLANG_ENABLE_OBJC_WEAK = YES;
				CLANG_WARN_BLOCK_CAPTURE_AUTORELEASING = YES;
				CLANG_WARN_BOOL_CONVERSION = YES;
				CLANG_WARN_COMMA = YES;
				CLANG_WARN_CONSTANT_CONVERSION = YES;
				CLANG_WARN_DEPRECATED_OBJC_IMPLEMENTATIONS = YES;
				CLANG_WARN_DIRECT_OBJC_ISA_USAGE = YES_ERROR;
				CLANG_WARN_DOCUMENTATION_COMMENTS = YES;
				CLANG_WARN_EMPTY_BODY = YES;
				CLANG_WARN_ENUM_CONVERSION = YES;
				CLANG_WARN_INFINITE_RECURSION = YES;
				CLANG_WARN_INT_CONVERSION = YES;
				CLANG_WARN_NON_LITERAL_NULL_CONVERSION = YES;
				CLANG_WARN_OBJC_IMPLICIT_RETAIN_SELF = YES;
				CLANG_WARN_OBJC_LITERAL_CONVERSION = YES;
				CLANG_WARN_OBJC_ROOT_CLASS = YES_ERROR;
				CLANG_WARN_QUOTED_INCLUDE_IN_FRAMEWORK_HEADER = YES;
				CLANG_WARN_RANGE_LOOP_ANALYSIS = YES;
				CLANG_WARN_STRICT_PROTOTYPES = YES;
				CLANG_WARN_SUSPICIOUS_MOVE = YES;
				CLANG_WARN_UNGUARDED_AVAILABILITY = YES_AGGRESSIVE;
				CLANG_WARN_UNREACHABLE_CODE = YES;
				CLANG_WARN__DUPLICATE_METHOD_MATCH = YES;
				COPY_PHASE_STRIP = NO;
				DEBUG_INFORMATION_FORMAT = "dwarf-with-dsym";
				ENABLE_NS_ASSERTIONS = NO;
				ENABLE_STRICT_OBJC_MSGSEND = YES;
				GCC_C_LANGUAGE_STANDARD = gnu11;
				GCC_NO_COMMON_BLOCKS = YES;
				GCC_WARN_64_TO_32_BIT_CONVERSION = YES;
				GCC_WARN_ABOUT_RETURN_TYPE = YES_ERROR;
				GCC_WARN_UNDECLARED_SELECTOR = YES;
				GCC_WARN_UNINITIALIZED_AUTOS = YES_AGGRESSIVE;
				GCC_WARN_UNUSED_FUNCTION = YES;
				GCC_WARN_UNUSED_VARIABLE = YES;
				MACOSX_DEPLOYMENT_TARGET = 11.0;
				MTL_ENABLE_DEBUG_INFO = NO;
				MTL_FAST_MATH = YES;
				ONLY_ACTIVE_ARCH = NO;
				SDKROOT = macosx;
				SWIFT_COMPILATION_MODE = wholemodule;
				SWIFT_OPTIMIZATION_LEVEL = "-O";
			};
			name = Release;
		};
		32F4C97E256D7D3500343BB3 /* Debug */ = {
			isa = XCBuildConfiguration;
			buildSettings = {
				ASSETCATALOG_COMPILER_APPICON_NAME = AppIcon;
				ASSETCATALOG_COMPILER_GLOBAL_ACCENT_COLOR_NAME = AccentColor;
				CODE_SIGN_ENTITLEMENTS = Accord/Accord.entitlements;
				CODE_SIGN_IDENTITY = "Apple Development";
				CODE_SIGN_STYLE = Automatic;
				COMBINE_HIDPI_IMAGES = YES;
				DEAD_CODE_STRIPPING = YES;
				DEPLOYMENT_POSTPROCESSING = YES;
				DEVELOPMENT_TEAM = TT4NY6N9VL;
				ENABLE_PREVIEWS = YES;
				INFOPLIST_FILE = "$(SRCROOT)/Accord/Info.plist";
				LD_RUNPATH_SEARCH_PATHS = (
					"$(inherited)",
					"@executable_path/../Frameworks",
				);
				MACOSX_DEPLOYMENT_TARGET = 11.0;
				PRESERVE_DEAD_CODE_INITS_AND_TERMS = NO;
				PRODUCT_BUNDLE_IDENTIFIER = me.evelyn.accord;
				PRODUCT_NAME = "$(TARGET_NAME)";
				SWIFT_VERSION = 5.0;
			};
			name = Debug;
		};
		32F4C97F256D7D3500343BB3 /* Release */ = {
			isa = XCBuildConfiguration;
			buildSettings = {
				ASSETCATALOG_COMPILER_APPICON_NAME = AppIcon;
				ASSETCATALOG_COMPILER_GLOBAL_ACCENT_COLOR_NAME = AccentColor;
				CODE_SIGN_ENTITLEMENTS = Accord/Accord.entitlements;
				CODE_SIGN_IDENTITY = "Apple Development";
				CODE_SIGN_STYLE = Automatic;
				COMBINE_HIDPI_IMAGES = YES;
				COPY_PHASE_STRIP = YES;
				DEAD_CODE_STRIPPING = YES;
				DEPLOYMENT_POSTPROCESSING = YES;
				DEVELOPMENT_TEAM = TT4NY6N9VL;
				ENABLE_PREVIEWS = YES;
				INFOPLIST_FILE = "$(SRCROOT)/Accord/Info.plist";
				LD_RUNPATH_SEARCH_PATHS = (
					"$(inherited)",
					"@executable_path/../Frameworks",
				);
				MACOSX_DEPLOYMENT_TARGET = 11.0;
				PRESERVE_DEAD_CODE_INITS_AND_TERMS = NO;
				PRODUCT_BUNDLE_IDENTIFIER = me.evelyn.accord;
				PRODUCT_NAME = "$(TARGET_NAME)";
				SWIFT_VERSION = 5.0;
			};
			name = Release;
		};
/* End XCBuildConfiguration section */

/* Begin XCConfigurationList section */
		32F4C952256D7D3300343BB3 /* Build configuration list for PBXProject "Accord" */ = {
			isa = XCConfigurationList;
			buildConfigurations = (
				32F4C97B256D7D3500343BB3 /* Debug */,
				32F4C97C256D7D3500343BB3 /* Release */,
			);
			defaultConfigurationIsVisible = 0;
			defaultConfigurationName = Release;
		};
		32F4C97D256D7D3500343BB3 /* Build configuration list for PBXNativeTarget "Accord" */ = {
			isa = XCConfigurationList;
			buildConfigurations = (
				32F4C97E256D7D3500343BB3 /* Debug */,
				32F4C97F256D7D3500343BB3 /* Release */,
			);
			defaultConfigurationIsVisible = 0;
			defaultConfigurationName = Release;
		};
/* End XCConfigurationList section */
	};
	rootObject = 32F4C94F256D7D3300343BB3 /* Project object */;
}
