// !$*UTF8*$!
{
	archiveVersion = 1;
	classes = {
	};
	objectVersion = 50;
	objects = {

/* Begin PBXBuildFile section */
		3207A24425867586006C2665 /* DiscordCoreVars.swift in Sources */ = {isa = PBXBuildFile; fileRef = 32F3742C25733D8000ADB7E6 /* DiscordCoreVars.swift */; };
		32AA719125EAEEDA00550BA5 /* NetworkHandler.swift in Sources */ = {isa = PBXBuildFile; fileRef = 32AA719025EAEEDA00550BA5 /* NetworkHandler.swift */; };
		32AA719625EBB17B00550BA5 /* Structures.swift in Sources */ = {isa = PBXBuildFile; fileRef = 32AA719525EBB17B00550BA5 /* Structures.swift */; };
		32DC838B257FA71B004520AE /* SettingsView.swift in Sources */ = {isa = PBXBuildFile; fileRef = 32DC838A257FA71B004520AE /* SettingsView.swift */; };
		32F37416257302C300ADB7E6 /* ProfileView.swift in Sources */ = {isa = PBXBuildFile; fileRef = 32F37415257302C300ADB7E6 /* ProfileView.swift */; };
		32F3742F25733D8100ADB7E6 /* GuildView.swift in Sources */ = {isa = PBXBuildFile; fileRef = 32F3742A25733D8000ADB7E6 /* GuildView.swift */; };
		32F4C95B256D7D3300343BB3 /* AccordApp.swift in Sources */ = {isa = PBXBuildFile; fileRef = 32F4C95A256D7D3300343BB3 /* AccordApp.swift */; };
		32F4C95D256D7D3300343BB3 /* ContentView.swift in Sources */ = {isa = PBXBuildFile; fileRef = 32F4C95C256D7D3300343BB3 /* ContentView.swift */; };
		32F4C95F256D7D3500343BB3 /* Assets.xcassets in Resources */ = {isa = PBXBuildFile; fileRef = 32F4C95E256D7D3500343BB3 /* Assets.xcassets */; };
		49F29FAD26A0A47300C1205A /* control in Resources */ = {isa = PBXBuildFile; fileRef = 49F29FAC26A0A47300C1205A /* control */; };
		A8113118268EA0B3002EA665 /* AVKit.framework in Frameworks */ = {isa = PBXBuildFile; fileRef = A8113117268EA0B3002EA665 /* AVKit.framework */; };
		A811311A268EA18F002EA665 /* WebKit.framework in Frameworks */ = {isa = PBXBuildFile; fileRef = A8113119268EA18E002EA665 /* WebKit.framework */; settings = {ATTRIBUTES = (Required, ); }; };
		A825213C2688A1800073F640 /* Roles.swift in Sources */ = {isa = PBXBuildFile; fileRef = A825213B2688A1800073F640 /* Roles.swift */; };
		A85C02B8268158D300A40114 /* FancyTextView.swift in Sources */ = {isa = PBXBuildFile; fileRef = A85C02B7268158D300A40114 /* FancyTextView.swift */; };
		A85D3FDE2677A681002327AD /* Images.swift in Sources */ = {isa = PBXBuildFile; fileRef = A85D3FDD2677A681002327AD /* Images.swift */; };
		A864BE612686700300B244BE /* MainView.swift in Sources */ = {isa = PBXBuildFile; fileRef = A864BE5D2686700300B244BE /* MainView.swift */; };
		A864BE642686709A00B244BE /* NitrolessStructures.swift in Sources */ = {isa = PBXBuildFile; fileRef = A864BE632686709A00B244BE /* NitrolessStructures.swift */; };
		A869085D269DDCE500F13CAD /* PopoverProfileView.swift in Sources */ = {isa = PBXBuildFile; fileRef = A869085C269DDCE400F13CAD /* PopoverProfileView.swift */; };
		A869085F269F2A0A00F13CAD /* SettingsViewRedesign.swift in Sources */ = {isa = PBXBuildFile; fileRef = A869085E269F2A0A00F13CAD /* SettingsViewRedesign.swift */; };
		A88A3D15265B22C4003AE08F /* LoginView.swift in Sources */ = {isa = PBXBuildFile; fileRef = A88A3D14265B22C4003AE08F /* LoginView.swift */; };
		A8922501266ED88B00FEA21C /* Extensions.swift in Sources */ = {isa = PBXBuildFile; fileRef = A8922500266ED88B00FEA21C /* Extensions.swift */; };
		A898453E26978EBA00B1C9DB /* EmotesView.swift in Sources */ = {isa = PBXBuildFile; fileRef = A898453D26978EBA00B1C9DB /* EmotesView.swift */; };
		A89845412698C3FD00B1C9DB /* EmoteGetter.swift in Sources */ = {isa = PBXBuildFile; fileRef = A898453F2698C3FD00B1C9DB /* EmoteGetter.swift */; };
		A89845422698C3FD00B1C9DB /* GifManager.swift in Sources */ = {isa = PBXBuildFile; fileRef = A89845402698C3FD00B1C9DB /* GifManager.swift */; };
		A89BE786266BDFB3007B0CBF /* Sockets.swift in Sources */ = {isa = PBXBuildFile; fileRef = A89BE785266BDFB3007B0CBF /* Sockets.swift */; };
		A8BC5254268DF5AD00B7823E /* AttachmentView.swift in Sources */ = {isa = PBXBuildFile; fileRef = A8BC5253268DF5AD00B7823E /* AttachmentView.swift */; };
		A8CD4C9F267CF9EB00E2C4F1 /* Keychain.swift in Sources */ = {isa = PBXBuildFile; fileRef = A8CD4C9E267CF9EB00E2C4F1 /* Keychain.swift */; };
		A8CD4CA5267D27F300E2C4F1 /* ServerListView.swift in Sources */ = {isa = PBXBuildFile; fileRef = A8CD4CA4267D27F300E2C4F1 /* ServerListView.swift */; };
		A8DE781A26BF1532004AC30C /* AccountManagerView.swift in Sources */ = {isa = PBXBuildFile; fileRef = A8DE781926BF1532004AC30C /* AccountManagerView.swift */; };
/* End PBXBuildFile section */

/* Begin PBXCopyFilesBuildPhase section */
		32ADD59925839980008D1715 /* Embed App Extensions */ = {
			isa = PBXCopyFilesBuildPhase;
			buildActionMask = 2147483647;
			dstPath = "";
			dstSubfolderSpec = 13;
			files = (
			);
			name = "Embed App Extensions";
			runOnlyForDeploymentPostprocessing = 0;
		};
/* End PBXCopyFilesBuildPhase section */

/* Begin PBXFileReference section */
		32291D3925F565B300881B5F /* Messages.swift */ = {isa = PBXFileReference; lastKnownFileType = sourcecode.swift; path = Messages.swift; sourceTree = "<group>"; };
		32AA719025EAEEDA00550BA5 /* NetworkHandler.swift */ = {isa = PBXFileReference; lastKnownFileType = sourcecode.swift; path = NetworkHandler.swift; sourceTree = "<group>"; };
		32AA719525EBB17B00550BA5 /* Structures.swift */ = {isa = PBXFileReference; lastKnownFileType = sourcecode.swift; path = Structures.swift; sourceTree = "<group>"; };
		32ADD58A2583997F008D1715 /* SwiftUI.framework */ = {isa = PBXFileReference; lastKnownFileType = wrapper.framework; name = SwiftUI.framework; path = System/Library/Frameworks/SwiftUI.framework; sourceTree = SDKROOT; };
		32DC838A257FA71B004520AE /* SettingsView.swift */ = {isa = PBXFileReference; lastKnownFileType = sourcecode.swift; path = SettingsView.swift; sourceTree = "<group>"; };
		32F37415257302C300ADB7E6 /* ProfileView.swift */ = {isa = PBXFileReference; lastKnownFileType = sourcecode.swift; path = ProfileView.swift; sourceTree = "<group>"; };
		32F3742A25733D8000ADB7E6 /* GuildView.swift */ = {isa = PBXFileReference; fileEncoding = 4; lastKnownFileType = sourcecode.swift; path = GuildView.swift; sourceTree = "<group>"; };
		32F3742C25733D8000ADB7E6 /* DiscordCoreVars.swift */ = {isa = PBXFileReference; fileEncoding = 4; lastKnownFileType = sourcecode.swift; path = DiscordCoreVars.swift; sourceTree = "<group>"; };
		32F4C957256D7D3300343BB3 /* Accord.app */ = {isa = PBXFileReference; explicitFileType = wrapper.application; includeInIndex = 0; path = Accord.app; sourceTree = BUILT_PRODUCTS_DIR; };
		32F4C95A256D7D3300343BB3 /* AccordApp.swift */ = {isa = PBXFileReference; lastKnownFileType = sourcecode.swift; path = AccordApp.swift; sourceTree = "<group>"; };
		32F4C95C256D7D3300343BB3 /* ContentView.swift */ = {isa = PBXFileReference; lastKnownFileType = sourcecode.swift; path = ContentView.swift; sourceTree = "<group>"; };
		32F4C95E256D7D3500343BB3 /* Assets.xcassets */ = {isa = PBXFileReference; lastKnownFileType = folder.assetcatalog; path = Assets.xcassets; sourceTree = "<group>"; };
		32F4C963256D7D3500343BB3 /* Info.plist */ = {isa = PBXFileReference; lastKnownFileType = text.plist.xml; path = Info.plist; sourceTree = "<group>"; };
		32F4C964256D7D3500343BB3 /* Accord.entitlements */ = {isa = PBXFileReference; lastKnownFileType = text.plist.entitlements; path = Accord.entitlements; sourceTree = "<group>"; };
		49F29FAC26A0A47300C1205A /* control */ = {isa = PBXFileReference; lastKnownFileType = text; path = control; sourceTree = "<group>"; };
		49F29FAE26A0A52900C1205A /* Accord */ = {isa = PBXFileReference; explicitFileType = "compiled.mach-o.executable"; includeInIndex = 0; name = Accord; path = Accord.app/Contents/MacOS/Accord; sourceTree = BUILT_PRODUCTS_DIR; };
		49F29FAF26A0A53B00C1205A /* Accord.deb */ = {isa = PBXFileReference; explicitFileType = archive.ar; includeInIndex = 0; path = Accord.deb; sourceTree = BUILT_PRODUCTS_DIR; };
		A8113117268EA0B3002EA665 /* AVKit.framework */ = {isa = PBXFileReference; lastKnownFileType = wrapper.framework; name = AVKit.framework; path = System/Library/Frameworks/AVKit.framework; sourceTree = SDKROOT; };
		A8113119268EA18E002EA665 /* WebKit.framework */ = {isa = PBXFileReference; lastKnownFileType = wrapper.framework; name = WebKit.framework; path = System/Library/Frameworks/WebKit.framework; sourceTree = SDKROOT; };
		A825213B2688A1800073F640 /* Roles.swift */ = {isa = PBXFileReference; lastKnownFileType = sourcecode.swift; name = Roles.swift; path = Accord/Backend/Objects/Roles.swift; sourceTree = SOURCE_ROOT; };
		A85C02B7268158D300A40114 /* FancyTextView.swift */ = {isa = PBXFileReference; lastKnownFileType = sourcecode.swift; name = FancyTextView.swift; path = Accord/UI/Chat/FancyTextView.swift; sourceTree = SOURCE_ROOT; };
		A85D3FDD2677A681002327AD /* Images.swift */ = {isa = PBXFileReference; lastKnownFileType = sourcecode.swift; path = Images.swift; sourceTree = "<group>"; };
		A864BE5D2686700300B244BE /* MainView.swift */ = {isa = PBXFileReference; fileEncoding = 4; lastKnownFileType = sourcecode.swift; path = MainView.swift; sourceTree = "<group>"; };
		A864BE632686709A00B244BE /* NitrolessStructures.swift */ = {isa = PBXFileReference; lastKnownFileType = sourcecode.swift; path = NitrolessStructures.swift; sourceTree = "<group>"; };
		A869085C269DDCE400F13CAD /* PopoverProfileView.swift */ = {isa = PBXFileReference; lastKnownFileType = sourcecode.swift; name = PopoverProfileView.swift; path = Accord/UI/Profile/PopoverProfileView.swift; sourceTree = SOURCE_ROOT; };
		A869085E269F2A0A00F13CAD /* SettingsViewRedesign.swift */ = {isa = PBXFileReference; lastKnownFileType = sourcecode.swift; path = SettingsViewRedesign.swift; sourceTree = "<group>"; };
		A874C049267658A8006E7F52 /* Guilds.swift */ = {isa = PBXFileReference; lastKnownFileType = sourcecode.swift; path = Guilds.swift; sourceTree = "<group>"; };
		A88A3D14265B22C4003AE08F /* LoginView.swift */ = {isa = PBXFileReference; lastKnownFileType = sourcecode.swift; path = LoginView.swift; sourceTree = "<group>"; };
		A8922500266ED88B00FEA21C /* Extensions.swift */ = {isa = PBXFileReference; lastKnownFileType = sourcecode.swift; name = Extensions.swift; path = Accord/Extensions.swift; sourceTree = SOURCE_ROOT; };
		A898453D26978EBA00B1C9DB /* EmotesView.swift */ = {isa = PBXFileReference; lastKnownFileType = sourcecode.swift; path = EmotesView.swift; sourceTree = "<group>"; };
		A898453F2698C3FD00B1C9DB /* EmoteGetter.swift */ = {isa = PBXFileReference; fileEncoding = 4; lastKnownFileType = sourcecode.swift; path = EmoteGetter.swift; sourceTree = "<group>"; };
		A89845402698C3FD00B1C9DB /* GifManager.swift */ = {isa = PBXFileReference; fileEncoding = 4; lastKnownFileType = sourcecode.swift; path = GifManager.swift; sourceTree = "<group>"; };
		A89BE785266BDFB3007B0CBF /* Sockets.swift */ = {isa = PBXFileReference; lastKnownFileType = sourcecode.swift; path = Sockets.swift; sourceTree = "<group>"; };
		A8BC5253268DF5AD00B7823E /* AttachmentView.swift */ = {isa = PBXFileReference; lastKnownFileType = sourcecode.swift; path = AttachmentView.swift; sourceTree = "<group>"; };
		A8CD4C9E267CF9EB00E2C4F1 /* Keychain.swift */ = {isa = PBXFileReference; lastKnownFileType = sourcecode.swift; name = Keychain.swift; path = "Accord/Backend/Keychain and Caching/Keychain.swift"; sourceTree = SOURCE_ROOT; };
		A8CD4CA4267D27F300E2C4F1 /* ServerListView.swift */ = {isa = PBXFileReference; lastKnownFileType = sourcecode.swift; name = ServerListView.swift; path = "Accord/UI/Core Views/ServerListView.swift"; sourceTree = SOURCE_ROOT; };
		A8DE781926BF1532004AC30C /* AccountManagerView.swift */ = {isa = PBXFileReference; lastKnownFileType = sourcecode.swift; path = AccountManagerView.swift; sourceTree = "<group>"; };
/* End PBXFileReference section */

/* Begin PBXFrameworksBuildPhase section */
		32F4C954256D7D3300343BB3 /* Frameworks */ = {
			isa = PBXFrameworksBuildPhase;
			buildActionMask = 2147483647;
			files = (
				A811311A268EA18F002EA665 /* WebKit.framework in Frameworks */,
				A8113118268EA0B3002EA665 /* AVKit.framework in Frameworks */,
			);
			runOnlyForDeploymentPostprocessing = 0;
		};
/* End PBXFrameworksBuildPhase section */

/* Begin PBXGroup section */
		32AA719225EAEEF700550BA5 /* Backend */ = {
			isa = PBXGroup;
			children = (
				A82521392687ABD40073F640 /* Objects */,
				A82521382687ABC50073F640 /* Networking */,
				A825213A2687ABE40073F640 /* Keychain and Caching */,
			);
			path = Backend;
			sourceTree = "<group>";
		};
		32ADD5872583997E008D1715 /* Frameworks */ = {
			isa = PBXGroup;
			children = (
				A8113119268EA18E002EA665 /* WebKit.framework */,
				A8113117268EA0B3002EA665 /* AVKit.framework */,
				32ADD58A2583997F008D1715 /* SwiftUI.framework */,
			);
			name = Frameworks;
			sourceTree = "<group>";
		};
		32F4C94E256D7D3300343BB3 = {
			isa = PBXGroup;
			children = (
				32F4C959256D7D3300343BB3 /* Accord */,
				32ADD5872583997E008D1715 /* Frameworks */,
				32F4C958256D7D3300343BB3 /* Products */,
			);
			sourceTree = "<group>";
		};
		32F4C958256D7D3300343BB3 /* Products */ = {
			isa = PBXGroup;
			children = (
				32F4C957256D7D3300343BB3 /* Accord.app */,
				49F29FAE26A0A52900C1205A /* Accord */,
				49F29FAF26A0A53B00C1205A /* Accord.deb */,
			);
			name = Products;
			sourceTree = "<group>";
		};
		32F4C959256D7D3300343BB3 /* Accord */ = {
			isa = PBXGroup;
			children = (
				32F4C95A256D7D3300343BB3 /* AccordApp.swift */,
				32F4C95C256D7D3300343BB3 /* ContentView.swift */,
				A8922500266ED88B00FEA21C /* Extensions.swift */,
				32F3742C25733D8000ADB7E6 /* DiscordCoreVars.swift */,
				A864BE5926866FDF00B244BE /* Nitroless */,
				32AA719225EAEEF700550BA5 /* Backend */,
				A8FA9A9B266823B4003710A4 /* UI */,
				32F4C95E256D7D3500343BB3 /* Assets.xcassets */,
				32F4C963256D7D3500343BB3 /* Info.plist */,
				32F4C964256D7D3500343BB3 /* Accord.entitlements */,
				49F29FAC26A0A47300C1205A /* control */,
			);
			path = Accord;
			sourceTree = "<group>";
		};
		A82521352687AB250073F640 /* Chat */ = {
			isa = PBXGroup;
			children = (
				A85C02B7268158D300A40114 /* FancyTextView.swift */,
				32F3742A25733D8000ADB7E6 /* GuildView.swift */,
				A898453D26978EBA00B1C9DB /* EmotesView.swift */,
				A8BC5253268DF5AD00B7823E /* AttachmentView.swift */,
			);
			path = Chat;
			sourceTree = "<group>";
		};
		A82521362687AB390073F640 /* Core Views */ = {
			isa = PBXGroup;
			children = (
				A8CD4CA4267D27F300E2C4F1 /* ServerListView.swift */,
				A88A3D14265B22C4003AE08F /* LoginView.swift */,
			);
			path = "Core Views";
			sourceTree = "<group>";
		};
		A82521372687AB780073F640 /* Profile */ = {
			isa = PBXGroup;
			children = (
				32F37415257302C300ADB7E6 /* ProfileView.swift */,
				32DC838A257FA71B004520AE /* SettingsView.swift */,
				A869085E269F2A0A00F13CAD /* SettingsViewRedesign.swift */,
				A8DE781926BF1532004AC30C /* AccountManagerView.swift */,
				A869085C269DDCE400F13CAD /* PopoverProfileView.swift */,
			);
			path = Profile;
			sourceTree = "<group>";
		};
		A82521382687ABC50073F640 /* Networking */ = {
			isa = PBXGroup;
			children = (
				32AA719025EAEEDA00550BA5 /* NetworkHandler.swift */,
				A89BE785266BDFB3007B0CBF /* Sockets.swift */,
			);
			path = Networking;
			sourceTree = "<group>";
		};
		A82521392687ABD40073F640 /* Objects */ = {
			isa = PBXGroup;
			children = (
				A825213B2688A1800073F640 /* Roles.swift */,
				32AA719525EBB17B00550BA5 /* Structures.swift */,
				32291D3925F565B300881B5F /* Messages.swift */,
				A85D3FDD2677A681002327AD /* Images.swift */,
				A874C049267658A8006E7F52 /* Guilds.swift */,
			);
			path = Objects;
			sourceTree = "<group>";
		};
		A825213A2687ABE40073F640 /* Keychain and Caching */ = {
			isa = PBXGroup;
			children = (
				A898453F2698C3FD00B1C9DB /* EmoteGetter.swift */,
				A89845402698C3FD00B1C9DB /* GifManager.swift */,
				A8CD4C9E267CF9EB00E2C4F1 /* Keychain.swift */,
			);
			path = "Keychain and Caching";
			sourceTree = "<group>";
		};
		A864BE5926866FDF00B244BE /* Nitroless */ = {
			isa = PBXGroup;
			children = (
				A864BE622686708700B244BE /* NitrolessBackend */,
				A864BE5D2686700300B244BE /* MainView.swift */,
			);
			path = Nitroless;
			sourceTree = "<group>";
		};
		A864BE622686708700B244BE /* NitrolessBackend */ = {
			isa = PBXGroup;
			children = (
				A864BE632686709A00B244BE /* NitrolessStructures.swift */,
			);
			path = NitrolessBackend;
			sourceTree = "<group>";
		};
		A8FA9A9B266823B4003710A4 /* UI */ = {
			isa = PBXGroup;
			children = (
				A82521372687AB780073F640 /* Profile */,
				A82521362687AB390073F640 /* Core Views */,
				A82521352687AB250073F640 /* Chat */,
			);
			path = UI;
			sourceTree = "<group>";
		};
/* End PBXGroup section */

/* Begin PBXNativeTarget section */
		32F4C956256D7D3300343BB3 /* Accord */ = {
			isa = PBXNativeTarget;
			buildConfigurationList = 32F4C97D256D7D3500343BB3 /* Build configuration list for PBXNativeTarget "Accord" */;
			buildPhases = (
				32F4C953256D7D3300343BB3 /* Sources */,
				32F4C954256D7D3300343BB3 /* Frameworks */,
				32F4C955256D7D3300343BB3 /* Resources */,
				32ADD59925839980008D1715 /* Embed App Extensions */,
				49F29FAB26A0A44900C1205A /* ShellScript */,
			);
			buildRules = (
			);
			dependencies = (
			);
			name = Accord;
			packageProductDependencies = (
			);
			productName = Helselia;
			productReference = 32F4C957256D7D3300343BB3 /* Accord.app */;
			productType = "com.apple.product-type.application";
		};
/* End PBXNativeTarget section */

/* Begin PBXProject section */
		32F4C94F256D7D3300343BB3 /* Project object */ = {
			isa = PBXProject;
			attributes = {
				LastSwiftUpdateCheck = 1250;
				LastUpgradeCheck = 1300;
				TargetAttributes = {
					32F4C956256D7D3300343BB3 = {
						CreatedOnToolsVersion = 12.2;
					};
				};
			};
			buildConfigurationList = 32F4C952256D7D3300343BB3 /* Build configuration list for PBXProject "Accord" */;
			compatibilityVersion = "Xcode 9.3";
			developmentRegion = en;
			hasScannedForEncodings = 0;
			knownRegions = (
				en,
				Base,
			);
			mainGroup = 32F4C94E256D7D3300343BB3;
			packageReferences = (
			);
			productRefGroup = 32F4C958256D7D3300343BB3 /* Products */;
			projectDirPath = "";
			projectRoot = "";
			targets = (
				32F4C956256D7D3300343BB3 /* Accord */,
			);
		};
/* End PBXProject section */

/* Begin PBXResourcesBuildPhase section */
		32F4C955256D7D3300343BB3 /* Resources */ = {
			isa = PBXResourcesBuildPhase;
			buildActionMask = 2147483647;
			files = (
				49F29FAD26A0A47300C1205A /* control in Resources */,
				32F4C95F256D7D3500343BB3 /* Assets.xcassets in Resources */,
			);
			runOnlyForDeploymentPostprocessing = 0;
		};
/* End PBXResourcesBuildPhase section */

/* Begin PBXShellScriptBuildPhase section */
		49F29FAB26A0A44900C1205A /* ShellScript */ = {
			isa = PBXShellScriptBuildPhase;
			buildActionMask = 2147483647;
			files = (
			);
			inputFileListPaths = (
			);
			inputPaths = (
				"$(BUILT_PRODUCTS_DIR)/$(FULL_PRODUCT_NAME)",
			);
			outputFileListPaths = (
			);
			outputPaths = (
			);
			runOnlyForDeploymentPostprocessing = 0;
			shellPath = "/bin/zsh --login";
			shellScript = "FULL_PRODUCT_NAME_NO_EXTENSION=\"$(basename \"${FULL_PRODUCT_NAME}\" \"${WRAPPER_SUFFIX}\")\"\n\ncd \"${BUILT_PRODUCTS_DIR}\"\nmkdir -p \"./layout\"\nmkdir -p \"./layout/DEBIAN\"\nrm -rf \"${FULL_PRODUCT_NAME}/Contents/PkgInfo\"\ncp -a \"${SRCROOT}/${TARGET_NAME}/control\" \"./layout/DEBIAN\"\ncp -a \"${SRCROOT}/${TARGET_NAME}/postinst\" \"./layout/DEBIAN\"\ncp -a \"${SRCROOT}/${TARGET_NAME}/prerm\" \"./layout/DEBIAN\"\n\nmkdir -p \"./layout/opt/procursus/${INSTALL_PATH}\"\ncp -a \"${FULL_PRODUCT_NAME}\" \"./layout/opt/procursus/${INSTALL_PATH}\"\ndpkg-deb --build \"./layout\" \"me.evelyn.accord_1.0.0_darwin-amd64.deb\"\nrm -rf \"./layout\"\n\ncd \"${BUILT_PRODUCTS_DIR}\"\nmkdir -p \"./layout-arm64\"\nmkdir -p \"./layout-arm64/DEBIAN\"\ncp -a \"${SRCROOT}/${TARGET_NAME}/control-arm64\" \"./layout-arm64/DEBIAN/control\"\n\ncp -a \"${SRCROOT}/${TARGET_NAME}/postinst\" \"./layout-arm64/DEBIAN\"\ncp -a \"${SRCROOT}/${TARGET_NAME}/prerm\" \"./layout-arm64/DEBIAN\"\n\nmkdir -p \"./layout-arm64/opt/procursus/${INSTALL_PATH}\"\ncp -a \"${FULL_PRODUCT_NAME}\" \"./layout-arm64/opt/procursus/${INSTALL_PATH}\"\ndpkg-deb --build \"./layout-arm64\" \"me.evelyn.accord_1.0.0_darwin-arm64.deb\"\nrm -rf \"./layout-arm64\"\n\nzip -vr Accord_1.0.0_Universal.zip Accord.app/ -x \"*.DS_Store\"\n";
			showEnvVarsInLog = 0;
		};
/* End PBXShellScriptBuildPhase section */

/* Begin PBXSourcesBuildPhase section */
		32F4C953256D7D3300343BB3 /* Sources */ = {
			isa = PBXSourcesBuildPhase;
			buildActionMask = 2147483647;
			files = (
				A85D3FDE2677A681002327AD /* Images.swift in Sources */,
				32AA719125EAEEDA00550BA5 /* NetworkHandler.swift in Sources */,
				A825213C2688A1800073F640 /* Roles.swift in Sources */,
				A8CD4C9F267CF9EB00E2C4F1 /* Keychain.swift in Sources */,
				A8BC5254268DF5AD00B7823E /* AttachmentView.swift in Sources */,
				A89BE786266BDFB3007B0CBF /* Sockets.swift in Sources */,
				32DC838B257FA71B004520AE /* SettingsView.swift in Sources */,
				32F3742F25733D8100ADB7E6 /* GuildView.swift in Sources */,
				A869085D269DDCE500F13CAD /* PopoverProfileView.swift in Sources */,
				A89845412698C3FD00B1C9DB /* EmoteGetter.swift in Sources */,
				32F37416257302C300ADB7E6 /* ProfileView.swift in Sources */,
				A89845422698C3FD00B1C9DB /* GifManager.swift in Sources */,
				A85C02B8268158D300A40114 /* FancyTextView.swift in Sources */,
				A88A3D15265B22C4003AE08F /* LoginView.swift in Sources */,
				32AA719625EBB17B00550BA5 /* Structures.swift in Sources */,
				A8922501266ED88B00FEA21C /* Extensions.swift in Sources */,
				3207A24425867586006C2665 /* DiscordCoreVars.swift in Sources */,
				A864BE642686709A00B244BE /* NitrolessStructures.swift in Sources */,
				A869085F269F2A0A00F13CAD /* SettingsViewRedesign.swift in Sources */,
				A8DE781A26BF1532004AC30C /* AccountManagerView.swift in Sources */,
				A898453E26978EBA00B1C9DB /* EmotesView.swift in Sources */,
				A864BE612686700300B244BE /* MainView.swift in Sources */,
				32F4C95D256D7D3300343BB3 /* ContentView.swift in Sources */,
				32F4C95B256D7D3300343BB3 /* AccordApp.swift in Sources */,
				A8CD4CA5267D27F300E2C4F1 /* ServerListView.swift in Sources */,
			);
			runOnlyForDeploymentPostprocessing = 0;
		};
/* End PBXSourcesBuildPhase section */

/* Begin XCBuildConfiguration section */
		32F4C97B256D7D3500343BB3 /* Debug */ = {
			isa = XCBuildConfiguration;
			buildSettings = {
				ALWAYS_SEARCH_USER_PATHS = NO;
				CLANG_ANALYZER_NONNULL = YES;
				CLANG_ANALYZER_NUMBER_OBJECT_CONVERSION = YES_AGGRESSIVE;
				CLANG_CXX_LANGUAGE_STANDARD = "gnu++14";
				CLANG_CXX_LIBRARY = "libc++";
				CLANG_ENABLE_MODULES = YES;
				CLANG_ENABLE_OBJC_ARC = YES;
				CLANG_ENABLE_OBJC_WEAK = YES;
				CLANG_WARN_BLOCK_CAPTURE_AUTORELEASING = YES;
				CLANG_WARN_BOOL_CONVERSION = YES;
				CLANG_WARN_COMMA = YES;
				CLANG_WARN_CONSTANT_CONVERSION = YES;
				CLANG_WARN_DEPRECATED_OBJC_IMPLEMENTATIONS = YES;
				CLANG_WARN_DIRECT_OBJC_ISA_USAGE = YES_ERROR;
				CLANG_WARN_DOCUMENTATION_COMMENTS = YES;
				CLANG_WARN_EMPTY_BODY = YES;
				CLANG_WARN_ENUM_CONVERSION = YES;
				CLANG_WARN_INFINITE_RECURSION = YES;
				CLANG_WARN_INT_CONVERSION = YES;
				CLANG_WARN_NON_LITERAL_NULL_CONVERSION = YES;
				CLANG_WARN_OBJC_IMPLICIT_RETAIN_SELF = YES;
				CLANG_WARN_OBJC_LITERAL_CONVERSION = YES;
				CLANG_WARN_OBJC_ROOT_CLASS = YES_ERROR;
				CLANG_WARN_QUOTED_INCLUDE_IN_FRAMEWORK_HEADER = YES;
				CLANG_WARN_RANGE_LOOP_ANALYSIS = YES;
				CLANG_WARN_STRICT_PROTOTYPES = YES;
				CLANG_WARN_SUSPICIOUS_MOVE = YES;
				CLANG_WARN_UNGUARDED_AVAILABILITY = YES_AGGRESSIVE;
				CLANG_WARN_UNREACHABLE_CODE = YES;
				CLANG_WARN__DUPLICATE_METHOD_MATCH = YES;
				COPY_PHASE_STRIP = NO;
				DEBUG_INFORMATION_FORMAT = dwarf;
				ENABLE_STRICT_OBJC_MSGSEND = YES;
				ENABLE_TESTABILITY = YES;
				GCC_C_LANGUAGE_STANDARD = gnu11;
				GCC_DYNAMIC_NO_PIC = NO;
				GCC_NO_COMMON_BLOCKS = YES;
				GCC_OPTIMIZATION_LEVEL = 0;
				GCC_PREPROCESSOR_DEFINITIONS = (
					"DEBUG=1",
					"$(inherited)",
				);
				GCC_WARN_64_TO_32_BIT_CONVERSION = YES;
				GCC_WARN_ABOUT_RETURN_TYPE = YES_ERROR;
				GCC_WARN_UNDECLARED_SELECTOR = YES;
				GCC_WARN_UNINITIALIZED_AUTOS = YES_AGGRESSIVE;
				GCC_WARN_UNUSED_FUNCTION = YES;
				GCC_WARN_UNUSED_VARIABLE = YES;
				MACOSX_DEPLOYMENT_TARGET = 11.0;
				MTL_ENABLE_DEBUG_INFO = INCLUDE_SOURCE;
				MTL_FAST_MATH = YES;
				ONLY_ACTIVE_ARCH = YES;
				SDKROOT = macosx;
				SWIFT_ACTIVE_COMPILATION_CONDITIONS = DEBUG;
				SWIFT_OPTIMIZATION_LEVEL = "-Onone";
			};
			name = Debug;
		};
		32F4C97C256D7D3500343BB3 /* Release */ = {
			isa = XCBuildConfiguration;
			buildSettings = {
				ALWAYS_SEARCH_USER_PATHS = NO;
				CLANG_ANALYZER_NONNULL = YES;
				CLANG_ANALYZER_NUMBER_OBJECT_CONVERSION = YES_AGGRESSIVE;
				CLANG_CXX_LANGUAGE_STANDARD = "gnu++14";
				CLANG_CXX_LIBRARY = "libc++";
				CLANG_ENABLE_MODULES = YES;
				CLANG_ENABLE_OBJC_ARC = YES;
				CLANG_ENABLE_OBJC_WEAK = YES;
				CLANG_WARN_BLOCK_CAPTURE_AUTORELEASING = YES;
				CLANG_WARN_BOOL_CONVERSION = YES;
				CLANG_WARN_COMMA = YES;
				CLANG_WARN_CONSTANT_CONVERSION = YES;
				CLANG_WARN_DEPRECATED_OBJC_IMPLEMENTATIONS = YES;
				CLANG_WARN_DIRECT_OBJC_ISA_USAGE = YES_ERROR;
				CLANG_WARN_DOCUMENTATION_COMMENTS = YES;
				CLANG_WARN_EMPTY_BODY = YES;
				CLANG_WARN_ENUM_CONVERSION = YES;
				CLANG_WARN_INFINITE_RECURSION = YES;
				CLANG_WARN_INT_CONVERSION = YES;
				CLANG_WARN_NON_LITERAL_NULL_CONVERSION = YES;
				CLANG_WARN_OBJC_IMPLICIT_RETAIN_SELF = YES;
				CLANG_WARN_OBJC_LITERAL_CONVERSION = YES;
				CLANG_WARN_OBJC_ROOT_CLASS = YES_ERROR;
				CLANG_WARN_QUOTED_INCLUDE_IN_FRAMEWORK_HEADER = YES;
				CLANG_WARN_RANGE_LOOP_ANALYSIS = YES;
				CLANG_WARN_STRICT_PROTOTYPES = YES;
				CLANG_WARN_SUSPICIOUS_MOVE = YES;
				CLANG_WARN_UNGUARDED_AVAILABILITY = YES_AGGRESSIVE;
				CLANG_WARN_UNREACHABLE_CODE = YES;
				CLANG_WARN__DUPLICATE_METHOD_MATCH = YES;
				COPY_PHASE_STRIP = NO;
				DEBUG_INFORMATION_FORMAT = "dwarf-with-dsym";
				ENABLE_NS_ASSERTIONS = NO;
				ENABLE_STRICT_OBJC_MSGSEND = YES;
				GCC_C_LANGUAGE_STANDARD = gnu11;
				GCC_NO_COMMON_BLOCKS = YES;
				GCC_WARN_64_TO_32_BIT_CONVERSION = YES;
				GCC_WARN_ABOUT_RETURN_TYPE = YES_ERROR;
				GCC_WARN_UNDECLARED_SELECTOR = YES;
				GCC_WARN_UNINITIALIZED_AUTOS = YES_AGGRESSIVE;
				GCC_WARN_UNUSED_FUNCTION = YES;
				GCC_WARN_UNUSED_VARIABLE = YES;
				MACOSX_DEPLOYMENT_TARGET = 11.0;
				MTL_ENABLE_DEBUG_INFO = NO;
				MTL_FAST_MATH = YES;
				ONLY_ACTIVE_ARCH = NO;
				SDKROOT = macosx;
				SWIFT_COMPILATION_MODE = wholemodule;
				SWIFT_OPTIMIZATION_LEVEL = "-O";
			};
			name = Release;
		};
		32F4C97E256D7D3500343BB3 /* Debug */ = {
			isa = XCBuildConfiguration;
			buildSettings = {
				ASSETCATALOG_COMPILER_APPICON_NAME = AppIcon;
				ASSETCATALOG_COMPILER_GLOBAL_ACCENT_COLOR_NAME = AccentColor;
				CODE_SIGN_ENTITLEMENTS = Accord/Accord.entitlements;
				CODE_SIGN_IDENTITY = "-";
				CODE_SIGN_STYLE = Automatic;
				COMBINE_HIDPI_IMAGES = YES;
				DEAD_CODE_STRIPPING = YES;
				DEPLOYMENT_POSTPROCESSING = YES;
				DEVELOPMENT_TEAM = UUGF4RZ8S8;
				ENABLE_PREVIEWS = YES;
				INFOPLIST_FILE = "$(SRCROOT)/Accord/Info.plist";
				LD_RUNPATH_SEARCH_PATHS = (
					"$(inherited)",
					"@executable_path/../Frameworks",
				);
				MACOSX_DEPLOYMENT_TARGET = 11.0;
				PRESERVE_DEAD_CODE_INITS_AND_TERMS = NO;
				PRODUCT_BUNDLE_IDENTIFIER = me.evelyn.accord;
				PRODUCT_NAME = "$(TARGET_NAME)";
				SWIFT_VERSION = 5.0;
			};
			name = Debug;
		};
		32F4C97F256D7D3500343BB3 /* Release */ = {
			isa = XCBuildConfiguration;
			buildSettings = {
				ASSETCATALOG_COMPILER_APPICON_NAME = AppIcon;
				ASSETCATALOG_COMPILER_GLOBAL_ACCENT_COLOR_NAME = AccentColor;
				CODE_SIGN_ENTITLEMENTS = Accord/Accord.entitlements;
				CODE_SIGN_IDENTITY = "-";
				CODE_SIGN_STYLE = Automatic;
				COMBINE_HIDPI_IMAGES = YES;
				COPY_PHASE_STRIP = YES;
				DEAD_CODE_STRIPPING = YES;
				DEPLOYMENT_POSTPROCESSING = YES;
				DEVELOPMENT_TEAM = UUGF4RZ8S8;
				ENABLE_PREVIEWS = YES;
				INFOPLIST_FILE = "$(SRCROOT)/Accord/Info.plist";
				LD_RUNPATH_SEARCH_PATHS = (
					"$(inherited)",
					"@executable_path/../Frameworks",
				);
				MACOSX_DEPLOYMENT_TARGET = 11.0;
				PRESERVE_DEAD_CODE_INITS_AND_TERMS = NO;
				PRODUCT_BUNDLE_IDENTIFIER = me.evelyn.accord;
				PRODUCT_NAME = "$(TARGET_NAME)";
				SWIFT_VERSION = 5.0;
			};
			name = Release;
		};
/* End XCBuildConfiguration section */

/* Begin XCConfigurationList section */
		32F4C952256D7D3300343BB3 /* Build configuration list for PBXProject "Accord" */ = {
			isa = XCConfigurationList;
			buildConfigurations = (
				32F4C97B256D7D3500343BB3 /* Debug */,
				32F4C97C256D7D3500343BB3 /* Release */,
			);
			defaultConfigurationIsVisible = 0;
			defaultConfigurationName = Release;
		};
		32F4C97D256D7D3500343BB3 /* Build configuration list for PBXNativeTarget "Accord" */ = {
			isa = XCConfigurationList;
			buildConfigurations = (
				32F4C97E256D7D3500343BB3 /* Debug */,
				32F4C97F256D7D3500343BB3 /* Release */,
			);
			defaultConfigurationIsVisible = 0;
			defaultConfigurationName = Release;
		};
/* End XCConfigurationList section */
	};
	rootObject = 32F4C94F256D7D3300343BB3 /* Project object */;
}
