// !$*UTF8*$!
{
	archiveVersion = 1;
	classes = {
	};
	objectVersion = 55;
	objects = {

/* Begin PBXBuildFile section */
		3207A24425867586006C2665 /* Constants.swift in Sources */ = {isa = PBXBuildFile; fileRef = 32F3742C25733D8000ADB7E6 /* Constants.swift */; };
		32AA719125EAEEDA00550BA5 /* Request.swift in Sources */ = {isa = PBXBuildFile; fileRef = 32AA719025EAEEDA00550BA5 /* Request.swift */; };
		32F3742F25733D8100ADB7E6 /* ChannelView.swift in Sources */ = {isa = PBXBuildFile; fileRef = 32F3742A25733D8000ADB7E6 /* ChannelView.swift */; };
		32F4C95B256D7D3300343BB3 /* AccordApp.swift in Sources */ = {isa = PBXBuildFile; fileRef = 32F4C95A256D7D3300343BB3 /* AccordApp.swift */; };
		32F4C95D256D7D3300343BB3 /* ContentView.swift in Sources */ = {isa = PBXBuildFile; fileRef = 32F4C95C256D7D3300343BB3 /* ContentView.swift */; };
		32F4C95F256D7D3500343BB3 /* Assets.xcassets in Resources */ = {isa = PBXBuildFile; fileRef = 32F4C95E256D7D3500343BB3 /* Assets.xcassets */; };
		370AF4122834504C0055AA1D /* JoinServerSheetView.swift in Sources */ = {isa = PBXBuildFile; fileRef = 370AF4112834504C0055AA1D /* JoinServerSheetView.swift */; };
		373EE5BA2838FF410077B7A4 /* SetNicknameView.swift in Sources */ = {isa = PBXBuildFile; fileRef = 373EE5B92838FF410077B7A4 /* SetNicknameView.swift */; };
		37B9DE0B2840EA44003C15DA /* Highlighting.swift in Sources */ = {isa = PBXBuildFile; fileRef = 37B9DE0A2840EA44003C15DA /* Highlighting.swift */; };
		37EFC426285E30D700F38FF3 /* SearchResult.swift in Sources */ = {isa = PBXBuildFile; fileRef = 37EFC425285E30D700F38FF3 /* SearchResult.swift */; };
		9E0E615E286E23CB0058BA87 /* Popup.swift in Sources */ = {isa = PBXBuildFile; fileRef = 9E0E615D286E23CB0058BA87 /* Popup.swift */; };
		9E0E61602875665D0058BA87 /* Folder.swift in Sources */ = {isa = PBXBuildFile; fileRef = 9E0E615F2875665D0058BA87 /* Folder.swift */; };
		9E13BEE428078F5D001DF4F2 /* ZStream.swift in Sources */ = {isa = PBXBuildFile; fileRef = 9E13BEE328078F5D001DF4F2 /* ZStream.swift */; };
		9E2C98772780CD1A008C6AFD /* AccordAlert.swift in Sources */ = {isa = PBXBuildFile; fileRef = 9E2C98762780CD1A008C6AFD /* AccordAlert.swift */; };
		9E2C98792780F573008C6AFD /* Gateway.swift in Sources */ = {isa = PBXBuildFile; fileRef = 9E2C98782780F573008C6AFD /* Gateway.swift */; };
		9E39B26A2787C30900069424 /* VisualStudioCodeRPC.swift in Sources */ = {isa = PBXBuildFile; fileRef = 9E39B2692787C30900069424 /* VisualStudioCodeRPC.swift */; };
		9E3B48DB280C348E00B131B7 /* ServerListViewCell.swift in Sources */ = {isa = PBXBuildFile; fileRef = 9E3B48DA280C348E00B131B7 /* ServerListViewCell.swift */; };
		9E4F3FC527764E200003E383 /* GifView.swift in Sources */ = {isa = PBXBuildFile; fileRef = 9E4F3FC427764E200003E383 /* GifView.swift */; };
		9E5145A8282FC8FD0070828B /* ProfileEditingView.swift in Sources */ = {isa = PBXBuildFile; fileRef = 9E5145A7282FC8FD0070828B /* ProfileEditingView.swift */; };
		9E56E09F29245AC600FDCF37 /* ObjC.swift in Sources */ = {isa = PBXBuildFile; fileRef = 9E56E09E29245AC600FDCF37 /* ObjC.swift */; };
		9E6470672741B9960026686C /* GuildView.swift in Sources */ = {isa = PBXBuildFile; fileRef = 9E6470662741B9960026686C /* GuildView.swift */; };
		9E6878ED283BB9EB001DD5AB /* FileAttachmentView.swift in Sources */ = {isa = PBXBuildFile; fileRef = 9E6878EC283BB9EB001DD5AB /* FileAttachmentView.swift */; };
		9E6B710027834F4600A26CB6 /* SwiftUI++.swift in Sources */ = {isa = PBXBuildFile; fileRef = 9E6B70FF27834F4600A26CB6 /* SwiftUI++.swift */; };
		9E6B71032783A6FE00A26CB6 /* Github.swift in Sources */ = {isa = PBXBuildFile; fileRef = 9E6B71022783A6FD00A26CB6 /* Github.swift */; };
		9E6B710A2784EBEC00A26CB6 /* GatewayEvent.swift in Sources */ = {isa = PBXBuildFile; fileRef = 9E6B71092784EBEC00A26CB6 /* GatewayEvent.swift */; };
		9E6BCC56277E23E80085F279 /* Reaction.swift in Sources */ = {isa = PBXBuildFile; fileRef = 9E6BCC55277E23E80085F279 /* Reaction.swift */; };
		9E6BCC5D277E43E10085F279 /* SearchView.swift in Sources */ = {isa = PBXBuildFile; fileRef = 9E6BCC5C277E43E10085F279 /* SearchView.swift */; };
		9E6BCC5F277E8D990085F279 /* Gateway+MessageHandle.swift in Sources */ = {isa = PBXBuildFile; fileRef = 9E6BCC5E277E8D990085F279 /* Gateway+MessageHandle.swift */; };
		9E6BCC62277E8E570085F279 /* LoadingScreenView.swift in Sources */ = {isa = PBXBuildFile; fileRef = 9E6BCC61277E8E570085F279 /* LoadingScreenView.swift */; };
		9E6BCC64277E8E850085F279 /* Print++.swift in Sources */ = {isa = PBXBuildFile; fileRef = 9E6BCC63277E8E850085F279 /* Print++.swift */; };
		9E6BCC66277E908B0085F279 /* XcodeRPC.swift in Sources */ = {isa = PBXBuildFile; fileRef = 9E6BCC65277E908B0085F279 /* XcodeRPC.swift */; };
		9E7803A0273B6FCE000A8DDD /* LoginPayloads.swift in Sources */ = {isa = PBXBuildFile; fileRef = 9E78039F273B6FCE000A8DDD /* LoginPayloads.swift */; };
		9E7834D22781F2D500ABB9F8 /* Combine++.swift in Sources */ = {isa = PBXBuildFile; fileRef = 9E7834D12781F2D500ABB9F8 /* Combine++.swift */; };
		9E7BC56D27472317008E3FAB /* Markdown.swift in Sources */ = {isa = PBXBuildFile; fileRef = 9E7BC56C27472317008E3FAB /* Markdown.swift */; };
		9E7E4D28279B63E8008FAF15 /* Models.swift in Sources */ = {isa = PBXBuildFile; fileRef = 9E7E4D27279B63E8008FAF15 /* Models.swift */; };
		9E7E4D2A279B64BA008FAF15 /* Engine.swift in Sources */ = {isa = PBXBuildFile; fileRef = 9E7E4D29279B64BA008FAF15 /* Engine.swift */; };
		9E7E4D30279B69D7008FAF15 /* Storage.swift in Sources */ = {isa = PBXBuildFile; fileRef = 9E7E4D2F279B69D7008FAF15 /* Storage.swift */; };
		9E7E4D32279BA105008FAF15 /* Core.swift in Sources */ = {isa = PBXBuildFile; fileRef = 9E7E4D31279BA105008FAF15 /* Core.swift */; };
		9E7E4D34279C7E2F008FAF15 /* AsyncMarkdown.swift in Sources */ = {isa = PBXBuildFile; fileRef = 9E7E4D33279C7E2F008FAF15 /* AsyncMarkdown.swift */; };
		9E82874D27BB515F00953A7B /* FolderListView.swift in Sources */ = {isa = PBXBuildFile; fileRef = 9E82874C27BB515F00953A7B /* FolderListView.swift */; };
		9E82874F27BB522600953A7B /* ServerListView+Init.swift in Sources */ = {isa = PBXBuildFile; fileRef = 9E82874E27BB522600953A7B /* ServerListView+Init.swift */; };
		9E82875127BD6C5400953A7B /* Permissions.swift in Sources */ = {isa = PBXBuildFile; fileRef = 9E82875027BD6C5400953A7B /* Permissions.swift */; };
		9E841775287AA75F007747ED /* FileUploadsView.swift in Sources */ = {isa = PBXBuildFile; fileRef = 9E841774287AA75F007747ED /* FileUploadsView.swift */; };
		9E8F8CA62773FC9C00A77600 /* Queues.swift in Sources */ = {isa = PBXBuildFile; fileRef = 9E8F8CA52773FC9C00A77600 /* Queues.swift */; };
		9E8F8CA82774037F00A77600 /* MentionsView.swift in Sources */ = {isa = PBXBuildFile; fileRef = 9E8F8CA72774037F00A77600 /* MentionsView.swift */; };
		9E9348652892210900E1AC5F /* MessagePinView.swift in Sources */ = {isa = PBXBuildFile; fileRef = 9E9348642892210900E1AC5F /* MessagePinView.swift */; };
		9E9348692894A95000E1AC5F /* Spoiler.swift in Sources */ = {isa = PBXBuildFile; fileRef = 9E9348682894A95000E1AC5F /* Spoiler.swift */; };
		9E96EB7A27DEC33D00BB3C8A /* Gateway+VoiceState.swift in Sources */ = {isa = PBXBuildFile; fileRef = 9E96EB7927DEC33D00BB3C8A /* Gateway+VoiceState.swift */; };
		9EA295212753D1490014927D /* MemberList.swift in Sources */ = {isa = PBXBuildFile; fileRef = 9EA295202753D1480014927D /* MemberList.swift */; };
		9EA3272A28810F5100F55DF0 /* ServerListViewModel.swift in Sources */ = {isa = PBXBuildFile; fileRef = 9EA3272928810F5100F55DF0 /* ServerListViewModel.swift */; };
		9EA7EFA728F8C1A20012E311 /* StickersView.swift in Sources */ = {isa = PBXBuildFile; fileRef = 9EA7EFA628F8C1A20012E311 /* StickersView.swift */; };
		9EB3303828344929007D38EF /* PrivateChannelsView.swift in Sources */ = {isa = PBXBuildFile; fileRef = 9EB3303728344929007D38EF /* PrivateChannelsView.swift */; };
		9EB3303A28344A10007D38EF /* DMButton.swift in Sources */ = {isa = PBXBuildFile; fileRef = 9EB3303928344A10007D38EF /* DMButton.swift */; };
		9EB3303C2835B295007D38EF /* PermissionOverwrites.swift in Sources */ = {isa = PBXBuildFile; fileRef = 9EB3303B2835B295007D38EF /* PermissionOverwrites.swift */; };
		9EB3304128372079007D38EF /* NewInviteSheet.swift in Sources */ = {isa = PBXBuildFile; fileRef = 9EB3304028372079007D38EF /* NewInviteSheet.swift */; };
		9EB330432837236F007D38EF /* InviteUpdate.swift in Sources */ = {isa = PBXBuildFile; fileRef = 9EB330422837236F007D38EF /* InviteUpdate.swift */; };
		9EB3582427BFFD3E0046A136 /* Collection++.swift in Sources */ = {isa = PBXBuildFile; fileRef = 9EB3582327BFFD3E0046A136 /* Collection++.swift */; };
		9EBF63EE28B45BD9005D36B3 /* Captcha.swift in Sources */ = {isa = PBXBuildFile; fileRef = 9EBF63ED28B45BD9005D36B3 /* Captcha.swift */; };
		9EC5FA122845B50000C2A416 /* JoinServerButton.swift in Sources */ = {isa = PBXBuildFile; fileRef = 9EC5FA112845B50000C2A416 /* JoinServerButton.swift */; };
		9EC5FA192845B9EA00C2A416 /* InteractionView.swift in Sources */ = {isa = PBXBuildFile; fileRef = 9EC5FA182845B9E900C2A416 /* InteractionView.swift */; };
		9EC5FA1B2845BACC00C2A416 /* AvatarView.swift in Sources */ = {isa = PBXBuildFile; fileRef = 9EC5FA1A2845BACC00C2A416 /* AvatarView.swift */; };
		9EC5FA1F2845BBCA00C2A416 /* GridStack.swift in Sources */ = {isa = PBXBuildFile; fileRef = 9EC5FA1E2845BBCA00C2A416 /* GridStack.swift */; };
		9EC5FA212845BC0600C2A416 /* AuthorText.swift in Sources */ = {isa = PBXBuildFile; fileRef = 9EC5FA202845BC0600C2A416 /* AuthorText.swift */; };
		9EC5FA232846346E00C2A416 /* ReplyView.swift in Sources */ = {isa = PBXBuildFile; fileRef = 9EC5FA222846346D00C2A416 /* ReplyView.swift */; };
		9EC5FA252846B7ED00C2A416 /* MessageCellMenu.swift in Sources */ = {isa = PBXBuildFile; fileRef = 9EC5FA242846B7ED00C2A416 /* MessageCellMenu.swift */; };
		9EC5FA272846B9D700C2A416 /* ReactionsGrid.swift in Sources */ = {isa = PBXBuildFile; fileRef = 9EC5FA262846B9D700C2A416 /* ReactionsGrid.swift */; };
		9EC5FA292846BC4D00C2A416 /* RecipientAddView.swift in Sources */ = {isa = PBXBuildFile; fileRef = 9EC5FA282846BC4D00C2A416 /* RecipientAddView.swift */; };
		9EC5FA2B2846BD7800C2A416 /* RecipientRemoveView.swift in Sources */ = {isa = PBXBuildFile; fileRef = 9EC5FA2A2846BD7800C2A416 /* RecipientRemoveView.swift */; };
		9EC5FA2D2846BDD200C2A416 /* ChannelNameChangeView.swift in Sources */ = {isa = PBXBuildFile; fileRef = 9EC5FA2C2846BDD200C2A416 /* ChannelNameChangeView.swift */; };
		9EC5FA2F2846BE2000C2A416 /* WelcomeMessageView.swift in Sources */ = {isa = PBXBuildFile; fileRef = 9EC5FA2E2846BE2000C2A416 /* WelcomeMessageView.swift */; };
		9EC5FA312846BE8300C2A416 /* StickerView.swift in Sources */ = {isa = PBXBuildFile; fileRef = 9EC5FA302846BE8300C2A416 /* StickerView.swift */; };
		9EC5FA352846C1B400C2A416 /* MatchesView.swift in Sources */ = {isa = PBXBuildFile; fileRef = 9EC5FA342846C1B400C2A416 /* MatchesView.swift */; };
		9EC8D278290564E10096E6C7 /* BigSur.swift in Sources */ = {isa = PBXBuildFile; fileRef = 9EC8D277290564E10096E6C7 /* BigSur.swift */; };
		9ECB0F3F2766D3DA0019ADAE /* MessageCellView.swift in Sources */ = {isa = PBXBuildFile; fileRef = 9ECB0F3E2766D3DA0019ADAE /* MessageCellView.swift */; };
		9ECE08F5277286E3001BA0F7 /* PinsView.swift in Sources */ = {isa = PBXBuildFile; fileRef = 9ECE08F4277286E3001BA0F7 /* PinsView.swift */; };
		9ECE42BB279E133900883D0A /* ChatControlsViewModel.swift in Sources */ = {isa = PBXBuildFile; fileRef = 9ECE42BA279E133900883D0A /* ChatControlsViewModel.swift */; };
		9ED3011127A6C76300D6235D /* Keypath++.swift in Sources */ = {isa = PBXBuildFile; fileRef = 9ED3011027A6C76300D6235D /* Keypath++.swift */; };
		9ED3011327A8C40600D6235D /* RegisterImages.swift in Sources */ = {isa = PBXBuildFile; fileRef = 9ED3011227A8C40600D6235D /* RegisterImages.swift */; };
		9ED4A5AF276E334600BD485C /* AppKitLink.swift in Sources */ = {isa = PBXBuildFile; fileRef = 9ED4A5AE276E334600BD485C /* AppKitLink.swift */; };
		9ED818B3277BF133004D684C /* MediaRemoteWrapper.swift in Sources */ = {isa = PBXBuildFile; fileRef = 9ED818B2277BF133004D684C /* MediaRemoteWrapper.swift */; };
		9ED8715828A529A2000F8843 /* ServerBoost.swift in Sources */ = {isa = PBXBuildFile; fileRef = 9ED8715728A529A2000F8843 /* ServerBoost.swift */; };
		9ED8715A28A52A34000F8843 /* ServerLevelUp.swift in Sources */ = {isa = PBXBuildFile; fileRef = 9ED8715928A52A34000F8843 /* ServerLevelUp.swift */; };
		9EDD136627D5A55A000685E6 /* String++.swift in Sources */ = {isa = PBXBuildFile; fileRef = 9EDD136527D5A55A000685E6 /* String++.swift */; };
		9EDD136827D6F951000685E6 /* Regex.swift in Sources */ = {isa = PBXBuildFile; fileRef = 9EDD136727D6F951000685E6 /* Regex.swift */; };
		9EDDB1B32831E4FC00510036 /* Reachability.swift in Sources */ = {isa = PBXBuildFile; fileRef = 9EDDB1B22831E4FC00510036 /* Reachability.swift */; };
		9EE2467E28F192DD004AB87B /* PlatformNavigation.swift in Sources */ = {isa = PBXBuildFile; fileRef = 9EE2467D28F192DD004AB87B /* PlatformNavigation.swift */; };
		9EE7E13628EA234D0021BE4F /* UserGuildSettings.swift in Sources */ = {isa = PBXBuildFile; fileRef = 9EE7E13528EA234D0021BE4F /* UserGuildSettings.swift */; };
		9EEC6D6D2890429E0005DF30 /* MessageUpdate.swift in Sources */ = {isa = PBXBuildFile; fileRef = 9EEC6D6C2890429E0005DF30 /* MessageUpdate.swift */; };
		9EF5FFDA285CE0FE001B68FA /* ForumChannelList.swift in Sources */ = {isa = PBXBuildFile; fileRef = 9EF5FFD9285CE0FE001B68FA /* ForumChannelList.swift */; };
		9EF5FFDC285E010C001B68FA /* Globals.swift in Sources */ = {isa = PBXBuildFile; fileRef = 9EF5FFDB285E010C001B68FA /* Globals.swift */; };
		9EFACB9828D3DB82005AA690 /* AppModel++.swift in Sources */ = {isa = PBXBuildFile; fileRef = 9EFACB9728D3DB82005AA690 /* AppModel++.swift */; };
		A80FEC2327234DE7005F9950 /* ChannelViewViewModel.swift in Sources */ = {isa = PBXBuildFile; fileRef = A80FEC2227234DE7005F9950 /* ChannelViewViewModel.swift */; };
		A80FEC2B2724FD35005F9950 /* ImageProcessing.swift in Sources */ = {isa = PBXBuildFile; fileRef = A80FEC262724FD35005F9950 /* ImageProcessing.swift */; };
		A80FEC2C2724FD35005F9950 /* Operators++.swift in Sources */ = {isa = PBXBuildFile; fileRef = A80FEC272724FD35005F9950 /* Operators++.swift */; };
		A80FEC2D2724FD35005F9950 /* Networking++.swift in Sources */ = {isa = PBXBuildFile; fileRef = A80FEC282724FD35005F9950 /* Networking++.swift */; };
		A80FEC2E2724FD35005F9950 /* NSColor++.swift in Sources */ = {isa = PBXBuildFile; fileRef = A80FEC292724FD35005F9950 /* NSColor++.swift */; };
		A80FEC2F2724FD35005F9950 /* UserNotifications.swift in Sources */ = {isa = PBXBuildFile; fileRef = A80FEC2A2724FD35005F9950 /* UserNotifications.swift */; };
		A80FEC31272583B4005F9950 /* Embed.swift in Sources */ = {isa = PBXBuildFile; fileRef = A80FEC30272583B4005F9950 /* Embed.swift */; };
		A80FEC3327258457005F9950 /* EmbedView.swift in Sources */ = {isa = PBXBuildFile; fileRef = A80FEC3227258457005F9950 /* EmbedView.swift */; };
		A80FEC36272779F2005F9950 /* PluginLoader.swift in Sources */ = {isa = PBXBuildFile; fileRef = A80FEC35272779F2005F9950 /* PluginLoader.swift */; };
		A8113118268EA0B3002EA665 /* AVKit.framework in Frameworks */ = {isa = PBXBuildFile; fileRef = A8113117268EA0B3002EA665 /* AVKit.framework */; };
		A811311A268EA18F002EA665 /* WebKit.framework in Frameworks */ = {isa = PBXBuildFile; fileRef = A8113119268EA18E002EA665 /* WebKit.framework */; settings = {ATTRIBUTES = (Required, ); }; };
		A82A05FF26D3F4D2007B9B27 /* ChannelView+TextField.swift in Sources */ = {isa = PBXBuildFile; fileRef = A82A05FE26D3F4D2007B9B27 /* ChannelView+TextField.swift */; };
		A82A060126D3F5A4007B9B27 /* ChatControlsView.swift in Sources */ = {isa = PBXBuildFile; fileRef = A82A060026D3F5A4007B9B27 /* ChatControlsView.swift */; };
		A82A061E26D97D5C007B9B27 /* GatewayStructure.swift in Sources */ = {isa = PBXBuildFile; fileRef = A82A061D26D97D5C007B9B27 /* GatewayStructure.swift */; };
		A82A062026D98193007B9B27 /* Settings.swift in Sources */ = {isa = PBXBuildFile; fileRef = A82A061F26D98193007B9B27 /* Settings.swift */; };
		A82A062226D981B4007B9B27 /* Status.swift in Sources */ = {isa = PBXBuildFile; fileRef = A82A062126D981B4007B9B27 /* Status.swift */; };
		A82A062426D98259007B9B27 /* ReadState.swift in Sources */ = {isa = PBXBuildFile; fileRef = A82A062326D98259007B9B27 /* ReadState.swift */; };
		A832557826EEEC1D00F18A55 /* ServerListView+Misc.swift in Sources */ = {isa = PBXBuildFile; fileRef = A832557726EEEC1D00F18A55 /* ServerListView+Misc.swift */; };
		A85D3FDE2677A681002327AD /* Images.swift in Sources */ = {isa = PBXBuildFile; fileRef = A85D3FDD2677A681002327AD /* Images.swift */; };
		A864BE612686700300B244BE /* MainView.swift in Sources */ = {isa = PBXBuildFile; fileRef = A864BE5D2686700300B244BE /* MainView.swift */; };
		A869085D269DDCE500F13CAD /* PopoverProfileView.swift in Sources */ = {isa = PBXBuildFile; fileRef = A869085C269DDCE400F13CAD /* PopoverProfileView.swift */; };
		A869085F269F2A0A00F13CAD /* SettingsView.swift in Sources */ = {isa = PBXBuildFile; fileRef = A869085E269F2A0A00F13CAD /* SettingsView.swift */; };
		A88A3D15265B22C4003AE08F /* LoginView.swift in Sources */ = {isa = PBXBuildFile; fileRef = A88A3D14265B22C4003AE08F /* LoginView.swift */; };
		A8922501266ED88B00FEA21C /* Extensions.swift in Sources */ = {isa = PBXBuildFile; fileRef = A8922500266ED88B00FEA21C /* Extensions.swift */; };
		A898453E26978EBA00B1C9DB /* EmotesView.swift in Sources */ = {isa = PBXBuildFile; fileRef = A898453D26978EBA00B1C9DB /* EmotesView.swift */; };
		A89845422698C3FD00B1C9DB /* GifManager.swift in Sources */ = {isa = PBXBuildFile; fileRef = A89845402698C3FD00B1C9DB /* GifManager.swift */; };
		A89BE786266BDFB3007B0CBF /* Socket.swift in Sources */ = {isa = PBXBuildFile; fileRef = A89BE785266BDFB3007B0CBF /* Socket.swift */; };
		A8A14CC326CE9A29006C4AEC /* Roles.swift in Sources */ = {isa = PBXBuildFile; fileRef = A8A14CC226CE9A29006C4AEC /* Roles.swift */; };
		A8B1F29626CB163B00E8FDC5 /* User.swift in Sources */ = {isa = PBXBuildFile; fileRef = A8B1F29526CB163B00E8FDC5 /* User.swift */; };
		A8B1F29826CB166C00E8FDC5 /* Events.swift in Sources */ = {isa = PBXBuildFile; fileRef = A8B1F29726CB166C00E8FDC5 /* Events.swift */; };
		A8B1F29A26CB169800E8FDC5 /* Message.swift in Sources */ = {isa = PBXBuildFile; fileRef = A8B1F29926CB169800E8FDC5 /* Message.swift */; };
		A8B1F29C26CB16C400E8FDC5 /* Attachment.swift in Sources */ = {isa = PBXBuildFile; fileRef = A8B1F29B26CB16C400E8FDC5 /* Attachment.swift */; };
		A8B1F29E26CB16DE00E8FDC5 /* Emote.swift in Sources */ = {isa = PBXBuildFile; fileRef = A8B1F29D26CB16DE00E8FDC5 /* Emote.swift */; };
		A8B1F2A026CB16F500E8FDC5 /* Guild.swift in Sources */ = {isa = PBXBuildFile; fileRef = A8B1F29F26CB16F500E8FDC5 /* Guild.swift */; };
		A8B1F2A426CB176900E8FDC5 /* Channel.swift in Sources */ = {isa = PBXBuildFile; fileRef = A8B1F2A326CB176900E8FDC5 /* Channel.swift */; };
		A8BC5254268DF5AD00B7823E /* AttachmentView.swift in Sources */ = {isa = PBXBuildFile; fileRef = A8BC5253268DF5AD00B7823E /* AttachmentView.swift */; };
		A8C73D1226F5812D00CF0350 /* Songlink.swift in Sources */ = {isa = PBXBuildFile; fileRef = A8C73D1126F5812D00CF0350 /* Songlink.swift */; };
		A8C73D1426F583A000CF0350 /* SongLink.swift in Sources */ = {isa = PBXBuildFile; fileRef = A8C73D1326F583A000CF0350 /* SongLink.swift */; };
		A8CD4C9F267CF9EB00E2C4F1 /* Keychain.swift in Sources */ = {isa = PBXBuildFile; fileRef = A8CD4C9E267CF9EB00E2C4F1 /* Keychain.swift */; };
		A8CD4CA5267D27F300E2C4F1 /* ServerListView.swift in Sources */ = {isa = PBXBuildFile; fileRef = A8CD4CA4267D27F300E2C4F1 /* ServerListView.swift */; };
		A8F84D6326DF19E5007A8625 /* Sticker.swift in Sources */ = {isa = PBXBuildFile; fileRef = A8F84D6226DF19E5007A8625 /* Sticker.swift */; };
/* End PBXBuildFile section */

/* Begin PBXCopyFilesBuildPhase section */
		32ADD59925839980008D1715 /* Embed Foundation Extensions */ = {
			isa = PBXCopyFilesBuildPhase;
			buildActionMask = 2147483647;
			dstPath = "";
			dstSubfolderSpec = 13;
			files = (
			);
			name = "Embed Foundation Extensions";
			runOnlyForDeploymentPostprocessing = 0;
		};
/* End PBXCopyFilesBuildPhase section */

/* Begin PBXFileReference section */
		32AA719025EAEEDA00550BA5 /* Request.swift */ = {isa = PBXFileReference; lastKnownFileType = sourcecode.swift; path = Request.swift; sourceTree = "<group>"; };
		32ADD58A2583997F008D1715 /* SwiftUI.framework */ = {isa = PBXFileReference; lastKnownFileType = wrapper.framework; name = SwiftUI.framework; path = System/Library/Frameworks/SwiftUI.framework; sourceTree = SDKROOT; };
		32F3742A25733D8000ADB7E6 /* ChannelView.swift */ = {isa = PBXFileReference; fileEncoding = 4; lastKnownFileType = sourcecode.swift; path = ChannelView.swift; sourceTree = "<group>"; };
		32F3742C25733D8000ADB7E6 /* Constants.swift */ = {isa = PBXFileReference; fileEncoding = 4; lastKnownFileType = sourcecode.swift; path = Constants.swift; sourceTree = "<group>"; };
		32F4C957256D7D3300343BB3 /* Accord.app */ = {isa = PBXFileReference; explicitFileType = wrapper.application; includeInIndex = 0; path = Accord.app; sourceTree = BUILT_PRODUCTS_DIR; };
		32F4C95A256D7D3300343BB3 /* AccordApp.swift */ = {isa = PBXFileReference; lastKnownFileType = sourcecode.swift; path = AccordApp.swift; sourceTree = "<group>"; };
		32F4C95C256D7D3300343BB3 /* ContentView.swift */ = {isa = PBXFileReference; lastKnownFileType = sourcecode.swift; path = ContentView.swift; sourceTree = "<group>"; };
		32F4C95E256D7D3500343BB3 /* Assets.xcassets */ = {isa = PBXFileReference; lastKnownFileType = folder.assetcatalog; path = Assets.xcassets; sourceTree = "<group>"; };
		32F4C963256D7D3500343BB3 /* Info.plist */ = {isa = PBXFileReference; lastKnownFileType = text.plist.xml; path = Info.plist; sourceTree = "<group>"; };
		32F4C964256D7D3500343BB3 /* Accord.entitlements */ = {isa = PBXFileReference; lastKnownFileType = text.plist.entitlements; path = Accord.entitlements; sourceTree = "<group>"; };
		370AF4112834504C0055AA1D /* JoinServerSheetView.swift */ = {isa = PBXFileReference; lastKnownFileType = sourcecode.swift; path = JoinServerSheetView.swift; sourceTree = "<group>"; };
		373EE5B92838FF410077B7A4 /* SetNicknameView.swift */ = {isa = PBXFileReference; lastKnownFileType = sourcecode.swift; path = SetNicknameView.swift; sourceTree = "<group>"; };
		37B9DE0A2840EA44003C15DA /* Highlighting.swift */ = {isa = PBXFileReference; fileEncoding = 4; lastKnownFileType = sourcecode.swift; path = Highlighting.swift; sourceTree = "<group>"; };
		37EFC425285E30D700F38FF3 /* SearchResult.swift */ = {isa = PBXFileReference; lastKnownFileType = sourcecode.swift; path = SearchResult.swift; sourceTree = "<group>"; };
		490B2AAA278D20A100EA4F31 /* Accord_1.0.0_Universal.zip */ = {isa = PBXFileReference; explicitFileType = archive.zip; includeInIndex = 0; path = Accord_1.0.0_Universal.zip; sourceTree = BUILT_PRODUCTS_DIR; };
		490B2AAB278D20A100EA4F31 /* me.evelyn.accord_1.0.0_darwin-amd64.deb */ = {isa = PBXFileReference; explicitFileType = archive.ar; includeInIndex = 0; path = "me.evelyn.accord_1.0.0_darwin-amd64.deb"; sourceTree = BUILT_PRODUCTS_DIR; };
		490B2AAC278D20A100EA4F31 /* me.evelyn.accord_1.0.0_darwin-arm64.deb */ = {isa = PBXFileReference; explicitFileType = archive.ar; includeInIndex = 0; path = "me.evelyn.accord_1.0.0_darwin-arm64.deb"; sourceTree = BUILT_PRODUCTS_DIR; };
		490B2AB4278D21FD00EA4F31 /* me.evelyn.accord_1.0.0_darwin-arm64.deb */ = {isa = PBXFileReference; explicitFileType = archive.ar; includeInIndex = 0; name = "me.evelyn.accord_1.0.0_darwin-arm64.deb"; path = "../Release/me.evelyn.accord_1.0.0_darwin-arm64.deb"; sourceTree = BUILT_PRODUCTS_DIR; };
		490B2AB5278D21FD00EA4F31 /* me.evelyn.accord_1.0.0_darwin-amd64.deb */ = {isa = PBXFileReference; explicitFileType = archive.ar; includeInIndex = 0; name = "me.evelyn.accord_1.0.0_darwin-amd64.deb"; path = "../Release/me.evelyn.accord_1.0.0_darwin-amd64.deb"; sourceTree = BUILT_PRODUCTS_DIR; };
		490B2AB6278D21FD00EA4F31 /* Accord.app */ = {isa = PBXFileReference; explicitFileType = wrapper.application; includeInIndex = 0; name = Accord.app; path = ../Release/Accord.app; sourceTree = BUILT_PRODUCTS_DIR; };
		490B2AB7278D21FD00EA4F31 /* Accord_1.0.0_Universal.zip */ = {isa = PBXFileReference; explicitFileType = archive.zip; includeInIndex = 0; name = Accord_1.0.0_Universal.zip; path = ../Release/Accord_1.0.0_Universal.zip; sourceTree = BUILT_PRODUCTS_DIR; };
		490B2AB8278D220E00EA4F31 /* Accord */ = {isa = PBXFileReference; explicitFileType = "compiled.mach-o.executable"; includeInIndex = 0; name = Accord; path = ../Release/Accord.app/Contents/MacOS/Accord; sourceTree = BUILT_PRODUCTS_DIR; };
		49F29FAE26A0A52900C1205A /* Accord */ = {isa = PBXFileReference; explicitFileType = "compiled.mach-o.executable"; includeInIndex = 0; name = Accord; path = Accord.app/Contents/MacOS/Accord; sourceTree = BUILT_PRODUCTS_DIR; };
		9E0088CD279366FD00F36D6B /* NativeRPC.swift */ = {isa = PBXFileReference; lastKnownFileType = sourcecode.swift; path = NativeRPC.swift; sourceTree = "<group>"; };
		9E0088CF27937F5300F36D6B /* IPC.swift */ = {isa = PBXFileReference; lastKnownFileType = sourcecode.swift; path = IPC.swift; sourceTree = "<group>"; };
		9E0E615D286E23CB0058BA87 /* Popup.swift */ = {isa = PBXFileReference; lastKnownFileType = sourcecode.swift; path = Popup.swift; sourceTree = "<group>"; };
		9E0E615F2875665D0058BA87 /* Folder.swift */ = {isa = PBXFileReference; lastKnownFileType = sourcecode.swift; path = Folder.swift; sourceTree = "<group>"; };
		9E13BEE328078F5D001DF4F2 /* ZStream.swift */ = {isa = PBXFileReference; lastKnownFileType = sourcecode.swift; path = ZStream.swift; sourceTree = "<group>"; };
		9E2C98762780CD1A008C6AFD /* AccordAlert.swift */ = {isa = PBXFileReference; lastKnownFileType = sourcecode.swift; path = AccordAlert.swift; sourceTree = "<group>"; };
		9E2C98782780F573008C6AFD /* Gateway.swift */ = {isa = PBXFileReference; lastKnownFileType = sourcecode.swift; path = Gateway.swift; sourceTree = "<group>"; };
		9E39B2692787C30900069424 /* VisualStudioCodeRPC.swift */ = {isa = PBXFileReference; lastKnownFileType = sourcecode.swift; path = VisualStudioCodeRPC.swift; sourceTree = "<group>"; };
		9E3B48DA280C348E00B131B7 /* ServerListViewCell.swift */ = {isa = PBXFileReference; lastKnownFileType = sourcecode.swift; path = ServerListViewCell.swift; sourceTree = "<group>"; };
		9E4F3FC427764E200003E383 /* GifView.swift */ = {isa = PBXFileReference; lastKnownFileType = sourcecode.swift; path = GifView.swift; sourceTree = "<group>"; };
		9E5145A7282FC8FD0070828B /* ProfileEditingView.swift */ = {isa = PBXFileReference; lastKnownFileType = sourcecode.swift; path = ProfileEditingView.swift; sourceTree = "<group>"; };
		9E56E09E29245AC600FDCF37 /* ObjC.swift */ = {isa = PBXFileReference; lastKnownFileType = sourcecode.swift; path = ObjC.swift; sourceTree = "<group>"; };
		9E6470662741B9960026686C /* GuildView.swift */ = {isa = PBXFileReference; lastKnownFileType = sourcecode.swift; path = GuildView.swift; sourceTree = "<group>"; };
		9E6878EC283BB9EB001DD5AB /* FileAttachmentView.swift */ = {isa = PBXFileReference; lastKnownFileType = sourcecode.swift; path = FileAttachmentView.swift; sourceTree = "<group>"; };
		9E6B70FF27834F4600A26CB6 /* SwiftUI++.swift */ = {isa = PBXFileReference; lastKnownFileType = sourcecode.swift; path = "SwiftUI++.swift"; sourceTree = "<group>"; };
		9E6B71022783A6FD00A26CB6 /* Github.swift */ = {isa = PBXFileReference; lastKnownFileType = sourcecode.swift; path = Github.swift; sourceTree = "<group>"; };
		9E6B71072783ABD500A26CB6 /* README.md */ = {isa = PBXFileReference; lastKnownFileType = net.daringfireball.markdown; path = README.md; sourceTree = "<group>"; };
		9E6B71092784EBEC00A26CB6 /* GatewayEvent.swift */ = {isa = PBXFileReference; lastKnownFileType = sourcecode.swift; path = GatewayEvent.swift; sourceTree = "<group>"; };
		9E6BCC55277E23E80085F279 /* Reaction.swift */ = {isa = PBXFileReference; lastKnownFileType = sourcecode.swift; path = Reaction.swift; sourceTree = "<group>"; };
		9E6BCC5C277E43E10085F279 /* SearchView.swift */ = {isa = PBXFileReference; lastKnownFileType = sourcecode.swift; path = SearchView.swift; sourceTree = "<group>"; };
		9E6BCC5E277E8D990085F279 /* Gateway+MessageHandle.swift */ = {isa = PBXFileReference; lastKnownFileType = sourcecode.swift; path = "Gateway+MessageHandle.swift"; sourceTree = "<group>"; };
		9E6BCC61277E8E570085F279 /* LoadingScreenView.swift */ = {isa = PBXFileReference; lastKnownFileType = sourcecode.swift; path = LoadingScreenView.swift; sourceTree = "<group>"; };
		9E6BCC63277E8E850085F279 /* Print++.swift */ = {isa = PBXFileReference; lastKnownFileType = sourcecode.swift; path = "Print++.swift"; sourceTree = "<group>"; };
		9E6BCC65277E908B0085F279 /* XcodeRPC.swift */ = {isa = PBXFileReference; lastKnownFileType = sourcecode.swift; path = XcodeRPC.swift; sourceTree = "<group>"; };
		9E78039F273B6FCE000A8DDD /* LoginPayloads.swift */ = {isa = PBXFileReference; lastKnownFileType = sourcecode.swift; path = LoginPayloads.swift; sourceTree = "<group>"; };
		9E7834D12781F2D500ABB9F8 /* Combine++.swift */ = {isa = PBXFileReference; lastKnownFileType = sourcecode.swift; path = "Combine++.swift"; sourceTree = "<group>"; };
		9E7BC56C27472317008E3FAB /* Markdown.swift */ = {isa = PBXFileReference; lastKnownFileType = sourcecode.swift; path = Markdown.swift; sourceTree = "<group>"; };
		9E7E4D27279B63E8008FAF15 /* Models.swift */ = {isa = PBXFileReference; lastKnownFileType = sourcecode.swift; path = Models.swift; sourceTree = "<group>"; };
		9E7E4D29279B64BA008FAF15 /* Engine.swift */ = {isa = PBXFileReference; lastKnownFileType = sourcecode.swift; path = Engine.swift; sourceTree = "<group>"; };
		9E7E4D2F279B69D7008FAF15 /* Storage.swift */ = {isa = PBXFileReference; lastKnownFileType = sourcecode.swift; path = Storage.swift; sourceTree = "<group>"; };
		9E7E4D31279BA105008FAF15 /* Core.swift */ = {isa = PBXFileReference; lastKnownFileType = sourcecode.swift; path = Core.swift; sourceTree = "<group>"; };
		9E7E4D33279C7E2F008FAF15 /* AsyncMarkdown.swift */ = {isa = PBXFileReference; lastKnownFileType = sourcecode.swift; path = AsyncMarkdown.swift; sourceTree = "<group>"; };
		9E82874C27BB515F00953A7B /* FolderListView.swift */ = {isa = PBXFileReference; lastKnownFileType = sourcecode.swift; path = FolderListView.swift; sourceTree = "<group>"; };
		9E82874E27BB522600953A7B /* ServerListView+Init.swift */ = {isa = PBXFileReference; lastKnownFileType = sourcecode.swift; path = "ServerListView+Init.swift"; sourceTree = "<group>"; };
		9E82875027BD6C5400953A7B /* Permissions.swift */ = {isa = PBXFileReference; lastKnownFileType = sourcecode.swift; path = Permissions.swift; sourceTree = "<group>"; };
		9E841774287AA75F007747ED /* FileUploadsView.swift */ = {isa = PBXFileReference; lastKnownFileType = sourcecode.swift; path = FileUploadsView.swift; sourceTree = "<group>"; };
		9E8F8CA52773FC9C00A77600 /* Queues.swift */ = {isa = PBXFileReference; lastKnownFileType = sourcecode.swift; path = Queues.swift; sourceTree = "<group>"; };
		9E8F8CA72774037F00A77600 /* MentionsView.swift */ = {isa = PBXFileReference; fileEncoding = 4; lastKnownFileType = sourcecode.swift; path = MentionsView.swift; sourceTree = "<group>"; };
		9E9348642892210900E1AC5F /* MessagePinView.swift */ = {isa = PBXFileReference; lastKnownFileType = sourcecode.swift; path = MessagePinView.swift; sourceTree = "<group>"; };
		9E9348682894A95000E1AC5F /* Spoiler.swift */ = {isa = PBXFileReference; lastKnownFileType = sourcecode.swift; path = Spoiler.swift; sourceTree = "<group>"; };
		9E96EB7927DEC33D00BB3C8A /* Gateway+VoiceState.swift */ = {isa = PBXFileReference; lastKnownFileType = sourcecode.swift; path = "Gateway+VoiceState.swift"; sourceTree = "<group>"; };
		9EA295202753D1480014927D /* MemberList.swift */ = {isa = PBXFileReference; lastKnownFileType = sourcecode.swift; path = MemberList.swift; sourceTree = "<group>"; };
		9EA3272928810F5100F55DF0 /* ServerListViewModel.swift */ = {isa = PBXFileReference; lastKnownFileType = sourcecode.swift; path = ServerListViewModel.swift; sourceTree = "<group>"; };
		9EA7EFA628F8C1A20012E311 /* StickersView.swift */ = {isa = PBXFileReference; lastKnownFileType = sourcecode.swift; path = StickersView.swift; sourceTree = "<group>"; };
		9EB3303728344929007D38EF /* PrivateChannelsView.swift */ = {isa = PBXFileReference; lastKnownFileType = sourcecode.swift; path = PrivateChannelsView.swift; sourceTree = "<group>"; };
		9EB3303928344A10007D38EF /* DMButton.swift */ = {isa = PBXFileReference; lastKnownFileType = sourcecode.swift; path = DMButton.swift; sourceTree = "<group>"; };
		9EB3303B2835B295007D38EF /* PermissionOverwrites.swift */ = {isa = PBXFileReference; lastKnownFileType = sourcecode.swift; path = PermissionOverwrites.swift; sourceTree = "<group>"; };
		9EB3304028372079007D38EF /* NewInviteSheet.swift */ = {isa = PBXFileReference; lastKnownFileType = sourcecode.swift; path = NewInviteSheet.swift; sourceTree = "<group>"; };
		9EB330422837236F007D38EF /* InviteUpdate.swift */ = {isa = PBXFileReference; lastKnownFileType = sourcecode.swift; path = InviteUpdate.swift; sourceTree = "<group>"; };
		9EB3582327BFFD3E0046A136 /* Collection++.swift */ = {isa = PBXFileReference; lastKnownFileType = sourcecode.swift; path = "Collection++.swift"; sourceTree = "<group>"; };
		9EBF63ED28B45BD9005D36B3 /* Captcha.swift */ = {isa = PBXFileReference; lastKnownFileType = sourcecode.swift; path = Captcha.swift; sourceTree = "<group>"; };
		9EC5FA112845B50000C2A416 /* JoinServerButton.swift */ = {isa = PBXFileReference; lastKnownFileType = sourcecode.swift; path = JoinServerButton.swift; sourceTree = "<group>"; };
		9EC5FA182845B9E900C2A416 /* InteractionView.swift */ = {isa = PBXFileReference; lastKnownFileType = sourcecode.swift; path = InteractionView.swift; sourceTree = "<group>"; };
		9EC5FA1A2845BACC00C2A416 /* AvatarView.swift */ = {isa = PBXFileReference; lastKnownFileType = sourcecode.swift; path = AvatarView.swift; sourceTree = "<group>"; };
		9EC5FA1E2845BBCA00C2A416 /* GridStack.swift */ = {isa = PBXFileReference; lastKnownFileType = sourcecode.swift; path = GridStack.swift; sourceTree = "<group>"; };
		9EC5FA202845BC0600C2A416 /* AuthorText.swift */ = {isa = PBXFileReference; lastKnownFileType = sourcecode.swift; path = AuthorText.swift; sourceTree = "<group>"; };
		9EC5FA222846346D00C2A416 /* ReplyView.swift */ = {isa = PBXFileReference; lastKnownFileType = sourcecode.swift; path = ReplyView.swift; sourceTree = "<group>"; };
		9EC5FA242846B7ED00C2A416 /* MessageCellMenu.swift */ = {isa = PBXFileReference; lastKnownFileType = sourcecode.swift; path = MessageCellMenu.swift; sourceTree = "<group>"; };
		9EC5FA262846B9D700C2A416 /* ReactionsGrid.swift */ = {isa = PBXFileReference; lastKnownFileType = sourcecode.swift; path = ReactionsGrid.swift; sourceTree = "<group>"; };
		9EC5FA282846BC4D00C2A416 /* RecipientAddView.swift */ = {isa = PBXFileReference; lastKnownFileType = sourcecode.swift; path = RecipientAddView.swift; sourceTree = "<group>"; };
		9EC5FA2A2846BD7800C2A416 /* RecipientRemoveView.swift */ = {isa = PBXFileReference; lastKnownFileType = sourcecode.swift; path = RecipientRemoveView.swift; sourceTree = "<group>"; };
		9EC5FA2C2846BDD200C2A416 /* ChannelNameChangeView.swift */ = {isa = PBXFileReference; lastKnownFileType = sourcecode.swift; path = ChannelNameChangeView.swift; sourceTree = "<group>"; };
		9EC5FA2E2846BE2000C2A416 /* WelcomeMessageView.swift */ = {isa = PBXFileReference; lastKnownFileType = sourcecode.swift; path = WelcomeMessageView.swift; sourceTree = "<group>"; };
		9EC5FA302846BE8300C2A416 /* StickerView.swift */ = {isa = PBXFileReference; lastKnownFileType = sourcecode.swift; path = StickerView.swift; sourceTree = "<group>"; };
		9EC5FA342846C1B400C2A416 /* MatchesView.swift */ = {isa = PBXFileReference; lastKnownFileType = sourcecode.swift; path = MatchesView.swift; sourceTree = "<group>"; };
		9EC5FA362849196A00C2A416 /* RTCSocket.swift */ = {isa = PBXFileReference; lastKnownFileType = sourcecode.swift; path = RTCSocket.swift; sourceTree = "<group>"; };
		9EC5FA3828491D3500C2A416 /* Opcodes.swift */ = {isa = PBXFileReference; lastKnownFileType = sourcecode.swift; path = Opcodes.swift; sourceTree = "<group>"; };
		9EC8D277290564E10096E6C7 /* BigSur.swift */ = {isa = PBXFileReference; lastKnownFileType = sourcecode.swift; path = BigSur.swift; sourceTree = "<group>"; };
		9ECB0F3E2766D3DA0019ADAE /* MessageCellView.swift */ = {isa = PBXFileReference; lastKnownFileType = sourcecode.swift; path = MessageCellView.swift; sourceTree = "<group>"; };
		9ECE08F4277286E3001BA0F7 /* PinsView.swift */ = {isa = PBXFileReference; lastKnownFileType = sourcecode.swift; path = PinsView.swift; sourceTree = "<group>"; };
		9ECE42BA279E133900883D0A /* ChatControlsViewModel.swift */ = {isa = PBXFileReference; lastKnownFileType = sourcecode.swift; path = ChatControlsViewModel.swift; sourceTree = "<group>"; };
		9ED3011027A6C76300D6235D /* Keypath++.swift */ = {isa = PBXFileReference; lastKnownFileType = sourcecode.swift; path = "Keypath++.swift"; sourceTree = "<group>"; };
		9ED3011227A8C40600D6235D /* RegisterImages.swift */ = {isa = PBXFileReference; lastKnownFileType = sourcecode.swift; path = RegisterImages.swift; sourceTree = "<group>"; };
		9ED4A5AE276E334600BD485C /* AppKitLink.swift */ = {isa = PBXFileReference; lastKnownFileType = sourcecode.swift; path = AppKitLink.swift; sourceTree = "<group>"; };
		9ED818B2277BF133004D684C /* MediaRemoteWrapper.swift */ = {isa = PBXFileReference; lastKnownFileType = sourcecode.swift; path = MediaRemoteWrapper.swift; sourceTree = "<group>"; };
		9ED8715728A529A2000F8843 /* ServerBoost.swift */ = {isa = PBXFileReference; lastKnownFileType = sourcecode.swift; path = ServerBoost.swift; sourceTree = "<group>"; };
		9ED8715928A52A34000F8843 /* ServerLevelUp.swift */ = {isa = PBXFileReference; lastKnownFileType = sourcecode.swift; path = ServerLevelUp.swift; sourceTree = "<group>"; };
		9EDD136527D5A55A000685E6 /* String++.swift */ = {isa = PBXFileReference; lastKnownFileType = sourcecode.swift; path = "String++.swift"; sourceTree = "<group>"; };
		9EDD136727D6F951000685E6 /* Regex.swift */ = {isa = PBXFileReference; lastKnownFileType = sourcecode.swift; path = Regex.swift; sourceTree = "<group>"; };
		9EDDB1B22831E4FC00510036 /* Reachability.swift */ = {isa = PBXFileReference; lastKnownFileType = sourcecode.swift; path = Reachability.swift; sourceTree = "<group>"; };
		9EE2467D28F192DD004AB87B /* PlatformNavigation.swift */ = {isa = PBXFileReference; lastKnownFileType = sourcecode.swift; path = PlatformNavigation.swift; sourceTree = "<group>"; };
		9EE7E13528EA234D0021BE4F /* UserGuildSettings.swift */ = {isa = PBXFileReference; lastKnownFileType = sourcecode.swift; path = UserGuildSettings.swift; sourceTree = "<group>"; };
		9EEC6D6C2890429E0005DF30 /* MessageUpdate.swift */ = {isa = PBXFileReference; fileEncoding = 4; lastKnownFileType = sourcecode.swift; path = MessageUpdate.swift; sourceTree = "<group>"; };
		9EF5FFD9285CE0FE001B68FA /* ForumChannelList.swift */ = {isa = PBXFileReference; lastKnownFileType = sourcecode.swift; path = ForumChannelList.swift; sourceTree = "<group>"; };
		9EF5FFDB285E010C001B68FA /* Globals.swift */ = {isa = PBXFileReference; lastKnownFileType = sourcecode.swift; path = Globals.swift; sourceTree = "<group>"; };
		9EFACB9728D3DB82005AA690 /* AppModel++.swift */ = {isa = PBXFileReference; lastKnownFileType = sourcecode.swift; path = "AppModel++.swift"; sourceTree = "<group>"; };
		A80FEC2227234DE7005F9950 /* ChannelViewViewModel.swift */ = {isa = PBXFileReference; lastKnownFileType = sourcecode.swift; path = ChannelViewViewModel.swift; sourceTree = "<group>"; };
		A80FEC262724FD35005F9950 /* ImageProcessing.swift */ = {isa = PBXFileReference; fileEncoding = 4; lastKnownFileType = sourcecode.swift; path = ImageProcessing.swift; sourceTree = "<group>"; };
		A80FEC272724FD35005F9950 /* Operators++.swift */ = {isa = PBXFileReference; fileEncoding = 4; lastKnownFileType = sourcecode.swift; path = "Operators++.swift"; sourceTree = "<group>"; };
		A80FEC282724FD35005F9950 /* Networking++.swift */ = {isa = PBXFileReference; fileEncoding = 4; lastKnownFileType = sourcecode.swift; path = "Networking++.swift"; sourceTree = "<group>"; };
		A80FEC292724FD35005F9950 /* NSColor++.swift */ = {isa = PBXFileReference; fileEncoding = 4; lastKnownFileType = sourcecode.swift; path = "NSColor++.swift"; sourceTree = "<group>"; };
		A80FEC2A2724FD35005F9950 /* UserNotifications.swift */ = {isa = PBXFileReference; fileEncoding = 4; lastKnownFileType = sourcecode.swift; path = UserNotifications.swift; sourceTree = "<group>"; };
		A80FEC30272583B4005F9950 /* Embed.swift */ = {isa = PBXFileReference; lastKnownFileType = sourcecode.swift; path = Embed.swift; sourceTree = "<group>"; };
		A80FEC3227258457005F9950 /* EmbedView.swift */ = {isa = PBXFileReference; lastKnownFileType = sourcecode.swift; path = EmbedView.swift; sourceTree = "<group>"; };
		A80FEC35272779F2005F9950 /* PluginLoader.swift */ = {isa = PBXFileReference; lastKnownFileType = sourcecode.swift; path = PluginLoader.swift; sourceTree = "<group>"; };
		A8113117268EA0B3002EA665 /* AVKit.framework */ = {isa = PBXFileReference; lastKnownFileType = wrapper.framework; name = AVKit.framework; path = System/Library/Frameworks/AVKit.framework; sourceTree = SDKROOT; };
		A8113119268EA18E002EA665 /* WebKit.framework */ = {isa = PBXFileReference; lastKnownFileType = wrapper.framework; name = WebKit.framework; path = System/Library/Frameworks/WebKit.framework; sourceTree = SDKROOT; };
		A82A05FE26D3F4D2007B9B27 /* ChannelView+TextField.swift */ = {isa = PBXFileReference; lastKnownFileType = sourcecode.swift; path = "ChannelView+TextField.swift"; sourceTree = "<group>"; };
		A82A060026D3F5A4007B9B27 /* ChatControlsView.swift */ = {isa = PBXFileReference; lastKnownFileType = sourcecode.swift; path = ChatControlsView.swift; sourceTree = "<group>"; };
		A82A061D26D97D5C007B9B27 /* GatewayStructure.swift */ = {isa = PBXFileReference; lastKnownFileType = sourcecode.swift; path = GatewayStructure.swift; sourceTree = "<group>"; };
		A82A061F26D98193007B9B27 /* Settings.swift */ = {isa = PBXFileReference; lastKnownFileType = sourcecode.swift; path = Settings.swift; sourceTree = "<group>"; };
		A82A062126D981B4007B9B27 /* Status.swift */ = {isa = PBXFileReference; lastKnownFileType = sourcecode.swift; path = Status.swift; sourceTree = "<group>"; };
		A82A062326D98259007B9B27 /* ReadState.swift */ = {isa = PBXFileReference; lastKnownFileType = sourcecode.swift; path = ReadState.swift; sourceTree = "<group>"; };
		A832557726EEEC1D00F18A55 /* ServerListView+Misc.swift */ = {isa = PBXFileReference; lastKnownFileType = sourcecode.swift; path = "ServerListView+Misc.swift"; sourceTree = "<group>"; };
		A85D3FDD2677A681002327AD /* Images.swift */ = {isa = PBXFileReference; lastKnownFileType = sourcecode.swift; path = Images.swift; sourceTree = "<group>"; };
		A864BE5D2686700300B244BE /* MainView.swift */ = {isa = PBXFileReference; fileEncoding = 4; lastKnownFileType = sourcecode.swift; path = MainView.swift; sourceTree = "<group>"; };
		A869085C269DDCE400F13CAD /* PopoverProfileView.swift */ = {isa = PBXFileReference; lastKnownFileType = sourcecode.swift; name = PopoverProfileView.swift; path = Accord/UI/Profile/PopoverProfileView.swift; sourceTree = SOURCE_ROOT; };
		A869085E269F2A0A00F13CAD /* SettingsView.swift */ = {isa = PBXFileReference; lastKnownFileType = sourcecode.swift; path = SettingsView.swift; sourceTree = "<group>"; };
		A88A3D14265B22C4003AE08F /* LoginView.swift */ = {isa = PBXFileReference; lastKnownFileType = sourcecode.swift; path = LoginView.swift; sourceTree = "<group>"; };
		A8922500266ED88B00FEA21C /* Extensions.swift */ = {isa = PBXFileReference; lastKnownFileType = sourcecode.swift; name = Extensions.swift; path = Accord/Misc/PlusPlus/Extensions.swift; sourceTree = SOURCE_ROOT; };
		A898453D26978EBA00B1C9DB /* EmotesView.swift */ = {isa = PBXFileReference; lastKnownFileType = sourcecode.swift; path = EmotesView.swift; sourceTree = "<group>"; };
		A89845402698C3FD00B1C9DB /* GifManager.swift */ = {isa = PBXFileReference; fileEncoding = 4; lastKnownFileType = sourcecode.swift; path = GifManager.swift; sourceTree = "<group>"; };
		A89BE785266BDFB3007B0CBF /* Socket.swift */ = {isa = PBXFileReference; lastKnownFileType = sourcecode.swift; path = Socket.swift; sourceTree = "<group>"; };
		A8A14CC226CE9A29006C4AEC /* Roles.swift */ = {isa = PBXFileReference; fileEncoding = 4; lastKnownFileType = sourcecode.swift; path = Roles.swift; sourceTree = "<group>"; };
		A8B1F29526CB163B00E8FDC5 /* User.swift */ = {isa = PBXFileReference; lastKnownFileType = sourcecode.swift; path = User.swift; sourceTree = "<group>"; };
		A8B1F29726CB166C00E8FDC5 /* Events.swift */ = {isa = PBXFileReference; lastKnownFileType = sourcecode.swift; path = Events.swift; sourceTree = "<group>"; };
		A8B1F29926CB169800E8FDC5 /* Message.swift */ = {isa = PBXFileReference; lastKnownFileType = sourcecode.swift; path = Message.swift; sourceTree = "<group>"; };
		A8B1F29B26CB16C400E8FDC5 /* Attachment.swift */ = {isa = PBXFileReference; lastKnownFileType = sourcecode.swift; path = Attachment.swift; sourceTree = "<group>"; };
		A8B1F29D26CB16DE00E8FDC5 /* Emote.swift */ = {isa = PBXFileReference; lastKnownFileType = sourcecode.swift; path = Emote.swift; sourceTree = "<group>"; };
		A8B1F29F26CB16F500E8FDC5 /* Guild.swift */ = {isa = PBXFileReference; lastKnownFileType = sourcecode.swift; path = Guild.swift; sourceTree = "<group>"; };
		A8B1F2A326CB176900E8FDC5 /* Channel.swift */ = {isa = PBXFileReference; lastKnownFileType = sourcecode.swift; path = Channel.swift; sourceTree = "<group>"; };
		A8BC5253268DF5AD00B7823E /* AttachmentView.swift */ = {isa = PBXFileReference; lastKnownFileType = sourcecode.swift; path = AttachmentView.swift; sourceTree = "<group>"; };
		A8C73D1126F5812D00CF0350 /* Songlink.swift */ = {isa = PBXFileReference; lastKnownFileType = sourcecode.swift; name = Songlink.swift; path = Accord/UI/Chat/ChannelView/Songlink.swift; sourceTree = SOURCE_ROOT; };
		A8C73D1326F583A000CF0350 /* SongLink.swift */ = {isa = PBXFileReference; lastKnownFileType = sourcecode.swift; path = SongLink.swift; sourceTree = "<group>"; };
		A8CD4C9E267CF9EB00E2C4F1 /* Keychain.swift */ = {isa = PBXFileReference; lastKnownFileType = sourcecode.swift; name = Keychain.swift; path = Accord/Misc/Keychain.swift; sourceTree = SOURCE_ROOT; };
		A8CD4CA4267D27F300E2C4F1 /* ServerListView.swift */ = {isa = PBXFileReference; lastKnownFileType = sourcecode.swift; name = ServerListView.swift; path = Accord/UI/Base/ServerList/ServerListView.swift; sourceTree = SOURCE_ROOT; };
		A8F84D6226DF19E5007A8625 /* Sticker.swift */ = {isa = PBXFileReference; lastKnownFileType = sourcecode.swift; path = Sticker.swift; sourceTree = "<group>"; };
/* End PBXFileReference section */

/* Begin PBXFrameworksBuildPhase section */
		32F4C954256D7D3300343BB3 /* Frameworks */ = {
			isa = PBXFrameworksBuildPhase;
			buildActionMask = 2147483647;
			files = (
				A811311A268EA18F002EA665 /* WebKit.framework in Frameworks */,
				A8113118268EA0B3002EA665 /* AVKit.framework in Frameworks */,
			);
			runOnlyForDeploymentPostprocessing = 0;
		};
/* End PBXFrameworksBuildPhase section */

/* Begin PBXGroup section */
		32AA719225EAEEF700550BA5 /* Backend */ = {
			isa = PBXGroup;
			children = (
				37B9DE092840EA44003C15DA /* Highlighting */,
				9EDDB1B42831E50500510036 /* Reachability */,
				9E5145A42823513D0070828B /* Media */,
				9E96EB7827DEC32B00BB3C8A /* Voice */,
				9E6B71082784EBC400A26CB6 /* Gateway */,
				9ED818B1277BF125004D684C /* RPC */,
				A80FEC34272779D9005F9950 /* PluginManager */,
				9E7BC56B27472308008E3FAB /* Markdown */,
				A82521382687ABC50073F640 /* Networking */,
			);
			path = Backend;
			sourceTree = "<group>";
		};
		32ADD5872583997E008D1715 /* Frameworks */ = {
			isa = PBXGroup;
			children = (
				A8113119268EA18E002EA665 /* WebKit.framework */,
				A8113117268EA0B3002EA665 /* AVKit.framework */,
				32ADD58A2583997F008D1715 /* SwiftUI.framework */,
			);
			name = Frameworks;
			sourceTree = "<group>";
		};
		32F4C94E256D7D3300343BB3 = {
			isa = PBXGroup;
			children = (
				9E6B71072783ABD500A26CB6 /* README.md */,
				32F4C959256D7D3300343BB3 /* Accord */,
				32ADD5872583997E008D1715 /* Frameworks */,
				32F4C958256D7D3300343BB3 /* Products */,
			);
			sourceTree = "<group>";
		};
		32F4C958256D7D3300343BB3 /* Products */ = {
			isa = PBXGroup;
			children = (
				490B2AAE278D20B100EA4F31 /* Debug */,
				490B2AAD278D20AA00EA4F31 /* Release */,
			);
			name = Products;
			sourceTree = "<group>";
		};
		32F4C959256D7D3300343BB3 /* Accord */ = {
			isa = PBXGroup;
			children = (
				9E6BCC60277E8E420085F279 /* App */,
				A82521392687ABD40073F640 /* Objects */,
				9E7E4D26279B63BF008FAF15 /* Commands */,
				A864BE5926866FDF00B244BE /* Nitroless */,
				A8ECC4C1271C88CD00382E53 /* Misc */,
				32AA719225EAEEF700550BA5 /* Backend */,
				A8FA9A9B266823B4003710A4 /* UI */,
				32F4C95E256D7D3500343BB3 /* Assets.xcassets */,
				32F4C963256D7D3500343BB3 /* Info.plist */,
				32F4C964256D7D3500343BB3 /* Accord.entitlements */,
			);
			path = Accord;
			sourceTree = "<group>";
		};
		37B9DE092840EA44003C15DA /* Highlighting */ = {
			isa = PBXGroup;
			children = (
				37B9DE0A2840EA44003C15DA /* Highlighting.swift */,
			);
			path = Highlighting;
			sourceTree = "<group>";
		};
		490B2AAD278D20AA00EA4F31 /* Release */ = {
			isa = PBXGroup;
			children = (
				490B2AB6278D21FD00EA4F31 /* Accord.app */,
				490B2AB8278D220E00EA4F31 /* Accord */,
				490B2AB7278D21FD00EA4F31 /* Accord_1.0.0_Universal.zip */,
				490B2AB4278D21FD00EA4F31 /* me.evelyn.accord_1.0.0_darwin-arm64.deb */,
				490B2AB5278D21FD00EA4F31 /* me.evelyn.accord_1.0.0_darwin-amd64.deb */,
			);
			name = Release;
			sourceTree = "<group>";
		};
		490B2AAE278D20B100EA4F31 /* Debug */ = {
			isa = PBXGroup;
			children = (
				32F4C957256D7D3300343BB3 /* Accord.app */,
				49F29FAE26A0A52900C1205A /* Accord */,
				490B2AAA278D20A100EA4F31 /* Accord_1.0.0_Universal.zip */,
				490B2AAC278D20A100EA4F31 /* me.evelyn.accord_1.0.0_darwin-arm64.deb */,
				490B2AAB278D20A100EA4F31 /* me.evelyn.accord_1.0.0_darwin-amd64.deb */,
			);
			name = Debug;
			sourceTree = "<group>";
		};
		9E0E615A286E1B7C0058BA87 /* Components */ = {
			isa = PBXGroup;
			children = (
				9E9348672894A93E00E1AC5F /* Modifiers */,
				9E9348662894A93900E1AC5F /* Views */,
				9EE2467D28F192DD004AB87B /* PlatformNavigation.swift */,
				9EC8D277290564E10096E6C7 /* BigSur.swift */,
			);
			path = Components;
			sourceTree = "<group>";
		};
		9E39B26627869C4800069424 /* Accessories */ = {
			isa = PBXGroup;
			children = (
				A8BC5253268DF5AD00B7823E /* AttachmentView.swift */,
				A80FEC3227258457005F9950 /* EmbedView.swift */,
				A898453D26978EBA00B1C9DB /* EmotesView.swift */,
				9E8F8CA72774037F00A77600 /* MentionsView.swift */,
				9ECE08F4277286E3001BA0F7 /* PinsView.swift */,
				9E6878EC283BB9EB001DD5AB /* FileAttachmentView.swift */,
				9EA7EFA628F8C1A20012E311 /* StickersView.swift */,
			);
			path = Accessories;
			sourceTree = "<group>";
		};
		9E39B26D2789166000069424 /* GatewayPayloads */ = {
			isa = PBXGroup;
			children = (
				9EEC6D6C2890429E0005DF30 /* MessageUpdate.swift */,
				9E78039F273B6FCE000A8DDD /* LoginPayloads.swift */,
				A8B1F29726CB166C00E8FDC5 /* Events.swift */,
				A82A061D26D97D5C007B9B27 /* GatewayStructure.swift */,
				9EA295202753D1480014927D /* MemberList.swift */,
			);
			path = GatewayPayloads;
			sourceTree = "<group>";
		};
		9E39B2702789167A00069424 /* Misc */ = {
			isa = PBXGroup;
			children = (
				A8C73D1326F583A000CF0350 /* SongLink.swift */,
			);
			path = Misc;
			sourceTree = "<group>";
		};
		9E39B2712789168D00069424 /* DiscordTypes */ = {
			isa = PBXGroup;
			children = (
				A8B1F29B26CB16C400E8FDC5 /* Attachment.swift */,
				A8B1F2A326CB176900E8FDC5 /* Channel.swift */,
				A80FEC30272583B4005F9950 /* Embed.swift */,
				A8B1F29D26CB16DE00E8FDC5 /* Emote.swift */,
				A8B1F29F26CB16F500E8FDC5 /* Guild.swift */,
				A8B1F29926CB169800E8FDC5 /* Message.swift */,
				A82A062326D98259007B9B27 /* ReadState.swift */,
				A8A14CC226CE9A29006C4AEC /* Roles.swift */,
				37EFC425285E30D700F38FF3 /* SearchResult.swift */,
				A82A061F26D98193007B9B27 /* Settings.swift */,
				A82A062126D981B4007B9B27 /* Status.swift */,
				A8F84D6226DF19E5007A8625 /* Sticker.swift */,
				A8B1F29526CB163B00E8FDC5 /* User.swift */,
				9E6BCC55277E23E80085F279 /* Reaction.swift */,
				9E82875027BD6C5400953A7B /* Permissions.swift */,
				9EB3303B2835B295007D38EF /* PermissionOverwrites.swift */,
				9EB330422837236F007D38EF /* InviteUpdate.swift */,
				9EE7E13528EA234D0021BE4F /* UserGuildSettings.swift */,
			);
			path = DiscordTypes;
			sourceTree = "<group>";
		};
		9E4F3FC327764E0C0003E383 /* Gifs */ = {
			isa = PBXGroup;
			children = (
				9E4F3FC427764E200003E383 /* GifView.swift */,
			);
			path = Gifs;
			sourceTree = "<group>";
		};
		9E5145A42823513D0070828B /* Media */ = {
			isa = PBXGroup;
			children = (
				A89845402698C3FD00B1C9DB /* GifManager.swift */,
				A85D3FDD2677A681002327AD /* Images.swift */,
				9ED3011227A8C40600D6235D /* RegisterImages.swift */,
			);
			path = Media;
			sourceTree = "<group>";
		};
		9E6B71012783A6F200A26CB6 /* Shapes */ = {
			isa = PBXGroup;
			children = (
				9E6B71022783A6FD00A26CB6 /* Github.swift */,
			);
			path = Shapes;
			sourceTree = "<group>";
		};
		9E6B71062783A73400A26CB6 /* PlusPlus */ = {
			isa = PBXGroup;
			children = (
				A8922500266ED88B00FEA21C /* Extensions.swift */,
				9E7834D12781F2D500ABB9F8 /* Combine++.swift */,
				A80FEC282724FD35005F9950 /* Networking++.swift */,
				A80FEC292724FD35005F9950 /* NSColor++.swift */,
				A80FEC272724FD35005F9950 /* Operators++.swift */,
				9E6BCC63277E8E850085F279 /* Print++.swift */,
				9E6B70FF27834F4600A26CB6 /* SwiftUI++.swift */,
				9ED3011027A6C76300D6235D /* Keypath++.swift */,
				9EB3582327BFFD3E0046A136 /* Collection++.swift */,
				9EDD136527D5A55A000685E6 /* String++.swift */,
				9E56E09E29245AC600FDCF37 /* ObjC.swift */,
			);
			path = PlusPlus;
			sourceTree = "<group>";
		};
		9E6B71082784EBC400A26CB6 /* Gateway */ = {
			isa = PBXGroup;
			children = (
				9E2C98782780F573008C6AFD /* Gateway.swift */,
				9E6BCC5E277E8D990085F279 /* Gateway+MessageHandle.swift */,
				A89BE785266BDFB3007B0CBF /* Socket.swift */,
				9E6B71092784EBEC00A26CB6 /* GatewayEvent.swift */,
				9E13BEE328078F5D001DF4F2 /* ZStream.swift */,
			);
			path = Gateway;
			sourceTree = "<group>";
		};
		9E6BCC5B277E43CF0085F279 /* Search */ = {
			isa = PBXGroup;
			children = (
				9E6BCC5C277E43E10085F279 /* SearchView.swift */,
			);
			path = Search;
			sourceTree = "<group>";
		};
		9E6BCC60277E8E420085F279 /* App */ = {
			isa = PBXGroup;
			children = (
				32F4C95A256D7D3300343BB3 /* AccordApp.swift */,
				32F3742C25733D8000ADB7E6 /* Constants.swift */,
				32F4C95C256D7D3300343BB3 /* ContentView.swift */,
				9E6BCC61277E8E570085F279 /* LoadingScreenView.swift */,
				9E2C98762780CD1A008C6AFD /* AccordAlert.swift */,
				9EF5FFDB285E010C001B68FA /* Globals.swift */,
				9EFACB9728D3DB82005AA690 /* AppModel++.swift */,
			);
			path = App;
			sourceTree = "<group>";
		};
		9E7BC56B27472308008E3FAB /* Markdown */ = {
			isa = PBXGroup;
			children = (
				9E7E4D33279C7E2F008FAF15 /* AsyncMarkdown.swift */,
				9E7BC56C27472317008E3FAB /* Markdown.swift */,
			);
			path = Markdown;
			sourceTree = "<group>";
		};
		9E7E4D26279B63BF008FAF15 /* Commands */ = {
			isa = PBXGroup;
			children = (
				9E7E4D27279B63E8008FAF15 /* Models.swift */,
				9E7E4D29279B64BA008FAF15 /* Engine.swift */,
				9E7E4D2F279B69D7008FAF15 /* Storage.swift */,
			);
			path = Commands;
			sourceTree = "<group>";
		};
		9E9348662894A93900E1AC5F /* Views */ = {
			isa = PBXGroup;
			children = (
				9EC5FA1E2845BBCA00C2A416 /* GridStack.swift */,
				9E0E615F2875665D0058BA87 /* Folder.swift */,
			);
			path = Views;
			sourceTree = "<group>";
		};
		9E9348672894A93E00E1AC5F /* Modifiers */ = {
			isa = PBXGroup;
			children = (
				9E0E615D286E23CB0058BA87 /* Popup.swift */,
				9E9348682894A95000E1AC5F /* Spoiler.swift */,
			);
			path = Modifiers;
			sourceTree = "<group>";
		};
		9E96EB7827DEC32B00BB3C8A /* Voice */ = {
			isa = PBXGroup;
			children = (
				9E96EB7927DEC33D00BB3C8A /* Gateway+VoiceState.swift */,
				9EC5FA362849196A00C2A416 /* RTCSocket.swift */,
				9EC5FA3828491D3500C2A416 /* Opcodes.swift */,
			);
			path = Voice;
			sourceTree = "<group>";
		};
		9EC5FA132845B60500C2A416 /* ServerJoin */ = {
			isa = PBXGroup;
			children = (
				9EC5FA112845B50000C2A416 /* JoinServerButton.swift */,
				370AF4112834504C0055AA1D /* JoinServerSheetView.swift */,
			);
			path = ServerJoin;
			sourceTree = "<group>";
		};
		9EC5FA142845B61E00C2A416 /* Icons */ = {
			isa = PBXGroup;
			children = (
				9E82874C27BB515F00953A7B /* FolderListView.swift */,
				9EB3303928344A10007D38EF /* DMButton.swift */,
				9EC5FA132845B60500C2A416 /* ServerJoin */,
			);
			path = Icons;
			sourceTree = "<group>";
		};
		9EC5FA152845B65600C2A416 /* Guild */ = {
			isa = PBXGroup;
			children = (
				9E6470662741B9960026686C /* GuildView.swift */,
				9E3B48DA280C348E00B131B7 /* ServerListViewCell.swift */,
				9EB3303728344929007D38EF /* PrivateChannelsView.swift */,
				9EB3304028372079007D38EF /* NewInviteSheet.swift */,
			);
			path = Guild;
			sourceTree = "<group>";
		};
		9EC5FA162845B67500C2A416 /* Login */ = {
			isa = PBXGroup;
			children = (
				A88A3D14265B22C4003AE08F /* LoginView.swift */,
				9EBF63ED28B45BD9005D36B3 /* Captcha.swift */,
			);
			path = Login;
			sourceTree = "<group>";
		};
		9EC5FA172845B68800C2A416 /* ServerList */ = {
			isa = PBXGroup;
			children = (
				A8CD4CA4267D27F300E2C4F1 /* ServerListView.swift */,
				A832557726EEEC1D00F18A55 /* ServerListView+Misc.swift */,
				9E82874E27BB522600953A7B /* ServerListView+Init.swift */,
				9EA3272928810F5100F55DF0 /* ServerListViewModel.swift */,
			);
			path = ServerList;
			sourceTree = "<group>";
		};
		9EC5FA1C2845BB9700C2A416 /* MessageCell */ = {
			isa = PBXGroup;
			children = (
				9ECB0F3E2766D3DA0019ADAE /* MessageCellView.swift */,
				9EC5FA1D2845BBA000C2A416 /* Components */,
			);
			path = MessageCell;
			sourceTree = "<group>";
		};
		9EC5FA1D2845BBA000C2A416 /* Components */ = {
			isa = PBXGroup;
			children = (
				9EC5FA1A2845BACC00C2A416 /* AvatarView.swift */,
				9EC5FA202845BC0600C2A416 /* AuthorText.swift */,
				9EC5FA242846B7ED00C2A416 /* MessageCellMenu.swift */,
				9EC5FA262846B9D700C2A416 /* ReactionsGrid.swift */,
				9EC5FA302846BE8300C2A416 /* StickerView.swift */,
				9EC5FA322846C09C00C2A416 /* MessageTypes */,
				9EC5FA332846C0C200C2A416 /* Reference */,
			);
			path = Components;
			sourceTree = "<group>";
		};
		9EC5FA322846C09C00C2A416 /* MessageTypes */ = {
			isa = PBXGroup;
			children = (
				9EC5FA282846BC4D00C2A416 /* RecipientAddView.swift */,
				9EC5FA2A2846BD7800C2A416 /* RecipientRemoveView.swift */,
				9EC5FA2C2846BDD200C2A416 /* ChannelNameChangeView.swift */,
				9EC5FA2E2846BE2000C2A416 /* WelcomeMessageView.swift */,
				9E9348642892210900E1AC5F /* MessagePinView.swift */,
				9ED8715728A529A2000F8843 /* ServerBoost.swift */,
				9ED8715928A52A34000F8843 /* ServerLevelUp.swift */,
			);
			path = MessageTypes;
			sourceTree = "<group>";
		};
		9EC5FA332846C0C200C2A416 /* Reference */ = {
			isa = PBXGroup;
			children = (
				9EC5FA182845B9E900C2A416 /* InteractionView.swift */,
				9EC5FA222846346D00C2A416 /* ReplyView.swift */,
			);
			path = Reference;
			sourceTree = "<group>";
		};
		9ECE42B9279E131B00883D0A /* TextField */ = {
			isa = PBXGroup;
			children = (
				A82A05FE26D3F4D2007B9B27 /* ChannelView+TextField.swift */,
				A82A060026D3F5A4007B9B27 /* ChatControlsView.swift */,
				9ECE42BA279E133900883D0A /* ChatControlsViewModel.swift */,
				9EC5FA342846C1B400C2A416 /* MatchesView.swift */,
				9E841774287AA75F007747ED /* FileUploadsView.swift */,
			);
			path = TextField;
			sourceTree = "<group>";
		};
		9ED818B1277BF125004D684C /* RPC */ = {
			isa = PBXGroup;
			children = (
				9ED818B2277BF133004D684C /* MediaRemoteWrapper.swift */,
				9E6BCC65277E908B0085F279 /* XcodeRPC.swift */,
				9E39B2692787C30900069424 /* VisualStudioCodeRPC.swift */,
				9E0088CD279366FD00F36D6B /* NativeRPC.swift */,
				9E0088CF27937F5300F36D6B /* IPC.swift */,
			);
			path = RPC;
			sourceTree = "<group>";
		};
		9EDDB1B42831E50500510036 /* Reachability */ = {
			isa = PBXGroup;
			children = (
				9EDDB1B22831E4FC00510036 /* Reachability.swift */,
			);
			path = Reachability;
			sourceTree = "<group>";
		};
		9EF5FFD8285CE0CD001B68FA /* Forum */ = {
			isa = PBXGroup;
			children = (
				9EF5FFD9285CE0FE001B68FA /* ForumChannelList.swift */,
			);
			path = Forum;
			sourceTree = "<group>";
		};
		A80FEC34272779D9005F9950 /* PluginManager */ = {
			isa = PBXGroup;
			children = (
				A80FEC35272779F2005F9950 /* PluginLoader.swift */,
			);
			path = PluginManager;
			sourceTree = "<group>";
		};
		A82521352687AB250073F640 /* Chat */ = {
			isa = PBXGroup;
			children = (
				9ECE42B9279E131B00883D0A /* TextField */,
				A82A05FB26D3F3AC007B9B27 /* ChannelView */,
			);
			path = Chat;
			sourceTree = "<group>";
		};
		A82521362687AB390073F640 /* Base */ = {
			isa = PBXGroup;
			children = (
				9EC5FA172845B68800C2A416 /* ServerList */,
				9EC5FA152845B65600C2A416 /* Guild */,
				9EC5FA142845B61E00C2A416 /* Icons */,
			);
			path = Base;
			sourceTree = "<group>";
		};
		A82521372687AB780073F640 /* Profile */ = {
			isa = PBXGroup;
			children = (
				373EE5B92838FF410077B7A4 /* SetNicknameView.swift */,
				A869085E269F2A0A00F13CAD /* SettingsView.swift */,
				A869085C269DDCE400F13CAD /* PopoverProfileView.swift */,
				9E5145A7282FC8FD0070828B /* ProfileEditingView.swift */,
			);
			path = Profile;
			sourceTree = "<group>";
		};
		A82521382687ABC50073F640 /* Networking */ = {
			isa = PBXGroup;
			children = (
				9E7E4D31279BA105008FAF15 /* Core.swift */,
				32AA719025EAEEDA00550BA5 /* Request.swift */,
				A8C73D1126F5812D00CF0350 /* Songlink.swift */,
			);
			path = Networking;
			sourceTree = "<group>";
		};
		A82521392687ABD40073F640 /* Objects */ = {
			isa = PBXGroup;
			children = (
				9E39B2712789168D00069424 /* DiscordTypes */,
				9E39B2702789167A00069424 /* Misc */,
				9E39B26D2789166000069424 /* GatewayPayloads */,
			);
			path = Objects;
			sourceTree = "<group>";
		};
		A82A05FB26D3F3AC007B9B27 /* ChannelView */ = {
			isa = PBXGroup;
			children = (
				9E39B26627869C4800069424 /* Accessories */,
				32F3742A25733D8000ADB7E6 /* ChannelView.swift */,
				A80FEC2227234DE7005F9950 /* ChannelViewViewModel.swift */,
				9EC5FA1C2845BB9700C2A416 /* MessageCell */,
			);
			path = ChannelView;
			sourceTree = "<group>";
		};
		A864BE5926866FDF00B244BE /* Nitroless */ = {
			isa = PBXGroup;
			children = (
				A864BE5D2686700300B244BE /* MainView.swift */,
			);
			path = Nitroless;
			sourceTree = "<group>";
		};
		A8ECC4C1271C88CD00382E53 /* Misc */ = {
			isa = PBXGroup;
			children = (
				9E6B71062783A73400A26CB6 /* PlusPlus */,
				9E6B71012783A6F200A26CB6 /* Shapes */,
				9ED4A5AE276E334600BD485C /* AppKitLink.swift */,
				A80FEC262724FD35005F9950 /* ImageProcessing.swift */,
				A8CD4C9E267CF9EB00E2C4F1 /* Keychain.swift */,
				9EDD136727D6F951000685E6 /* Regex.swift */,
				A80FEC2A2724FD35005F9950 /* UserNotifications.swift */,
				9E8F8CA52773FC9C00A77600 /* Queues.swift */,
			);
			path = Misc;
			sourceTree = "<group>";
		};
		A8FA9A9B266823B4003710A4 /* UI */ = {
			isa = PBXGroup;
			children = (
				A82521362687AB390073F640 /* Base */,
				A82521352687AB250073F640 /* Chat */,
				9E0E615A286E1B7C0058BA87 /* Components */,
				9EF5FFD8285CE0CD001B68FA /* Forum */,
				9E4F3FC327764E0C0003E383 /* Gifs */,
				9EC5FA162845B67500C2A416 /* Login */,
				A82521372687AB780073F640 /* Profile */,
				9E6BCC5B277E43CF0085F279 /* Search */,
			);
			path = UI;
			sourceTree = "<group>";
		};
/* End PBXGroup section */

/* Begin PBXNativeTarget section */
		32F4C956256D7D3300343BB3 /* Accord */ = {
			isa = PBXNativeTarget;
			buildConfigurationList = 32F4C97D256D7D3500343BB3 /* Build configuration list for PBXNativeTarget "Accord" */;
			buildPhases = (
				32F4C953256D7D3300343BB3 /* Sources */,
				32F4C954256D7D3300343BB3 /* Frameworks */,
				32F4C955256D7D3300343BB3 /* Resources */,
				32ADD59925839980008D1715 /* Embed Foundation Extensions */,
			);
			buildRules = (
			);
			dependencies = (
			);
			name = Accord;
			packageProductDependencies = (
			);
			productName = Helselia;
			productReference = 32F4C957256D7D3300343BB3 /* Accord.app */;
			productType = "com.apple.product-type.application";
		};
/* End PBXNativeTarget section */

/* Begin PBXProject section */
		32F4C94F256D7D3300343BB3 /* Project object */ = {
			isa = PBXProject;
			attributes = {
				LastSwiftUpdateCheck = 1300;
				LastUpgradeCheck = 1410;
				TargetAttributes = {
					32F4C956256D7D3300343BB3 = {
						CreatedOnToolsVersion = 12.2;
					};
				};
			};
			buildConfigurationList = 32F4C952256D7D3300343BB3 /* Build configuration list for PBXProject "Accord" */;
			compatibilityVersion = "Xcode 13.0";
			developmentRegion = en;
			hasScannedForEncodings = 0;
			knownRegions = (
				en,
				Base,
			);
			mainGroup = 32F4C94E256D7D3300343BB3;
			packageReferences = (
			);
			projectDirPath = "";
			projectRoot = "";
			targets = (
				32F4C956256D7D3300343BB3 /* Accord */,
			);
		};
/* End PBXProject section */

/* Begin PBXResourcesBuildPhase section */
		32F4C955256D7D3300343BB3 /* Resources */ = {
			isa = PBXResourcesBuildPhase;
			buildActionMask = 2147483647;
			files = (
				32F4C95F256D7D3500343BB3 /* Assets.xcassets in Resources */,
			);
			runOnlyForDeploymentPostprocessing = 0;
		};
/* End PBXResourcesBuildPhase section */

/* Begin PBXSourcesBuildPhase section */
		32F4C953256D7D3300343BB3 /* Sources */ = {
			isa = PBXSourcesBuildPhase;
			buildActionMask = 2147483647;
			files = (
				A82A060126D3F5A4007B9B27 /* ChatControlsView.swift in Sources */,
				A82A062226D981B4007B9B27 /* Status.swift in Sources */,
				9E7E4D32279BA105008FAF15 /* Core.swift in Sources */,
				9E8F8CA62773FC9C00A77600 /* Queues.swift in Sources */,
				9E6470672741B9960026686C /* GuildView.swift in Sources */,
				A8B1F29626CB163B00E8FDC5 /* User.swift in Sources */,
				9E82874D27BB515F00953A7B /* FolderListView.swift in Sources */,
				A8B1F2A426CB176900E8FDC5 /* Channel.swift in Sources */,
				9E82874F27BB522600953A7B /* ServerListView+Init.swift in Sources */,
				A85D3FDE2677A681002327AD /* Images.swift in Sources */,
				9EC5FA2D2846BDD200C2A416 /* ChannelNameChangeView.swift in Sources */,
				9ECB0F3F2766D3DA0019ADAE /* MessageCellView.swift in Sources */,
				9E6BCC5D277E43E10085F279 /* SearchView.swift in Sources */,
				9E2C98792780F573008C6AFD /* Gateway.swift in Sources */,
				A80FEC2D2724FD35005F9950 /* Networking++.swift in Sources */,
				9EF5FFDA285CE0FE001B68FA /* ForumChannelList.swift in Sources */,
				9EDDB1B32831E4FC00510036 /* Reachability.swift in Sources */,
				32AA719125EAEEDA00550BA5 /* Request.swift in Sources */,
				A8CD4C9F267CF9EB00E2C4F1 /* Keychain.swift in Sources */,
				A8BC5254268DF5AD00B7823E /* AttachmentView.swift in Sources */,
				9ED3011127A6C76300D6235D /* Keypath++.swift in Sources */,
				9E7E4D28279B63E8008FAF15 /* Models.swift in Sources */,
				9E841775287AA75F007747ED /* FileUploadsView.swift in Sources */,
				9EC5FA1F2845BBCA00C2A416 /* GridStack.swift in Sources */,
				9EB3303C2835B295007D38EF /* PermissionOverwrites.swift in Sources */,
				9ED3011327A8C40600D6235D /* RegisterImages.swift in Sources */,
				A82A062426D98259007B9B27 /* ReadState.swift in Sources */,
				9E56E09F29245AC600FDCF37 /* ObjC.swift in Sources */,
				9ED8715A28A52A34000F8843 /* ServerLevelUp.swift in Sources */,
				A8B1F29826CB166C00E8FDC5 /* Events.swift in Sources */,
				A89BE786266BDFB3007B0CBF /* Socket.swift in Sources */,
				37EFC426285E30D700F38FF3 /* SearchResult.swift in Sources */,
				37B9DE0B2840EA44003C15DA /* Highlighting.swift in Sources */,
				9EB3303828344929007D38EF /* PrivateChannelsView.swift in Sources */,
				9EA3272A28810F5100F55DF0 /* ServerListViewModel.swift in Sources */,
				9EC5FA192845B9EA00C2A416 /* InteractionView.swift in Sources */,
				9EFACB9828D3DB82005AA690 /* AppModel++.swift in Sources */,
				9EE2467E28F192DD004AB87B /* PlatformNavigation.swift in Sources */,
				9E7834D22781F2D500ABB9F8 /* Combine++.swift in Sources */,
				A8C73D1226F5812D00CF0350 /* Songlink.swift in Sources */,
				9E7BC56D27472317008E3FAB /* Markdown.swift in Sources */,
				32F3742F25733D8100ADB7E6 /* ChannelView.swift in Sources */,
				9EC5FA292846BC4D00C2A416 /* RecipientAddView.swift in Sources */,
				9E5145A8282FC8FD0070828B /* ProfileEditingView.swift in Sources */,
				A8C73D1426F583A000CF0350 /* SongLink.swift in Sources */,
				9ED8715828A529A2000F8843 /* ServerBoost.swift in Sources */,
				9E6BCC56277E23E80085F279 /* Reaction.swift in Sources */,
				A869085D269DDCE500F13CAD /* PopoverProfileView.swift in Sources */,
				A80FEC3327258457005F9950 /* EmbedView.swift in Sources */,
				9EF5FFDC285E010C001B68FA /* Globals.swift in Sources */,
				9E6B710027834F4600A26CB6 /* SwiftUI++.swift in Sources */,
				9EDD136827D6F951000685E6 /* Regex.swift in Sources */,
				9EC8D278290564E10096E6C7 /* BigSur.swift in Sources */,
				9EA295212753D1490014927D /* MemberList.swift in Sources */,
				9EC5FA122845B50000C2A416 /* JoinServerButton.swift in Sources */,
				9E8F8CA82774037F00A77600 /* MentionsView.swift in Sources */,
				9E6BCC66277E908B0085F279 /* XcodeRPC.swift in Sources */,
				9E4F3FC527764E200003E383 /* GifView.swift in Sources */,
				9E82875127BD6C5400953A7B /* Permissions.swift in Sources */,
				A80FEC31272583B4005F9950 /* Embed.swift in Sources */,
				A8A14CC326CE9A29006C4AEC /* Roles.swift in Sources */,
				A8B1F29C26CB16C400E8FDC5 /* Attachment.swift in Sources */,
				9E6BCC62277E8E570085F279 /* LoadingScreenView.swift in Sources */,
				9ECE08F5277286E3001BA0F7 /* PinsView.swift in Sources */,
				A832557826EEEC1D00F18A55 /* ServerListView+Misc.swift in Sources */,
				9ED818B3277BF133004D684C /* MediaRemoteWrapper.swift in Sources */,
				373EE5BA2838FF410077B7A4 /* SetNicknameView.swift in Sources */,
				9E7E4D2A279B64BA008FAF15 /* Engine.swift in Sources */,
				A8B1F29A26CB169800E8FDC5 /* Message.swift in Sources */,
				A80FEC2B2724FD35005F9950 /* ImageProcessing.swift in Sources */,
				A89845422698C3FD00B1C9DB /* GifManager.swift in Sources */,
				A80FEC36272779F2005F9950 /* PluginLoader.swift in Sources */,
				9E0E61602875665D0058BA87 /* Folder.swift in Sources */,
				9EE7E13628EA234D0021BE4F /* UserGuildSettings.swift in Sources */,
				9ECE42BB279E133900883D0A /* ChatControlsViewModel.swift in Sources */,
				9EC5FA312846BE8300C2A416 /* StickerView.swift in Sources */,
				9ED4A5AF276E334600BD485C /* AppKitLink.swift in Sources */,
				A88A3D15265B22C4003AE08F /* LoginView.swift in Sources */,
				9E39B26A2787C30900069424 /* VisualStudioCodeRPC.swift in Sources */,
				9EC5FA2B2846BD7800C2A416 /* RecipientRemoveView.swift in Sources */,
				9E7803A0273B6FCE000A8DDD /* LoginPayloads.swift in Sources */,
				A8922501266ED88B00FEA21C /* Extensions.swift in Sources */,
				9EBF63EE28B45BD9005D36B3 /* Captcha.swift in Sources */,
				A8F84D6326DF19E5007A8625 /* Sticker.swift in Sources */,
				A8B1F29E26CB16DE00E8FDC5 /* Emote.swift in Sources */,
				9EC5FA212845BC0600C2A416 /* AuthorText.swift in Sources */,
				9EB3304128372079007D38EF /* NewInviteSheet.swift in Sources */,
				9E6B710A2784EBEC00A26CB6 /* GatewayEvent.swift in Sources */,
				3207A24425867586006C2665 /* Constants.swift in Sources */,
				A82A061E26D97D5C007B9B27 /* GatewayStructure.swift in Sources */,
				9E96EB7A27DEC33D00BB3C8A /* Gateway+VoiceState.swift in Sources */,
				9EC5FA1B2845BACC00C2A416 /* AvatarView.swift in Sources */,
				9EEC6D6D2890429E0005DF30 /* MessageUpdate.swift in Sources */,
				9E6BCC64277E8E850085F279 /* Print++.swift in Sources */,
				9E2C98772780CD1A008C6AFD /* AccordAlert.swift in Sources */,
				A80FEC2F2724FD35005F9950 /* UserNotifications.swift in Sources */,
				9E6878ED283BB9EB001DD5AB /* FileAttachmentView.swift in Sources */,
				9EC5FA352846C1B400C2A416 /* MatchesView.swift in Sources */,
				A869085F269F2A0A00F13CAD /* SettingsView.swift in Sources */,
				370AF4122834504C0055AA1D /* JoinServerSheetView.swift in Sources */,
				A898453E26978EBA00B1C9DB /* EmotesView.swift in Sources */,
				9E7E4D34279C7E2F008FAF15 /* AsyncMarkdown.swift in Sources */,
				9EDD136627D5A55A000685E6 /* String++.swift in Sources */,
				9E13BEE428078F5D001DF4F2 /* ZStream.swift in Sources */,
				9EA7EFA728F8C1A20012E311 /* StickersView.swift in Sources */,
				A80FEC2327234DE7005F9950 /* ChannelViewViewModel.swift in Sources */,
				A864BE612686700300B244BE /* MainView.swift in Sources */,
				9EC5FA252846B7ED00C2A416 /* MessageCellMenu.swift in Sources */,
				A82A062026D98193007B9B27 /* Settings.swift in Sources */,
				9E9348692894A95000E1AC5F /* Spoiler.swift in Sources */,
				9E0E615E286E23CB0058BA87 /* Popup.swift in Sources */,
				9EC5FA2F2846BE2000C2A416 /* WelcomeMessageView.swift in Sources */,
				9EC5FA272846B9D700C2A416 /* ReactionsGrid.swift in Sources */,
				9E6B71032783A6FE00A26CB6 /* Github.swift in Sources */,
				32F4C95D256D7D3300343BB3 /* ContentView.swift in Sources */,
				9E3B48DB280C348E00B131B7 /* ServerListViewCell.swift in Sources */,
				A80FEC2C2724FD35005F9950 /* Operators++.swift in Sources */,
				A82A05FF26D3F4D2007B9B27 /* ChannelView+TextField.swift in Sources */,
				A8B1F2A026CB16F500E8FDC5 /* Guild.swift in Sources */,
				9E6BCC5F277E8D990085F279 /* Gateway+MessageHandle.swift in Sources */,
				32F4C95B256D7D3300343BB3 /* AccordApp.swift in Sources */,
				9EC5FA232846346E00C2A416 /* ReplyView.swift in Sources */,
				A80FEC2E2724FD35005F9950 /* NSColor++.swift in Sources */,
				A8CD4CA5267D27F300E2C4F1 /* ServerListView.swift in Sources */,
				9EB3582427BFFD3E0046A136 /* Collection++.swift in Sources */,
				9E7E4D30279B69D7008FAF15 /* Storage.swift in Sources */,
				9EB3303A28344A10007D38EF /* DMButton.swift in Sources */,
				9E9348652892210900E1AC5F /* MessagePinView.swift in Sources */,
				9EB330432837236F007D38EF /* InviteUpdate.swift in Sources */,
			);
			runOnlyForDeploymentPostprocessing = 0;
		};
/* End PBXSourcesBuildPhase section */

/* Begin XCBuildConfiguration section */
		32F4C97B256D7D3500343BB3 /* Debug */ = {
			isa = XCBuildConfiguration;
			buildSettings = {
				ALWAYS_SEARCH_USER_PATHS = NO;
				CLANG_ANALYZER_NONNULL = YES;
				CLANG_ANALYZER_NUMBER_OBJECT_CONVERSION = YES_AGGRESSIVE;
				CLANG_CXX_LANGUAGE_STANDARD = "gnu++14";
				CLANG_CXX_LIBRARY = "libc++";
				CLANG_ENABLE_MODULES = YES;
				CLANG_ENABLE_OBJC_ARC = YES;
				CLANG_ENABLE_OBJC_WEAK = YES;
				CLANG_WARN_BLOCK_CAPTURE_AUTORELEASING = YES;
				CLANG_WARN_BOOL_CONVERSION = YES;
				CLANG_WARN_COMMA = YES;
				CLANG_WARN_CONSTANT_CONVERSION = YES;
				CLANG_WARN_DEPRECATED_OBJC_IMPLEMENTATIONS = YES;
				CLANG_WARN_DIRECT_OBJC_ISA_USAGE = YES_ERROR;
				CLANG_WARN_DOCUMENTATION_COMMENTS = YES;
				CLANG_WARN_EMPTY_BODY = YES;
				CLANG_WARN_ENUM_CONVERSION = YES;
				CLANG_WARN_INFINITE_RECURSION = YES;
				CLANG_WARN_INT_CONVERSION = YES;
				CLANG_WARN_NON_LITERAL_NULL_CONVERSION = YES;
				CLANG_WARN_OBJC_IMPLICIT_RETAIN_SELF = YES;
				CLANG_WARN_OBJC_LITERAL_CONVERSION = YES;
				CLANG_WARN_OBJC_ROOT_CLASS = YES_ERROR;
				CLANG_WARN_QUOTED_INCLUDE_IN_FRAMEWORK_HEADER = YES;
				CLANG_WARN_RANGE_LOOP_ANALYSIS = YES;
				CLANG_WARN_STRICT_PROTOTYPES = YES;
				CLANG_WARN_SUSPICIOUS_MOVE = YES;
				CLANG_WARN_UNGUARDED_AVAILABILITY = YES_AGGRESSIVE;
				CLANG_WARN_UNREACHABLE_CODE = YES;
				CLANG_WARN__DUPLICATE_METHOD_MATCH = YES;
				COPY_PHASE_STRIP = NO;
				DEAD_CODE_STRIPPING = YES;
				DEBUG_INFORMATION_FORMAT = dwarf;
				ENABLE_STRICT_OBJC_MSGSEND = YES;
				ENABLE_TESTABILITY = YES;
				GCC_C_LANGUAGE_STANDARD = gnu11;
				GCC_DYNAMIC_NO_PIC = NO;
				GCC_NO_COMMON_BLOCKS = YES;
				GCC_OPTIMIZATION_LEVEL = 0;
				GCC_PREPROCESSOR_DEFINITIONS = (
					"DEBUG=1",
					"$(inherited)",
				);
				GCC_WARN_64_TO_32_BIT_CONVERSION = YES;
				GCC_WARN_ABOUT_RETURN_TYPE = YES_ERROR;
				GCC_WARN_UNDECLARED_SELECTOR = YES;
				GCC_WARN_UNINITIALIZED_AUTOS = YES_AGGRESSIVE;
				GCC_WARN_UNUSED_FUNCTION = YES;
				GCC_WARN_UNUSED_VARIABLE = YES;
				MACOSX_DEPLOYMENT_TARGET = 11.0;
				MTL_ENABLE_DEBUG_INFO = INCLUDE_SOURCE;
				MTL_FAST_MATH = YES;
				ONLY_ACTIVE_ARCH = YES;
				SDKROOT = macosx;
				SWIFT_ACTIVE_COMPILATION_CONDITIONS = DEBUG;
				SWIFT_OPTIMIZATION_LEVEL = "-Onone";
			};
			name = Debug;
		};
		32F4C97C256D7D3500343BB3 /* Release */ = {
			isa = XCBuildConfiguration;
			buildSettings = {
				ALWAYS_SEARCH_USER_PATHS = NO;
				CLANG_ANALYZER_NONNULL = YES;
				CLANG_ANALYZER_NUMBER_OBJECT_CONVERSION = YES_AGGRESSIVE;
				CLANG_CXX_LANGUAGE_STANDARD = "gnu++14";
				CLANG_CXX_LIBRARY = "libc++";
				CLANG_ENABLE_MODULES = YES;
				CLANG_ENABLE_OBJC_ARC = YES;
				CLANG_ENABLE_OBJC_WEAK = YES;
				CLANG_WARN_BLOCK_CAPTURE_AUTORELEASING = YES;
				CLANG_WARN_BOOL_CONVERSION = YES;
				CLANG_WARN_COMMA = YES;
				CLANG_WARN_CONSTANT_CONVERSION = YES;
				CLANG_WARN_DEPRECATED_OBJC_IMPLEMENTATIONS = YES;
				CLANG_WARN_DIRECT_OBJC_ISA_USAGE = YES_ERROR;
				CLANG_WARN_DOCUMENTATION_COMMENTS = YES;
				CLANG_WARN_EMPTY_BODY = YES;
				CLANG_WARN_ENUM_CONVERSION = YES;
				CLANG_WARN_INFINITE_RECURSION = YES;
				CLANG_WARN_INT_CONVERSION = YES;
				CLANG_WARN_NON_LITERAL_NULL_CONVERSION = YES;
				CLANG_WARN_OBJC_IMPLICIT_RETAIN_SELF = YES;
				CLANG_WARN_OBJC_LITERAL_CONVERSION = YES;
				CLANG_WARN_OBJC_ROOT_CLASS = YES_ERROR;
				CLANG_WARN_QUOTED_INCLUDE_IN_FRAMEWORK_HEADER = YES;
				CLANG_WARN_RANGE_LOOP_ANALYSIS = YES;
				CLANG_WARN_STRICT_PROTOTYPES = YES;
				CLANG_WARN_SUSPICIOUS_MOVE = YES;
				CLANG_WARN_UNGUARDED_AVAILABILITY = YES_AGGRESSIVE;
				CLANG_WARN_UNREACHABLE_CODE = YES;
				CLANG_WARN__DUPLICATE_METHOD_MATCH = YES;
				COPY_PHASE_STRIP = NO;
				DEAD_CODE_STRIPPING = YES;
				DEBUG_INFORMATION_FORMAT = "dwarf-with-dsym";
				ENABLE_HARDENED_RUNTIME = YES;
				ENABLE_NS_ASSERTIONS = NO;
				ENABLE_STRICT_OBJC_MSGSEND = YES;
				GCC_C_LANGUAGE_STANDARD = gnu11;
				GCC_NO_COMMON_BLOCKS = YES;
				GCC_WARN_64_TO_32_BIT_CONVERSION = YES;
				GCC_WARN_ABOUT_RETURN_TYPE = YES_ERROR;
				GCC_WARN_UNDECLARED_SELECTOR = YES;
				GCC_WARN_UNINITIALIZED_AUTOS = YES_AGGRESSIVE;
				GCC_WARN_UNUSED_FUNCTION = YES;
				GCC_WARN_UNUSED_VARIABLE = YES;
				MACOSX_DEPLOYMENT_TARGET = 11.0;
				MTL_ENABLE_DEBUG_INFO = NO;
				MTL_FAST_MATH = YES;
				ONLY_ACTIVE_ARCH = NO;
				SDKROOT = macosx;
				SWIFT_COMPILATION_MODE = wholemodule;
				SWIFT_OPTIMIZATION_LEVEL = "-O";
			};
			name = Release;
		};
		32F4C97E256D7D3500343BB3 /* Debug */ = {
			isa = XCBuildConfiguration;
			buildSettings = {
				ARCHS = "$(ARCHS_STANDARD)";
				ASSETCATALOG_COMPILER_APPICON_NAME = AppIcon;
				ASSETCATALOG_COMPILER_GLOBAL_ACCENT_COLOR_NAME = AccentColor;
				ASSETCATALOG_COMPILER_OPTIMIZATION = "";
				CLANG_WARN_OBJC_IMPLICIT_RETAIN_SELF = NO;
				CLANG_WARN_OBJC_REPEATED_USE_OF_WEAK = NO;
				CODE_SIGN_ENTITLEMENTS = Accord/Accord.entitlements;
				CODE_SIGN_IDENTITY = "Apple Development";
				CODE_SIGN_INJECT_BASE_ENTITLEMENTS = NO;
				CODE_SIGN_STYLE = Automatic;
				COMBINE_HIDPI_IMAGES = YES;
				DEAD_CODE_STRIPPING = YES;
				DEPLOYMENT_POSTPROCESSING = YES;
				DEVELOPMENT_TEAM = VF46MYDSGH;
				DISABLE_MANUAL_TARGET_ORDER_BUILD_WARNING = YES;
				ENABLE_APP_SANDBOX = YES;
				ENABLE_HARDENED_RUNTIME = NO;
				ENABLE_PREVIEWS = YES;
				GCC_OPTIMIZATION_LEVEL = 0;
				GCC_SYMBOLS_PRIVATE_EXTERN = YES;
				INFOPLIST_FILE = "$(SRCROOT)/Accord/Info.plist";
				INFOPLIST_KEY_CFBundleDisplayName = Accord;
				INFOPLIST_KEY_LSApplicationCategoryType = "public.app-category.social-networking";
				KEEP_PRIVATE_EXTERNS = NO;
				LD_QUOTE_LINKER_ARGUMENTS_FOR_COMPILER_DRIVER = YES;
				LD_RUNPATH_SEARCH_PATHS = (
					"$(inherited)",
					"@executable_path/../Frameworks",
				);
				MACOSX_DEPLOYMENT_TARGET = 11.0;
				MARKETING_VERSION = 1.6.1;
				OTHER_LDFLAGS = "";
				OTHER_SWIFT_FLAGS = "";
				PRESERVE_DEAD_CODE_INITS_AND_TERMS = NO;
				PRODUCT_BUNDLE_IDENTIFIER = red.evelyn.accord;
				PRODUCT_NAME = "$(TARGET_NAME)";
				PROVISIONING_PROFILE_SPECIFIER = "";
				STRIP_SWIFT_SYMBOLS = NO;
				SWIFT_COMPILATION_MODE = wholemodule;
				SWIFT_DISABLE_SAFETY_CHECKS = NO;
				SWIFT_ENFORCE_EXCLUSIVE_ACCESS = off;
				SWIFT_TREAT_WARNINGS_AS_ERRORS = NO;
				SWIFT_VERSION = 5.0;
			};
			name = Debug;
		};
		32F4C97F256D7D3500343BB3 /* Release */ = {
			isa = XCBuildConfiguration;
			buildSettings = {
				ARCHS = "$(ARCHS_STANDARD)";
				ASSETCATALOG_COMPILER_APPICON_NAME = AppIcon;
				ASSETCATALOG_COMPILER_GLOBAL_ACCENT_COLOR_NAME = AccentColor;
				ASSETCATALOG_COMPILER_OPTIMIZATION = "";
				CLANG_WARN_OBJC_IMPLICIT_RETAIN_SELF = NO;
				CLANG_WARN_OBJC_REPEATED_USE_OF_WEAK = NO;
				CODE_SIGN_ENTITLEMENTS = Accord/Accord.entitlements;
				CODE_SIGN_IDENTITY = "Apple Development";
				CODE_SIGN_INJECT_BASE_ENTITLEMENTS = YES;
				CODE_SIGN_STYLE = Automatic;
				COMBINE_HIDPI_IMAGES = YES;
				COPY_PHASE_STRIP = YES;
				DEAD_CODE_STRIPPING = YES;
				DEPLOYMENT_POSTPROCESSING = YES;
				DEVELOPMENT_TEAM = VF46MYDSGH;
				DISABLE_MANUAL_TARGET_ORDER_BUILD_WARNING = YES;
				ENABLE_APP_SANDBOX = YES;
				ENABLE_HARDENED_RUNTIME = YES;
				ENABLE_PREVIEWS = YES;
				GCC_OPTIMIZATION_LEVEL = fast;
				INFOPLIST_FILE = "$(SRCROOT)/Accord/Info.plist";
				INFOPLIST_KEY_CFBundleDisplayName = Accord;
				INFOPLIST_KEY_LSApplicationCategoryType = "public.app-category.social-networking";
				KEEP_PRIVATE_EXTERNS = NO;
				LD_QUOTE_LINKER_ARGUMENTS_FOR_COMPILER_DRIVER = YES;
				LD_RUNPATH_SEARCH_PATHS = (
					"$(inherited)",
					"@executable_path/../Frameworks",
				);
				MACOSX_DEPLOYMENT_TARGET = 11.0;
				MARKETING_VERSION = 1.6.1;
				OTHER_LDFLAGS = "";
				OTHER_SWIFT_FLAGS = "";
				PRESERVE_DEAD_CODE_INITS_AND_TERMS = NO;
				PRODUCT_BUNDLE_IDENTIFIER = red.evelyn.accord;
				PRODUCT_NAME = "$(TARGET_NAME)";
				PROVISIONING_PROFILE_SPECIFIER = "";
				SWIFT_DISABLE_SAFETY_CHECKS = YES;
				SWIFT_ENFORCE_EXCLUSIVE_ACCESS = "debug-only";
				SWIFT_TREAT_WARNINGS_AS_ERRORS = YES;
				SWIFT_VERSION = 5.0;
			};
			name = Release;
		};
/* End XCBuildConfiguration section */

/* Begin XCConfigurationList section */
		32F4C952256D7D3300343BB3 /* Build configuration list for PBXProject "Accord" */ = {
			isa = XCConfigurationList;
			buildConfigurations = (
				32F4C97B256D7D3500343BB3 /* Debug */,
				32F4C97C256D7D3500343BB3 /* Release */,
			);
			defaultConfigurationIsVisible = 0;
			defaultConfigurationName = Release;
		};
		32F4C97D256D7D3500343BB3 /* Build configuration list for PBXNativeTarget "Accord" */ = {
			isa = XCConfigurationList;
			buildConfigurations = (
				32F4C97E256D7D3500343BB3 /* Debug */,
				32F4C97F256D7D3500343BB3 /* Release */,
			);
			defaultConfigurationIsVisible = 0;
			defaultConfigurationName = Release;
		};
/* End XCConfigurationList section */
	};
	rootObject = 32F4C94F256D7D3300343BB3 /* Project object */;
}
